# This is a Gradle generated file for dependency locking.
# Manual edits can break the build and are not advised.
# This file is expected to be part of source control.
cafe.cryptography:curve25519-elisabeth:0.1.0=buildTimeInstrumentationPlugin,jetty11LatestDepTestRuntimeClasspath,jetty11TestRuntimeClasspath,jetty9LatestDepTestRuntimeClasspath,jetty9TestRuntimeClasspath,latestDepTestRuntimeClasspath,muzzleTooling,runtimeClasspath,testRuntimeClasspath
cafe.cryptography:ed25519-elisabeth:0.1.0=buildTimeInstrumentationPlugin,jetty11LatestDepTestRuntimeClasspath,jetty11TestRuntimeClasspath,jetty9LatestDepTestRuntimeClasspath,jetty9TestRuntimeClasspath,latestDepTestRuntimeClasspath,muzzleTooling,runtimeClasspath,testRuntimeClasspath
ch.qos.logback:logback-classic:1.2.13=jetty11LatestDepTestCompileClasspath,jetty11LatestDepTestRuntimeClasspath,jetty11TestCompileClasspath,jetty11TestRuntimeClasspath,jetty9LatestDepTestCompileClasspath,jetty9LatestDepTestRuntimeClasspath,jetty9TestCompileClasspath,jetty9TestRuntimeClasspath,latestDepTestCompileClasspath,latestDepTestRuntimeClasspath,testCompileClasspath,testRuntimeClasspath
ch.qos.logback:logback-core:1.2.13=jetty11LatestDepTestCompileClasspath,jetty11LatestDepTestRuntimeClasspath,jetty11TestCompileClasspath,jetty11TestRuntimeClasspath,jetty9LatestDepTestCompileClasspath,jetty9LatestDepTestRuntimeClasspath,jetty9TestCompileClasspath,jetty9TestRuntimeClasspath,latestDepTestCompileClasspath,latestDepTestRuntimeClasspath,testCompileClasspath,testRuntimeClasspath
com.aayushatharva.brotli4j:brotli4j:1.12.0=jetty11TestRuntimeClasspath,jetty9TestRuntimeClasspath
com.aayushatharva.brotli4j:brotli4j:1.20.0=jetty11LatestDepTestRuntimeClasspath,jetty9LatestDepTestRuntimeClasspath
com.aayushatharva.brotli4j:service:1.12.0=jetty11TestRuntimeClasspath,jetty9TestRuntimeClasspath
com.aayushatharva.brotli4j:service:1.20.0=jetty11LatestDepTestRuntimeClasspath,jetty9LatestDepTestRuntimeClasspath
com.blogspot.mydailyjava:weak-lock-free:0.17=buildTimeInstrumentationPlugin,compileClasspath,jetty11LatestDepTestCompileClasspath,jetty11LatestDepTestRuntimeClasspath,jetty11TestCompileClasspath,jetty11TestRuntimeClasspath,jetty9LatestDepTestCompileClasspath,jetty9LatestDepTestRuntimeClasspath,jetty9TestCompileClasspath,jetty9TestRuntimeClasspath,latestDepTestCompileClasspath,latestDepTestRuntimeClasspath,muzzleTooling,runtimeClasspath,testCompileClasspath,testRuntimeClasspath
com.datadoghq.okhttp3:okhttp:3.12.15=buildTimeInstrumentationPlugin,compileClasspath,jetty11LatestDepTestCompileClasspath,jetty11LatestDepTestRuntimeClasspath,jetty11TestCompileClasspath,jetty11TestRuntimeClasspath,jetty9LatestDepTestCompileClasspath,jetty9LatestDepTestRuntimeClasspath,jetty9TestCompileClasspath,jetty9TestRuntimeClasspath,latestDepTestCompileClasspath,latestDepTestRuntimeClasspath,muzzleTooling,runtimeClasspath,testCompileClasspath,testRuntimeClasspath
com.datadoghq.okio:okio:1.17.6=buildTimeInstrumentationPlugin,compileClasspath,jetty11LatestDepTestCompileClasspath,jetty11LatestDepTestRuntimeClasspath,jetty11TestCompileClasspath,jetty11TestRuntimeClasspath,jetty9LatestDepTestCompileClasspath,jetty9LatestDepTestRuntimeClasspath,jetty9TestCompileClasspath,jetty9TestRuntimeClasspath,latestDepTestCompileClasspath,latestDepTestRuntimeClasspath,muzzleTooling,runtimeClasspath,testCompileClasspath,testRuntimeClasspath
com.datadoghq:dd-instrument-java:0.0.3=buildTimeInstrumentationPlugin,compileClasspath,jetty11LatestDepTestCompileClasspath,jetty11LatestDepTestRuntimeClasspath,jetty11TestCompileClasspath,jetty11TestRuntimeClasspath,jetty9LatestDepTestCompileClasspath,jetty9LatestDepTestRuntimeClasspath,jetty9TestCompileClasspath,jetty9TestRuntimeClasspath,latestDepTestCompileClasspath,latestDepTestRuntimeClasspath,muzzleBootstrap,muzzleTooling,runtimeClasspath,testCompileClasspath,testRuntimeClasspath
com.datadoghq:dd-javac-plugin-client:0.2.2=buildTimeInstrumentationPlugin,compileClasspath,jetty11LatestDepTestCompileClasspath,jetty11LatestDepTestRuntimeClasspath,jetty11TestCompileClasspath,jetty11TestRuntimeClasspath,jetty9LatestDepTestCompileClasspath,jetty9LatestDepTestRuntimeClasspath,jetty9TestCompileClasspath,jetty9TestRuntimeClasspath,latestDepTestCompileClasspath,latestDepTestRuntimeClasspath,muzzleBootstrap,muzzleTooling,runtimeClasspath,testCompileClasspath,testRuntimeClasspath
com.datadoghq:java-dogstatsd-client:4.4.3=buildTimeInstrumentationPlugin,jetty11LatestDepTestRuntimeClasspath,jetty11TestRuntimeClasspath,jetty9LatestDepTestRuntimeClasspath,jetty9TestRuntimeClasspath,latestDepTestRuntimeClasspath,muzzleTooling,runtimeClasspath,testRuntimeClasspath
com.datadoghq:sketches-java:0.8.3=buildTimeInstrumentationPlugin,jetty11LatestDepTestRuntimeClasspath,jetty11TestRuntimeClasspath,jetty9LatestDepTestRuntimeClasspath,jetty9TestRuntimeClasspath,latestDepTestRuntimeClasspath,muzzleTooling,runtimeClasspath,testRuntimeClasspath
com.fasterxml.jackson.core:jackson-annotations:2.15.2=compileClasspath,jetty11TestCompileClasspath,jetty11TestRuntimeClasspath,jetty9TestCompileClasspath,jetty9TestRuntimeClasspath
com.fasterxml.jackson.core:jackson-annotations:2.20=jetty11LatestDepTestCompileClasspath,jetty11LatestDepTestRuntimeClasspath,jetty9LatestDepTestCompileClasspath,jetty9LatestDepTestRuntimeClasspath
com.fasterxml.jackson.core:jackson-core:2.15.2=compileClasspath,jetty11TestCompileClasspath,jetty11TestRuntimeClasspath,jetty9TestCompileClasspath,jetty9TestRuntimeClasspath
com.fasterxml.jackson.core:jackson-core:2.20.1=jetty11LatestDepTestCompileClasspath,jetty11LatestDepTestRuntimeClasspath,jetty9LatestDepTestCompileClasspath,jetty9LatestDepTestRuntimeClasspath
com.fasterxml.jackson.core:jackson-databind:2.15.2=compileClasspath,jetty11TestCompileClasspath,jetty11TestRuntimeClasspath,jetty9TestCompileClasspath,jetty9TestRuntimeClasspath
com.fasterxml.jackson.core:jackson-databind:2.20.1=jetty11LatestDepTestCompileClasspath,jetty11LatestDepTestRuntimeClasspath,jetty9LatestDepTestCompileClasspath,jetty9LatestDepTestRuntimeClasspath
com.fasterxml.jackson.datatype:jackson-datatype-jdk8:2.15.2=compileClasspath,jetty11TestCompileClasspath,jetty11TestRuntimeClasspath,jetty9TestCompileClasspath,jetty9TestRuntimeClasspath
com.fasterxml.jackson.datatype:jackson-datatype-jdk8:2.20.1=jetty11LatestDepTestCompileClasspath,jetty11LatestDepTestRuntimeClasspath,jetty9LatestDepTestCompileClasspath,jetty9LatestDepTestRuntimeClasspath
com.fasterxml.jackson.datatype:jackson-datatype-jsr310:2.15.2=compileClasspath,jetty11TestCompileClasspath,jetty11TestRuntimeClasspath,jetty9TestCompileClasspath,jetty9TestRuntimeClasspath
com.fasterxml.jackson.datatype:jackson-datatype-jsr310:2.20.1=jetty11LatestDepTestCompileClasspath,jetty11LatestDepTestRuntimeClasspath,jetty9LatestDepTestCompileClasspath,jetty9LatestDepTestRuntimeClasspath
com.fasterxml.jackson:jackson-bom:2.15.2=compileClasspath,jetty11TestCompileClasspath,jetty11TestRuntimeClasspath,jetty9TestCompileClasspath,jetty9TestRuntimeClasspath
com.fasterxml.jackson:jackson-bom:2.20.1=jetty11LatestDepTestCompileClasspath,jetty11LatestDepTestRuntimeClasspath,jetty9LatestDepTestCompileClasspath,jetty9LatestDepTestRuntimeClasspath
com.github.javaparser:javaparser-core:3.25.6=codenarc
com.github.jnr:jffi:1.3.13=buildTimeInstrumentationPlugin,jetty11LatestDepTestRuntimeClasspath,jetty11TestRuntimeClasspath,jetty9LatestDepTestRuntimeClasspath,jetty9TestRuntimeClasspath,latestDepTestRuntimeClasspath,muzzleTooling,runtimeClasspath,testRuntimeClasspath
com.github.jnr:jnr-a64asm:1.0.0=buildTimeInstrumentationPlugin,jetty11LatestDepTestRuntimeClasspath,jetty11TestRuntimeClasspath,jetty9LatestDepTestRuntimeClasspath,jetty9TestRuntimeClasspath,latestDepTestRuntimeClasspath,muzzleTooling,runtimeClasspath,testRuntimeClasspath
com.github.jnr:jnr-constants:0.10.4=buildTimeInstrumentationPlugin,jetty11LatestDepTestRuntimeClasspath,jetty11TestRuntimeClasspath,jetty9LatestDepTestRuntimeClasspath,jetty9TestRuntimeClasspath,latestDepTestRuntimeClasspath,muzzleTooling,runtimeClasspath,testRuntimeClasspath
com.github.jnr:jnr-enxio:0.32.17=buildTimeInstrumentationPlugin,jetty11LatestDepTestRuntimeClasspath,jetty11TestRuntimeClasspath,jetty9LatestDepTestRuntimeClasspath,jetty9TestRuntimeClasspath,latestDepTestRuntimeClasspath,muzzleTooling,runtimeClasspath,testRuntimeClasspath
com.github.jnr:jnr-ffi:2.2.16=buildTimeInstrumentationPlugin,jetty11LatestDepTestRuntimeClasspath,jetty11TestRuntimeClasspath,jetty9LatestDepTestRuntimeClasspath,jetty9TestRuntimeClasspath,latestDepTestRuntimeClasspath,muzzleTooling,runtimeClasspath,testRuntimeClasspath
com.github.jnr:jnr-posix:3.1.19=buildTimeInstrumentationPlugin,jetty11LatestDepTestRuntimeClasspath,jetty11TestRuntimeClasspath,jetty9LatestDepTestRuntimeClasspath,jetty9TestRuntimeClasspath,latestDepTestRuntimeClasspath,muzzleTooling,runtimeClasspath,testRuntimeClasspath
com.github.jnr:jnr-unixsocket:0.38.22=buildTimeInstrumentationPlugin,jetty11LatestDepTestRuntimeClasspath,jetty11TestRuntimeClasspath,jetty9LatestDepTestRuntimeClasspath,jetty9TestRuntimeClasspath,latestDepTestRuntimeClasspath,muzzleTooling,runtimeClasspath,testRuntimeClasspath
com.github.jnr:jnr-x86asm:1.0.2=buildTimeInstrumentationPlugin,jetty11LatestDepTestRuntimeClasspath,jetty11TestRuntimeClasspath,jetty9LatestDepTestRuntimeClasspath,jetty9TestRuntimeClasspath,latestDepTestRuntimeClasspath,muzzleTooling,runtimeClasspath,testRuntimeClasspath
com.github.spotbugs:spotbugs-annotations:4.9.8=compileClasspath,jetty11LatestDepTestCompileClasspath,jetty11LatestDepTestRuntimeClasspath,jetty11TestCompileClasspath,jetty11TestRuntimeClasspath,jetty9LatestDepTestCompileClasspath,jetty9LatestDepTestRuntimeClasspath,jetty9TestCompileClasspath,jetty9TestRuntimeClasspath,latestDepTestCompileClasspath,latestDepTestRuntimeClasspath,spotbugs,testCompileClasspath,testRuntimeClasspath
com.github.spotbugs:spotbugs:4.9.8=spotbugs
com.github.stephenc.jcip:jcip-annotations:1.0-1=spotbugs
com.google.auto.service:auto-service-annotations:1.1.1=annotationProcessor,compileClasspath,jetty11LatestDepTestAnnotationProcessor,jetty11LatestDepTestCompileClasspath,jetty11TestAnnotationProcessor,jetty11TestCompileClasspath,jetty9LatestDepTestAnnotationProcessor,jetty9LatestDepTestCompileClasspath,jetty9TestAnnotationProcessor,jetty9TestCompileClasspath,latestDepTestAnnotationProcessor,latestDepTestCompileClasspath,testAnnotationProcessor,testCompileClasspath
com.google.auto.service:auto-service:1.1.1=annotationProcessor,jetty11LatestDepTestAnnotationProcessor,jetty11TestAnnotationProcessor,jetty9LatestDepTestAnnotationProcessor,jetty9TestAnnotationProcessor,latestDepTestAnnotationProcessor,testAnnotationProcessor
com.google.auto:auto-common:1.2.1=annotationProcessor,jetty11LatestDepTestAnnotationProcessor,jetty11TestAnnotationProcessor,jetty9LatestDepTestAnnotationProcessor,jetty9TestAnnotationProcessor,latestDepTestAnnotationProcessor,testAnnotationProcessor
com.google.code.findbugs:jsr305:3.0.2=annotationProcessor,compileClasspath,jetty11LatestDepTestAnnotationProcessor,jetty11LatestDepTestCompileClasspath,jetty11LatestDepTestRuntimeClasspath,jetty11TestAnnotationProcessor,jetty11TestCompileClasspath,jetty11TestRuntimeClasspath,jetty9LatestDepTestAnnotationProcessor,jetty9LatestDepTestCompileClasspath,jetty9LatestDepTestRuntimeClasspath,jetty9TestAnnotationProcessor,jetty9TestCompileClasspath,jetty9TestRuntimeClasspath,latestDepTestAnnotationProcessor,latestDepTestCompileClasspath,latestDepTestRuntimeClasspath,spotbugs,testAnnotationProcessor,testCompileClasspath,testRuntimeClasspath
com.google.code.gson:gson:2.13.2=spotbugs
com.google.errorprone:error_prone_annotations:2.18.0=annotationProcessor,jetty11LatestDepTestAnnotationProcessor,jetty11TestAnnotationProcessor,jetty9LatestDepTestAnnotationProcessor,jetty9TestAnnotationProcessor,latestDepTestAnnotationProcessor,testAnnotationProcessor
com.google.errorprone:error_prone_annotations:2.41.0=spotbugs
com.google.guava:failureaccess:1.0.1=annotationProcessor,jetty11LatestDepTestAnnotationProcessor,jetty11TestAnnotationProcessor,jetty9LatestDepTestAnnotationProcessor,jetty9TestAnnotationProcessor,latestDepTestAnnotationProcessor,testAnnotationProcessor
com.google.guava:guava:20.0=jetty11LatestDepTestCompileClasspath,jetty11LatestDepTestRuntimeClasspath,jetty11TestCompileClasspath,jetty11TestRuntimeClasspath,jetty9LatestDepTestCompileClasspath,jetty9LatestDepTestRuntimeClasspath,jetty9TestCompileClasspath,jetty9TestRuntimeClasspath,latestDepTestCompileClasspath,latestDepTestRuntimeClasspath,testCompileClasspath,testRuntimeClasspath
com.google.guava:guava:32.0.1-jre=annotationProcessor,jetty11LatestDepTestAnnotationProcessor,jetty11TestAnnotationProcessor,jetty9LatestDepTestAnnotationProcessor,jetty9TestAnnotationProcessor,latestDepTestAnnotationProcessor,testAnnotationProcessor
com.google.guava:listenablefuture:9999.0-empty-to-avoid-conflict-with-guava=annotationProcessor,jetty11LatestDepTestAnnotationProcessor,jetty11TestAnnotationProcessor,jetty9LatestDepTestAnnotationProcessor,jetty9TestAnnotationProcessor,latestDepTestAnnotationProcessor,testAnnotationProcessor
com.google.j2objc:j2objc-annotations:2.8=annotationProcessor,jetty11LatestDepTestAnnotationProcessor,jetty11TestAnnotationProcessor,jetty9LatestDepTestAnnotationProcessor,jetty9TestAnnotationProcessor,latestDepTestAnnotationProcessor,testAnnotationProcessor
com.google.re2j:re2j:1.7=buildTimeInstrumentationPlugin,jetty11LatestDepTestRuntimeClasspath,jetty11TestRuntimeClasspath,jetty9LatestDepTestRuntimeClasspath,jetty9TestRuntimeClasspath,latestDepTestRuntimeClasspath,muzzleTooling,runtimeClasspath,testRuntimeClasspath
com.linecorp.armeria:armeria-jetty11:1.24.0=jetty11TestCompileClasspath,jetty11TestRuntimeClasspath
com.linecorp.armeria:armeria-jetty11:1.35.0=jetty11LatestDepTestCompileClasspath,jetty11LatestDepTestRuntimeClasspath
com.linecorp.armeria:armeria-jetty9:1.24.0=compileClasspath,jetty9TestCompileClasspath,jetty9TestRuntimeClasspath
com.linecorp.armeria:armeria-jetty9:1.35.0=jetty9LatestDepTestCompileClasspath,jetty9LatestDepTestRuntimeClasspath
com.linecorp.armeria:armeria:1.24.0=compileClasspath,jetty11TestCompileClasspath,jetty11TestRuntimeClasspath,jetty9TestCompileClasspath,jetty9TestRuntimeClasspath
com.linecorp.armeria:armeria:1.35.0=jetty11LatestDepTestCompileClasspath,jetty11LatestDepTestRuntimeClasspath,jetty9LatestDepTestCompileClasspath,jetty9LatestDepTestRuntimeClasspath
com.squareup.moshi:moshi:1.11.0=buildTimeInstrumentationPlugin,compileClasspath,jetty11LatestDepTestCompileClasspath,jetty11LatestDepTestRuntimeClasspath,jetty11TestCompileClasspath,jetty11TestRuntimeClasspath,jetty9LatestDepTestCompileClasspath,jetty9LatestDepTestRuntimeClasspath,jetty9TestCompileClasspath,jetty9TestRuntimeClasspath,latestDepTestCompileClasspath,latestDepTestRuntimeClasspath,muzzleTooling,runtimeClasspath,testCompileClasspath,testRuntimeClasspath
com.squareup.okhttp3:logging-interceptor:3.12.12=jetty11LatestDepTestCompileClasspath,jetty11LatestDepTestRuntimeClasspath,jetty11TestCompileClasspath,jetty11TestRuntimeClasspath,jetty9LatestDepTestCompileClasspath,jetty9LatestDepTestRuntimeClasspath,jetty9TestCompileClasspath,jetty9TestRuntimeClasspath,latestDepTestCompileClasspath,latestDepTestRuntimeClasspath,testCompileClasspath,testRuntimeClasspath
com.squareup.okhttp3:okhttp:3.12.12=jetty11LatestDepTestCompileClasspath,jetty11LatestDepTestRuntimeClasspath,jetty11TestCompileClasspath,jetty11TestRuntimeClasspath,jetty9LatestDepTestCompileClasspath,jetty9LatestDepTestRuntimeClasspath,jetty9TestCompileClasspath,jetty9TestRuntimeClasspath,latestDepTestCompileClasspath,latestDepTestRuntimeClasspath,testCompileClasspath,testRuntimeClasspath
com.squareup.okio:okio:1.17.5=buildTimeInstrumentationPlugin,compileClasspath,jetty11LatestDepTestCompileClasspath,jetty11LatestDepTestRuntimeClasspath,jetty11TestCompileClasspath,jetty11TestRuntimeClasspath,jetty9LatestDepTestCompileClasspath,jetty9LatestDepTestRuntimeClasspath,jetty9TestCompileClasspath,jetty9TestRuntimeClasspath,latestDepTestCompileClasspath,latestDepTestRuntimeClasspath,muzzleTooling,runtimeClasspath,testCompileClasspath,testRuntimeClasspath
com.thoughtworks.qdox:qdox:1.12.1=codenarc
commons-fileupload:commons-fileupload:1.5=jetty11LatestDepTestCompileClasspath,jetty11LatestDepTestRuntimeClasspath,jetty11TestCompileClasspath,jetty11TestRuntimeClasspath,jetty9LatestDepTestCompileClasspath,jetty9LatestDepTestRuntimeClasspath,jetty9TestCompileClasspath,jetty9TestRuntimeClasspath,latestDepTestCompileClasspath,latestDepTestRuntimeClasspath,testCompileClasspath,testRuntimeClasspath
commons-io:commons-io:2.11.0=jetty11LatestDepTestCompileClasspath,jetty11LatestDepTestRuntimeClasspath,jetty11TestCompileClasspath,jetty11TestRuntimeClasspath,jetty9LatestDepTestCompileClasspath,jetty9LatestDepTestRuntimeClasspath,jetty9TestCompileClasspath,jetty9TestRuntimeClasspath,latestDepTestCompileClasspath,latestDepTestRuntimeClasspath,testCompileClasspath,testRuntimeClasspath
commons-io:commons-io:2.20.0=spotbugs
de.thetaphi:forbiddenapis:3.10=compileClasspath
io.leangen.geantyref:geantyref:1.3.16=jetty11LatestDepTestRuntimeClasspath,jetty11TestRuntimeClasspath,jetty9LatestDepTestRuntimeClasspath,jetty9TestRuntimeClasspath,latestDepTestRuntimeClasspath,testRuntimeClasspath
io.micrometer:context-propagation:1.2.0=jetty11LatestDepTestCompileClasspath,jetty11LatestDepTestRuntimeClasspath,jetty9LatestDepTestCompileClasspath,jetty9LatestDepTestRuntimeClasspath
io.micrometer:micrometer-commons:1.11.1=compileClasspath,jetty11TestCompileClasspath,jetty11TestRuntimeClasspath,jetty9TestCompileClasspath,jetty9TestRuntimeClasspath
io.micrometer:micrometer-commons:1.16.1=jetty11LatestDepTestCompileClasspath,jetty11LatestDepTestRuntimeClasspath,jetty9LatestDepTestCompileClasspath,jetty9LatestDepTestRuntimeClasspath
io.micrometer:micrometer-core:1.11.1=compileClasspath,jetty11TestCompileClasspath,jetty11TestRuntimeClasspath,jetty9TestCompileClasspath,jetty9TestRuntimeClasspath
io.micrometer:micrometer-core:1.16.1=jetty11LatestDepTestCompileClasspath,jetty11LatestDepTestRuntimeClasspath,jetty9LatestDepTestCompileClasspath,jetty9LatestDepTestRuntimeClasspath
io.micrometer:micrometer-observation:1.11.1=compileClasspath,jetty11TestCompileClasspath,jetty11TestRuntimeClasspath,jetty9TestCompileClasspath,jetty9TestRuntimeClasspath
io.micrometer:micrometer-observation:1.16.1=jetty11LatestDepTestCompileClasspath,jetty11LatestDepTestRuntimeClasspath,jetty9LatestDepTestCompileClasspath,jetty9LatestDepTestRuntimeClasspath
io.netty:netty-buffer:4.1.93.Final=compileClasspath,jetty11TestCompileClasspath,jetty11TestRuntimeClasspath,jetty9TestCompileClasspath,jetty9TestRuntimeClasspath
io.netty:netty-buffer:4.2.7.Final=jetty11LatestDepTestCompileClasspath,jetty11LatestDepTestRuntimeClasspath,jetty9LatestDepTestCompileClasspath,jetty9LatestDepTestRuntimeClasspath
io.netty:netty-codec-base:4.2.7.Final=jetty11LatestDepTestCompileClasspath,jetty11LatestDepTestRuntimeClasspath,jetty9LatestDepTestCompileClasspath,jetty9LatestDepTestRuntimeClasspath
io.netty:netty-codec-compression:4.2.7.Final=jetty11LatestDepTestCompileClasspath,jetty11LatestDepTestRuntimeClasspath,jetty9LatestDepTestCompileClasspath,jetty9LatestDepTestRuntimeClasspath
io.netty:netty-codec-dns:4.1.93.Final=compileClasspath,jetty11TestCompileClasspath,jetty11TestRuntimeClasspath,jetty9TestCompileClasspath,jetty9TestRuntimeClasspath
io.netty:netty-codec-dns:4.2.7.Final=jetty11LatestDepTestCompileClasspath,jetty11LatestDepTestRuntimeClasspath,jetty9LatestDepTestCompileClasspath,jetty9LatestDepTestRuntimeClasspath
io.netty:netty-codec-haproxy:4.1.93.Final=compileClasspath,jetty11TestCompileClasspath,jetty11TestRuntimeClasspath,jetty9TestCompileClasspath,jetty9TestRuntimeClasspath
io.netty:netty-codec-haproxy:4.2.7.Final=jetty11LatestDepTestCompileClasspath,jetty11LatestDepTestRuntimeClasspath,jetty9LatestDepTestCompileClasspath,jetty9LatestDepTestRuntimeClasspath
io.netty:netty-codec-http2:4.1.93.Final=compileClasspath,jetty11TestCompileClasspath,jetty11TestRuntimeClasspath,jetty9TestCompileClasspath,jetty9TestRuntimeClasspath
io.netty:netty-codec-http2:4.2.7.Final=jetty11LatestDepTestCompileClasspath,jetty11LatestDepTestRuntimeClasspath,jetty9LatestDepTestCompileClasspath,jetty9LatestDepTestRuntimeClasspath
io.netty:netty-codec-http:4.1.93.Final=compileClasspath,jetty11TestCompileClasspath,jetty11TestRuntimeClasspath,jetty9TestCompileClasspath,jetty9TestRuntimeClasspath
io.netty:netty-codec-http:4.2.7.Final=jetty11LatestDepTestCompileClasspath,jetty11LatestDepTestRuntimeClasspath,jetty9LatestDepTestCompileClasspath,jetty9LatestDepTestRuntimeClasspath
io.netty:netty-codec-socks:4.1.93.Final=jetty11TestRuntimeClasspath,jetty9TestRuntimeClasspath
io.netty:netty-codec-socks:4.2.7.Final=jetty11LatestDepTestRuntimeClasspath,jetty9LatestDepTestRuntimeClasspath
io.netty:netty-codec:4.1.93.Final=compileClasspath,jetty11TestCompileClasspath,jetty11TestRuntimeClasspath,jetty9TestCompileClasspath,jetty9TestRuntimeClasspath
io.netty:netty-common:4.1.93.Final=compileClasspath,jetty11TestCompileClasspath,jetty11TestRuntimeClasspath,jetty9TestCompileClasspath,jetty9TestRuntimeClasspath
io.netty:netty-common:4.2.7.Final=jetty11LatestDepTestCompileClasspath,jetty11LatestDepTestRuntimeClasspath,jetty9LatestDepTestCompileClasspath,jetty9LatestDepTestRuntimeClasspath
io.netty:netty-handler-proxy:4.1.93.Final=jetty11TestRuntimeClasspath,jetty9TestRuntimeClasspath
io.netty:netty-handler-proxy:4.2.7.Final=jetty11LatestDepTestRuntimeClasspath,jetty9LatestDepTestRuntimeClasspath
io.netty:netty-handler:4.1.93.Final=compileClasspath,jetty11TestCompileClasspath,jetty11TestRuntimeClasspath,jetty9TestCompileClasspath,jetty9TestRuntimeClasspath
io.netty:netty-handler:4.2.7.Final=jetty11LatestDepTestCompileClasspath,jetty11LatestDepTestRuntimeClasspath,jetty9LatestDepTestCompileClasspath,jetty9LatestDepTestRuntimeClasspath
io.netty:netty-resolver-dns-classes-macos:4.1.93.Final=jetty11TestRuntimeClasspath,jetty9TestRuntimeClasspath
io.netty:netty-resolver-dns-classes-macos:4.2.7.Final=jetty11LatestDepTestRuntimeClasspath,jetty9LatestDepTestRuntimeClasspath
io.netty:netty-resolver-dns-native-macos:4.1.93.Final=jetty11TestRuntimeClasspath,jetty9TestRuntimeClasspath
io.netty:netty-resolver-dns-native-macos:4.2.7.Final=jetty11LatestDepTestRuntimeClasspath,jetty9LatestDepTestRuntimeClasspath
io.netty:netty-resolver-dns:4.1.93.Final=compileClasspath,jetty11TestCompileClasspath,jetty11TestRuntimeClasspath,jetty9TestCompileClasspath,jetty9TestRuntimeClasspath
io.netty:netty-resolver-dns:4.2.7.Final=jetty11LatestDepTestCompileClasspath,jetty11LatestDepTestRuntimeClasspath,jetty9LatestDepTestCompileClasspath,jetty9LatestDepTestRuntimeClasspath
io.netty:netty-resolver:4.1.93.Final=compileClasspath,jetty11TestCompileClasspath,jetty11TestRuntimeClasspath,jetty9TestCompileClasspath,jetty9TestRuntimeClasspath
io.netty:netty-resolver:4.2.7.Final=jetty11LatestDepTestCompileClasspath,jetty11LatestDepTestRuntimeClasspath,jetty9LatestDepTestCompileClasspath,jetty9LatestDepTestRuntimeClasspath
io.netty:netty-tcnative-boringssl-static:2.0.61.Final=jetty11TestRuntimeClasspath,jetty9TestRuntimeClasspath
io.netty:netty-tcnative-boringssl-static:2.0.74.Final=jetty11LatestDepTestRuntimeClasspath,jetty9LatestDepTestRuntimeClasspath
io.netty:netty-tcnative-classes:2.0.61.Final=jetty11TestRuntimeClasspath,jetty9TestRuntimeClasspath
io.netty:netty-tcnative-classes:2.0.74.Final=jetty11LatestDepTestRuntimeClasspath,jetty9LatestDepTestRuntimeClasspath
io.netty:netty-transport-classes-epoll:4.1.93.Final=jetty11TestRuntimeClasspath,jetty9TestRuntimeClasspath
io.netty:netty-transport-classes-epoll:4.2.7.Final=jetty11LatestDepTestRuntimeClasspath,jetty9LatestDepTestRuntimeClasspath
io.netty:netty-transport-classes-kqueue:4.1.93.Final=jetty11TestRuntimeClasspath,jetty9TestRuntimeClasspath
io.netty:netty-transport-classes-kqueue:4.2.7.Final=jetty11LatestDepTestRuntimeClasspath,jetty9LatestDepTestRuntimeClasspath
io.netty:netty-transport-native-epoll:4.1.93.Final=jetty11TestRuntimeClasspath,jetty9TestRuntimeClasspath
io.netty:netty-transport-native-epoll:4.2.7.Final=jetty11LatestDepTestRuntimeClasspath,jetty9LatestDepTestRuntimeClasspath
io.netty:netty-transport-native-kqueue:4.1.93.Final=jetty11TestRuntimeClasspath,jetty9TestRuntimeClasspath
io.netty:netty-transport-native-kqueue:4.2.7.Final=jetty11LatestDepTestRuntimeClasspath,jetty9LatestDepTestRuntimeClasspath
io.netty:netty-transport-native-unix-common:4.1.93.Final=compileClasspath,jetty11TestCompileClasspath,jetty11TestRuntimeClasspath,jetty9TestCompileClasspath,jetty9TestRuntimeClasspath
io.netty:netty-transport-native-unix-common:4.2.7.Final=jetty11LatestDepTestCompileClasspath,jetty11LatestDepTestRuntimeClasspath,jetty9LatestDepTestCompileClasspath,jetty9LatestDepTestRuntimeClasspath
io.netty:netty-transport:4.1.93.Final=compileClasspath,jetty11TestCompileClasspath,jetty11TestRuntimeClasspath,jetty9TestCompileClasspath,jetty9TestRuntimeClasspath
io.netty:netty-transport:4.2.7.Final=jetty11LatestDepTestCompileClasspath,jetty11LatestDepTestRuntimeClasspath,jetty9LatestDepTestCompileClasspath,jetty9LatestDepTestRuntimeClasspath
io.sqreen:libsqreen:17.3.0=jetty11LatestDepTestRuntimeClasspath,jetty11TestRuntimeClasspath,jetty9LatestDepTestRuntimeClasspath,jetty9TestRuntimeClasspath,latestDepTestRuntimeClasspath,testRuntimeClasspath
jakarta.websocket:jakarta.websocket-client-api:2.0.0=jetty11LatestDepTestRuntimeClasspath,jetty11TestRuntimeClasspath,jetty9LatestDepTestRuntimeClasspath,jetty9TestRuntimeClasspath,latestDepTestRuntimeClasspath,testRuntimeClasspath
javax.servlet:javax.servlet-api:3.1.0=compileClasspath,jetty11LatestDepTestCompileClasspath,jetty11LatestDepTestRuntimeClasspath,jetty11TestCompileClasspath,jetty11TestRuntimeClasspath,jetty9LatestDepTestCompileClasspath,jetty9LatestDepTestRuntimeClasspath,jetty9TestCompileClasspath,jetty9TestRuntimeClasspath,latestDepTestCompileClasspath,latestDepTestRuntimeClasspath,testCompileClasspath,testRuntimeClasspath
javax.websocket:javax.websocket-api:1.0=jetty11LatestDepTestRuntimeClasspath,jetty11TestRuntimeClasspath,jetty9LatestDepTestRuntimeClasspath,jetty9TestRuntimeClasspath,latestDepTestRuntimeClasspath,testRuntimeClasspath
jaxen:jaxen:2.0.0=spotbugs
junit:junit:4.13.2=jetty11LatestDepTestRuntimeClasspath,jetty11TestRuntimeClasspath,jetty9LatestDepTestRuntimeClasspath,jetty9TestRuntimeClasspath,latestDepTestRuntimeClasspath,testRuntimeClasspath
net.bytebuddy:byte-buddy-agent:1.18.3=buildTimeInstrumentationPlugin,compileClasspath,jetty11LatestDepTestCompileClasspath,jetty11LatestDepTestRuntimeClasspath,jetty11TestCompileClasspath,jetty11TestRuntimeClasspath,jetty9LatestDepTestCompileClasspath,jetty9LatestDepTestRuntimeClasspath,jetty9TestCompileClasspath,jetty9TestRuntimeClasspath,latestDepTestCompileClasspath,latestDepTestRuntimeClasspath,muzzleTooling,runtimeClasspath,testCompileClasspath,testRuntimeClasspath
net.bytebuddy:byte-buddy:1.18.3=buildTimeInstrumentationPlugin,compileClasspath,jetty11LatestDepTestCompileClasspath,jetty11LatestDepTestRuntimeClasspath,jetty11TestCompileClasspath,jetty11TestRuntimeClasspath,jetty9LatestDepTestCompileClasspath,jetty9LatestDepTestRuntimeClasspath,jetty9TestCompileClasspath,jetty9TestRuntimeClasspath,latestDepTestCompileClasspath,latestDepTestRuntimeClasspath,muzzleTooling,runtimeClasspath,testCompileClasspath,testRuntimeClasspath
net.java.dev.jna:jna-platform:5.8.0=buildTimeInstrumentationPlugin,jetty11LatestDepTestRuntimeClasspath,jetty11TestRuntimeClasspath,jetty9LatestDepTestRuntimeClasspath,jetty9TestRuntimeClasspath,latestDepTestRuntimeClasspath,muzzleTooling,runtimeClasspath,testRuntimeClasspath
net.java.dev.jna:jna:5.8.0=buildTimeInstrumentationPlugin,jetty11LatestDepTestRuntimeClasspath,jetty11TestRuntimeClasspath,jetty9LatestDepTestRuntimeClasspath,jetty9TestRuntimeClasspath,latestDepTestRuntimeClasspath,muzzleTooling,runtimeClasspath,testRuntimeClasspath
net.sf.saxon:Saxon-HE:12.9=spotbugs
org.apache.ant:ant-antlr:1.10.14=codenarc
org.apache.ant:ant-junit:1.10.14=codenarc
org.apache.bcel:bcel:6.11.0=spotbugs
org.apache.commons:commons-lang3:3.19.0=spotbugs
org.apache.commons:commons-text:1.14.0=spotbugs
org.apache.logging.log4j:log4j-api:2.25.2=spotbugs
org.apache.logging.log4j:log4j-core:2.25.2=spotbugs
org.apiguardian:apiguardian-api:1.1.2=jetty11LatestDepTestCompileClasspath,jetty11TestCompileClasspath,jetty9LatestDepTestCompileClasspath,jetty9TestCompileClasspath,latestDepTestCompileClasspath,testCompileClasspath
org.checkerframework:checker-qual:3.33.0=annotationProcessor,jetty11LatestDepTestAnnotationProcessor,jetty11TestAnnotationProcessor,jetty9LatestDepTestAnnotationProcessor,jetty9TestAnnotationProcessor,latestDepTestAnnotationProcessor,testAnnotationProcessor
org.codehaus.groovy:groovy-ant:3.0.23=codenarc
org.codehaus.groovy:groovy-docgenerator:3.0.23=codenarc
org.codehaus.groovy:groovy-groovydoc:3.0.23=codenarc
org.codehaus.groovy:groovy-json:3.0.23=codenarc
org.codehaus.groovy:groovy-json:3.0.25=jetty11LatestDepTestCompileClasspath,jetty11LatestDepTestRuntimeClasspath,jetty11TestCompileClasspath,jetty11TestRuntimeClasspath,jetty9LatestDepTestCompileClasspath,jetty9LatestDepTestRuntimeClasspath,jetty9TestCompileClasspath,jetty9TestRuntimeClasspath,latestDepTestCompileClasspath,latestDepTestRuntimeClasspath,testCompileClasspath,testRuntimeClasspath
org.codehaus.groovy:groovy-templates:3.0.23=codenarc
org.codehaus.groovy:groovy-xml:3.0.23=codenarc
org.codehaus.groovy:groovy:3.0.23=codenarc
org.codehaus.groovy:groovy:3.0.25=jetty11LatestDepTestCompileClasspath,jetty11LatestDepTestRuntimeClasspath,jetty11TestCompileClasspath,jetty11TestRuntimeClasspath,jetty9LatestDepTestCompileClasspath,jetty9LatestDepTestRuntimeClasspath,jetty9TestCompileClasspath,jetty9TestRuntimeClasspath,latestDepTestCompileClasspath,latestDepTestRuntimeClasspath,testCompileClasspath,testRuntimeClasspath
org.codenarc:CodeNarc:3.7.0=codenarc
org.dom4j:dom4j:2.2.0=spotbugs
org.eclipse.jetty.toolchain:jetty-jakarta-servlet-api:5.0.2=jetty11LatestDepTestCompileClasspath,jetty11LatestDepTestRuntimeClasspath,jetty11TestCompileClasspath,jetty11TestRuntimeClasspath
org.eclipse.jetty:jetty-http:11.0.15=jetty11TestCompileClasspath,jetty11TestRuntimeClasspath
org.eclipse.jetty:jetty-http:11.0.26=jetty11LatestDepTestCompileClasspath,jetty11LatestDepTestRuntimeClasspath
org.eclipse.jetty:jetty-http:9.4.51.v20230217=compileClasspath,jetty9TestCompileClasspath,jetty9TestRuntimeClasspath
org.eclipse.jetty:jetty-http:9.4.58.v20250814=jetty9LatestDepTestCompileClasspath,jetty9LatestDepTestRuntimeClasspath
org.eclipse.jetty:jetty-io:11.0.15=jetty11TestCompileClasspath,jetty11TestRuntimeClasspath
org.eclipse.jetty:jetty-io:11.0.26=jetty11LatestDepTestCompileClasspath,jetty11LatestDepTestRuntimeClasspath
org.eclipse.jetty:jetty-io:9.4.51.v20230217=compileClasspath,jetty9TestCompileClasspath,jetty9TestRuntimeClasspath
org.eclipse.jetty:jetty-io:9.4.58.v20250814=jetty9LatestDepTestCompileClasspath,jetty9LatestDepTestRuntimeClasspath
org.eclipse.jetty:jetty-security:11.0.0=jetty11TestCompileClasspath,jetty11TestRuntimeClasspath
org.eclipse.jetty:jetty-security:11.0.26=jetty11LatestDepTestCompileClasspath,jetty11LatestDepTestRuntimeClasspath
org.eclipse.jetty:jetty-security:9.4.48.v20220622=jetty9TestCompileClasspath,jetty9TestRuntimeClasspath
org.eclipse.jetty:jetty-security:9.4.58.v20250814=jetty9LatestDepTestCompileClasspath,jetty9LatestDepTestRuntimeClasspath
org.eclipse.jetty:jetty-server:11.0.15=jetty11TestCompileClasspath,jetty11TestRuntimeClasspath
org.eclipse.jetty:jetty-server:11.0.26=jetty11LatestDepTestCompileClasspath,jetty11LatestDepTestRuntimeClasspath
org.eclipse.jetty:jetty-server:9.4.51.v20230217=compileClasspath,jetty9TestCompileClasspath,jetty9TestRuntimeClasspath
org.eclipse.jetty:jetty-server:9.4.58.v20250814=jetty9LatestDepTestCompileClasspath,jetty9LatestDepTestRuntimeClasspath
org.eclipse.jetty:jetty-servlet:11.0.0=jetty11TestCompileClasspath,jetty11TestRuntimeClasspath
org.eclipse.jetty:jetty-servlet:11.0.26=jetty11LatestDepTestCompileClasspath,jetty11LatestDepTestRuntimeClasspath
org.eclipse.jetty:jetty-servlet:9.4.48.v20220622=jetty9TestCompileClasspath,jetty9TestRuntimeClasspath
org.eclipse.jetty:jetty-servlet:9.4.58.v20250814=jetty9LatestDepTestCompileClasspath,jetty9LatestDepTestRuntimeClasspath
org.eclipse.jetty:jetty-util-ajax:9.4.48.v20220622=jetty9TestCompileClasspath,jetty9TestRuntimeClasspath
org.eclipse.jetty:jetty-util-ajax:9.4.58.v20250814=jetty9LatestDepTestCompileClasspath,jetty9LatestDepTestRuntimeClasspath
org.eclipse.jetty:jetty-util:11.0.15=jetty11TestCompileClasspath,jetty11TestRuntimeClasspath
org.eclipse.jetty:jetty-util:11.0.26=jetty11LatestDepTestCompileClasspath,jetty11LatestDepTestRuntimeClasspath
org.eclipse.jetty:jetty-util:9.4.51.v20230217=compileClasspath,jetty9TestCompileClasspath,jetty9TestRuntimeClasspath
org.eclipse.jetty:jetty-util:9.4.58.v20250814=jetty9LatestDepTestCompileClasspath,jetty9LatestDepTestRuntimeClasspath
org.gmetrics:GMetrics:2.1.0=codenarc
org.hamcrest:hamcrest-core:1.3=jetty11LatestDepTestRuntimeClasspath,jetty11TestRuntimeClasspath,jetty9LatestDepTestRuntimeClasspath,jetty9TestRuntimeClasspath,latestDepTestRuntimeClasspath,testRuntimeClasspath
org.hamcrest:hamcrest:3.0=jetty11LatestDepTestCompileClasspath,jetty11LatestDepTestRuntimeClasspath,jetty11TestCompileClasspath,jetty11TestRuntimeClasspath,jetty9LatestDepTestCompileClasspath,jetty9LatestDepTestRuntimeClasspath,jetty9TestCompileClasspath,jetty9TestRuntimeClasspath,latestDepTestCompileClasspath,latestDepTestRuntimeClasspath,testCompileClasspath,testRuntimeClasspath
org.hdrhistogram:HdrHistogram:2.1.12=jetty11TestRuntimeClasspath,jetty9TestRuntimeClasspath
org.hdrhistogram:HdrHistogram:2.2.2=jetty11LatestDepTestRuntimeClasspath,jetty9LatestDepTestRuntimeClasspath
org.jctools:jctools-core:3.3.0=buildTimeInstrumentationPlugin,jetty11LatestDepTestRuntimeClasspath,jetty11TestRuntimeClasspath,jetty9LatestDepTestRuntimeClasspath,jetty9TestRuntimeClasspath,latestDepTestRuntimeClasspath,muzzleTooling,runtimeClasspath,testRuntimeClasspath
org.jspecify:jspecify:1.0.0=jetty11LatestDepTestCompileClasspath,jetty11LatestDepTestRuntimeClasspath,jetty9LatestDepTestCompileClasspath,jetty9LatestDepTestRuntimeClasspath
org.junit.jupiter:junit-jupiter-api:5.14.1=jetty11LatestDepTestCompileClasspath,jetty11LatestDepTestRuntimeClasspath,jetty11TestCompileClasspath,jetty11TestRuntimeClasspath,jetty9LatestDepTestCompileClasspath,jetty9LatestDepTestRuntimeClasspath,jetty9TestCompileClasspath,jetty9TestRuntimeClasspath,latestDepTestCompileClasspath,latestDepTestRuntimeClasspath,testCompileClasspath,testRuntimeClasspath
org.junit.jupiter:junit-jupiter-engine:5.14.1=jetty11LatestDepTestRuntimeClasspath,jetty11TestRuntimeClasspath,jetty9LatestDepTestRuntimeClasspath,jetty9TestRuntimeClasspath,latestDepTestRuntimeClasspath,testRuntimeClasspath
org.junit.jupiter:junit-jupiter-params:5.14.1=jetty11LatestDepTestCompileClasspath,jetty11LatestDepTestRuntimeClasspath,jetty11TestCompileClasspath,jetty11TestRuntimeClasspath,jetty9LatestDepTestCompileClasspath,jetty9LatestDepTestRuntimeClasspath,jetty9TestCompileClasspath,jetty9TestRuntimeClasspath,latestDepTestCompileClasspath,latestDepTestRuntimeClasspath,testCompileClasspath,testRuntimeClasspath
org.junit.jupiter:junit-jupiter:5.14.1=jetty11LatestDepTestCompileClasspath,jetty11LatestDepTestRuntimeClasspath,jetty11TestCompileClasspath,jetty11TestRuntimeClasspath,jetty9LatestDepTestCompileClasspath,jetty9LatestDepTestRuntimeClasspath,jetty9TestCompileClasspath,jetty9TestRuntimeClasspath,latestDepTestCompileClasspath,latestDepTestRuntimeClasspath,testCompileClasspath,testRuntimeClasspath
org.junit.platform:junit-platform-commons:1.14.1=jetty11LatestDepTestCompileClasspath,jetty11LatestDepTestRuntimeClasspath,jetty11TestCompileClasspath,jetty11TestRuntimeClasspath,jetty9LatestDepTestCompileClasspath,jetty9LatestDepTestRuntimeClasspath,jetty9TestCompileClasspath,jetty9TestRuntimeClasspath,latestDepTestCompileClasspath,latestDepTestRuntimeClasspath,testCompileClasspath,testRuntimeClasspath
org.junit.platform:junit-platform-engine:1.14.1=jetty11LatestDepTestCompileClasspath,jetty11LatestDepTestRuntimeClasspath,jetty11TestCompileClasspath,jetty11TestRuntimeClasspath,jetty9LatestDepTestCompileClasspath,jetty9LatestDepTestRuntimeClasspath,jetty9TestCompileClasspath,jetty9TestRuntimeClasspath,latestDepTestCompileClasspath,latestDepTestRuntimeClasspath,testCompileClasspath,testRuntimeClasspath
org.junit.platform:junit-platform-launcher:1.14.1=jetty11LatestDepTestRuntimeClasspath,jetty11TestRuntimeClasspath,jetty9LatestDepTestRuntimeClasspath,jetty9TestRuntimeClasspath,latestDepTestRuntimeClasspath,testRuntimeClasspath
org.junit.platform:junit-platform-runner:1.14.1=jetty11LatestDepTestRuntimeClasspath,jetty11TestRuntimeClasspath,jetty9LatestDepTestRuntimeClasspath,jetty9TestRuntimeClasspath,latestDepTestRuntimeClasspath,testRuntimeClasspath
org.junit.platform:junit-platform-suite-api:1.14.1=jetty11LatestDepTestRuntimeClasspath,jetty11TestRuntimeClasspath,jetty9LatestDepTestRuntimeClasspath,jetty9TestRuntimeClasspath,latestDepTestRuntimeClasspath,testRuntimeClasspath
org.junit.platform:junit-platform-suite-commons:1.14.1=jetty11LatestDepTestRuntimeClasspath,jetty11TestRuntimeClasspath,jetty9LatestDepTestRuntimeClasspath,jetty9TestRuntimeClasspath,latestDepTestRuntimeClasspath,testRuntimeClasspath
org.junit:junit-bom:5.14.0=spotbugs
org.junit:junit-bom:5.14.1=jetty11LatestDepTestCompileClasspath,jetty11LatestDepTestRuntimeClasspath,jetty11TestCompileClasspath,jetty11TestRuntimeClasspath,jetty9LatestDepTestCompileClasspath,jetty9LatestDepTestRuntimeClasspath,jetty9TestCompileClasspath,jetty9TestRuntimeClasspath,latestDepTestCompileClasspath,latestDepTestRuntimeClasspath,testCompileClasspath,testRuntimeClasspath
org.latencyutils:LatencyUtils:2.0.3=jetty11LatestDepTestRuntimeClasspath,jetty11TestRuntimeClasspath,jetty9LatestDepTestRuntimeClasspath,jetty9TestRuntimeClasspath
org.mockito:mockito-core:4.4.0=jetty11LatestDepTestRuntimeClasspath,jetty11TestRuntimeClasspath,jetty9LatestDepTestRuntimeClasspath,jetty9TestRuntimeClasspath,latestDepTestRuntimeClasspath,testRuntimeClasspath
org.objenesis:objenesis:3.3=jetty11LatestDepTestCompileClasspath,jetty11LatestDepTestRuntimeClasspath,jetty11TestCompileClasspath,jetty11TestRuntimeClasspath,jetty9LatestDepTestCompileClasspath,jetty9LatestDepTestRuntimeClasspath,jetty9TestCompileClasspath,jetty9TestRuntimeClasspath,latestDepTestCompileClasspath,latestDepTestRuntimeClasspath,testCompileClasspath,testRuntimeClasspath
org.opentest4j:opentest4j:1.3.0=jetty11LatestDepTestCompileClasspath,jetty11LatestDepTestRuntimeClasspath,jetty11TestCompileClasspath,jetty11TestRuntimeClasspath,jetty9LatestDepTestCompileClasspath,jetty9LatestDepTestRuntimeClasspath,jetty9TestCompileClasspath,jetty9TestRuntimeClasspath,latestDepTestCompileClasspath,latestDepTestRuntimeClasspath,testCompileClasspath,testRuntimeClasspath
org.ow2.asm:asm-analysis:9.2=buildTimeInstrumentationPlugin,jetty11LatestDepTestRuntimeClasspath,jetty11TestRuntimeClasspath,jetty9LatestDepTestRuntimeClasspath,jetty9TestRuntimeClasspath,latestDepTestRuntimeClasspath,muzzleTooling,runtimeClasspath,testRuntimeClasspath
org.ow2.asm:asm-analysis:9.9=spotbugs
org.ow2.asm:asm-commons:9.2=buildTimeInstrumentationPlugin,muzzleTooling,runtimeClasspath
org.ow2.asm:asm-commons:9.9=spotbugs
org.ow2.asm:asm-commons:9.9.1=jetty11LatestDepTestRuntimeClasspath,jetty11TestRuntimeClasspath,jetty9LatestDepTestRuntimeClasspath,jetty9TestRuntimeClasspath,latestDepTestRuntimeClasspath,testRuntimeClasspath
org.ow2.asm:asm-tree:9.2=buildTimeInstrumentationPlugin,muzzleTooling,runtimeClasspath
org.ow2.asm:asm-tree:9.9=spotbugs
org.ow2.asm:asm-tree:9.9.1=jetty11LatestDepTestRuntimeClasspath,jetty11TestRuntimeClasspath,jetty9LatestDepTestRuntimeClasspath,jetty9TestRuntimeClasspath,latestDepTestRuntimeClasspath,testRuntimeClasspath
org.ow2.asm:asm-util:9.2=buildTimeInstrumentationPlugin,jetty11LatestDepTestRuntimeClasspath,jetty11TestRuntimeClasspath,jetty9LatestDepTestRuntimeClasspath,jetty9TestRuntimeClasspath,latestDepTestRuntimeClasspath,muzzleTooling,runtimeClasspath,testRuntimeClasspath
org.ow2.asm:asm-util:9.9=spotbugs
org.ow2.asm:asm:9.2=buildTimeInstrumentationPlugin,muzzleTooling,runtimeClasspath
org.ow2.asm:asm:9.9=spotbugs
org.ow2.asm:asm:9.9.1=jetty11LatestDepTestRuntimeClasspath,jetty11TestRuntimeClasspath,jetty9LatestDepTestRuntimeClasspath,jetty9TestRuntimeClasspath,latestDepTestRuntimeClasspath,testRuntimeClasspath
org.reactivestreams:reactive-streams:1.0.4=compileClasspath,jetty11LatestDepTestCompileClasspath,jetty11LatestDepTestRuntimeClasspath,jetty11TestCompileClasspath,jetty11TestRuntimeClasspath,jetty9LatestDepTestCompileClasspath,jetty9LatestDepTestRuntimeClasspath,jetty9TestCompileClasspath,jetty9TestRuntimeClasspath
org.slf4j:jcl-over-slf4j:1.7.30=jetty11LatestDepTestCompileClasspath,jetty11LatestDepTestRuntimeClasspath,jetty11TestCompileClasspath,jetty11TestRuntimeClasspath,jetty9LatestDepTestCompileClasspath,jetty9LatestDepTestRuntimeClasspath,jetty9TestCompileClasspath,jetty9TestRuntimeClasspath,latestDepTestCompileClasspath,latestDepTestRuntimeClasspath,testCompileClasspath,testRuntimeClasspath
org.slf4j:jul-to-slf4j:1.7.30=jetty11LatestDepTestCompileClasspath,jetty11LatestDepTestRuntimeClasspath,jetty11TestCompileClasspath,jetty11TestRuntimeClasspath,jetty9LatestDepTestCompileClasspath,jetty9LatestDepTestRuntimeClasspath,jetty9TestCompileClasspath,jetty9TestRuntimeClasspath,latestDepTestCompileClasspath,latestDepTestRuntimeClasspath,testCompileClasspath,testRuntimeClasspath
org.slf4j:log4j-over-slf4j:1.7.30=jetty11LatestDepTestCompileClasspath,jetty11LatestDepTestRuntimeClasspath,jetty11TestCompileClasspath,jetty11TestRuntimeClasspath,jetty9LatestDepTestCompileClasspath,jetty9LatestDepTestRuntimeClasspath,jetty9TestCompileClasspath,jetty9TestRuntimeClasspath,latestDepTestCompileClasspath,latestDepTestRuntimeClasspath,testCompileClasspath,testRuntimeClasspath
org.slf4j:slf4j-api:1.7.30=buildTimeInstrumentationPlugin,muzzleBootstrap,muzzleTooling,runtimeClasspath
org.slf4j:slf4j-api:1.7.32=jetty11LatestDepTestCompileClasspath,jetty11LatestDepTestRuntimeClasspath,jetty11TestCompileClasspath,jetty11TestRuntimeClasspath,jetty9LatestDepTestCompileClasspath,jetty9LatestDepTestRuntimeClasspath,jetty9TestCompileClasspath,jetty9TestRuntimeClasspath,latestDepTestCompileClasspath,latestDepTestRuntimeClasspath,testCompileClasspath,testRuntimeClasspath
org.slf4j:slf4j-api:1.7.36=compileClasspath
org.slf4j:slf4j-api:2.0.17=spotbugs,spotbugsSlf4j
org.slf4j:slf4j-simple:2.0.17=spotbugsSlf4j
org.snakeyaml:snakeyaml-engine:2.9=buildTimeInstrumentationPlugin,jetty11LatestDepTestRuntimeClasspath,jetty11TestRuntimeClasspath,jetty9LatestDepTestRuntimeClasspath,jetty9TestRuntimeClasspath,latestDepTestRuntimeClasspath,muzzleTooling,runtimeClasspath,testRuntimeClasspath
org.spockframework:spock-bom:2.4-groovy-3.0=jetty11LatestDepTestCompileClasspath,jetty11LatestDepTestRuntimeClasspath,jetty11TestCompileClasspath,jetty11TestRuntimeClasspath,jetty9LatestDepTestCompileClasspath,jetty9LatestDepTestRuntimeClasspath,jetty9TestCompileClasspath,jetty9TestRuntimeClasspath,latestDepTestCompileClasspath,latestDepTestRuntimeClasspath,testCompileClasspath,testRuntimeClasspath
org.spockframework:spock-core:2.4-groovy-3.0=jetty11LatestDepTestCompileClasspath,jetty11LatestDepTestRuntimeClasspath,jetty11TestCompileClasspath,jetty11TestRuntimeClasspath,jetty9LatestDepTestCompileClasspath,jetty9LatestDepTestRuntimeClasspath,jetty9TestCompileClasspath,jetty9TestRuntimeClasspath,latestDepTestCompileClasspath,latestDepTestRuntimeClasspath,testCompileClasspath,testRuntimeClasspath
org.xmlresolver:xmlresolver:5.3.3=spotbugs
empty=spotbugsPlugins
