# This is a Gradle generated file for dependency locking.
# Manual edits can break the build and are not advised.
# This file is expected to be part of source control.
com.diffplug.durian:durian-collect:1.2.0=classpath
com.diffplug.durian:durian-core:1.2.0=classpath
com.diffplug.durian:durian-io:1.2.0=classpath
com.diffplug.spotless:com.diffplug.spotless.gradle.plugin:6.11.0=classpath
com.diffplug.spotless:spotless-lib-extra:2.30.0=classpath
com.diffplug.spotless:spotless-lib:2.30.0=classpath
com.diffplug.spotless:spotless-plugin-gradle:6.11.0=classpath
com.github.johnrengelman.shadow:com.github.johnrengelman.shadow.gradle.plugin:7.1.2=classpath
com.github.mwiede:jsch:0.2.16=classpath
com.github.spotbugs.snom:spotbugs-gradle-plugin:5.0.14=classpath
com.github.spotbugs:com.github.spotbugs.gradle.plugin:5.0.14=classpath
com.github.zafarkhaja:java-semver:0.9.0=classpath
com.googlecode.concurrent-trees:concurrent-trees:2.6.1=classpath
com.googlecode.javaewah:JavaEWAH:1.1.13=classpath
com.jcraft:jsch.agentproxy.core:0.0.9=classpath
com.jcraft:jsch.agentproxy.jsch:0.0.9=classpath
com.jcraft:jsch.agentproxy.pageant:0.0.9=classpath
com.jcraft:jsch.agentproxy.sshagent:0.0.9=classpath
com.jcraft:jsch.agentproxy.usocket-jna:0.0.9=classpath
com.jcraft:jsch.agentproxy.usocket-nc:0.0.9=classpath
commons-io:commons-io:2.11.0=classpath
de.thetaphi.forbiddenapis:de.thetaphi.forbiddenapis.gradle.plugin:3.5.1=classpath
de.thetaphi:forbiddenapis:3.5.1=classpath
gradle.plugin.com.github.johnrengelman:shadow:7.1.2=classpath
info.solidsoft.gradle.pitest:gradle-pitest-plugin:1.9.11=classpath
info.solidsoft.pitest:info.solidsoft.pitest.gradle.plugin:1.9.11=classpath
io.github.gradle-nexus.publish-plugin:io.github.gradle-nexus.publish-plugin.gradle.plugin:1.3.0=classpath
io.github.gradle-nexus:publish-plugin:1.3.0=classpath
me.champeau.jmh:jmh-gradle-plugin:0.7.0=classpath
me.champeau.jmh:me.champeau.jmh.gradle.plugin:0.7.0=classpath
net.i2p.crypto:eddsa:0.3.0=classpath
net.java.dev.jna:jna-platform:4.1.0=classpath
net.java.dev.jna:jna:4.1.0=classpath
net.sf.jopt-simple:jopt-simple:5.0.4=classpath
org.apache.ant:ant-launcher:1.10.11=classpath
org.apache.ant:ant:1.10.11=classpath
org.apache.commons:commons-math3:3.2=classpath
org.apache.logging.log4j:log4j-api:2.17.1=classpath
org.apache.logging.log4j:log4j-core:2.17.1=classpath
org.apache.sshd:sshd-common:2.7.0=classpath
org.apache.sshd:sshd-core:2.7.0=classpath
org.apache.sshd:sshd-osgi:2.7.0=classpath
org.apache.sshd:sshd-sftp:2.7.0=classpath
org.bouncycastle:bcpg-jdk15on:1.69=classpath
org.bouncycastle:bcpkix-jdk15on:1.69=classpath
org.bouncycastle:bcprov-jdk15on:1.69=classpath
org.bouncycastle:bcutil-jdk15on:1.69=classpath
org.codehaus.groovy:groovy-xml:3.0.10=classpath
org.codehaus.groovy:groovy:3.0.10=classpath
org.codehaus.plexus:plexus-utils:3.4.1=classpath
org.eclipse.jgit:org.eclipse.jgit.gpg.bc:5.13.1.202206130422-r=classpath
org.eclipse.jgit:org.eclipse.jgit.ssh.apache:5.13.1.202206130422-r=classpath
org.eclipse.jgit:org.eclipse.jgit.ssh.jsch:5.13.1.202206130422-r=classpath
org.eclipse.jgit:org.eclipse.jgit.ui:5.13.1.202206130422-r=classpath
org.eclipse.jgit:org.eclipse.jgit:5.13.1.202206130422-r=classpath
org.gradle.playframework:gradle-playframework:0.13=classpath
org.gradle.playframework:org.gradle.playframework.gradle.plugin:0.13=classpath
org.jdom:jdom2:2.0.6=classpath
org.openjdk.jmh:jmh-core:1.36=classpath
org.ow2.asm:asm-analysis:9.2=classpath
org.ow2.asm:asm-commons:9.2=classpath
org.ow2.asm:asm-tree:9.2=classpath
org.ow2.asm:asm:9.2=classpath
org.slf4j:jcl-over-slf4j:1.7.30=classpath
org.slf4j:slf4j-api:1.7.30=classpath
org.vafer:jdependency:2.7.0=classpath
pl.allegro.tech.build.axion-release:pl.allegro.tech.build.axion-release.gradle.plugin:1.14.4=classpath
pl.allegro.tech.build:axion-release-plugin:1.14.4=classpath
empty=
