# This is a Gradle generated file for dependency locking.
# Manual edits can break the build and are not advised.
# This file is expected to be part of source control.
cafe.cryptography:curve25519-elisabeth:0.1.0=instrumentPluginClasspath,muzzleTooling,runtimeClasspath,testRuntimeClasspath
cafe.cryptography:ed25519-elisabeth:0.1.0=instrumentPluginClasspath,muzzleTooling,runtimeClasspath,testRuntimeClasspath
ch.qos.logback:logback-classic:1.2.3=testCompileClasspath,testRuntimeClasspath
ch.qos.logback:logback-core:1.2.3=testCompileClasspath,testRuntimeClasspath
com.beust:jcommander:1.78=testCompileClasspath,testRuntimeClasspath
com.blogspot.mydailyjava:weak-lock-free:0.17=compileClasspath,instrumentPluginClasspath,muzzleTooling,runtimeClasspath,testCompileClasspath,testRuntimeClasspath
com.chuusai:shapeless_2.12:2.3.3=muleServices
com.conversantmedia:disruptor:1.2.10=compileClasspath,testCompileClasspath,testRuntimeClasspath
com.damnhandy:handy-uri-templates:2.1.8=muleServices
com.datadoghq.okhttp3:okhttp:3.12.15=compileClasspath,instrumentPluginClasspath,muzzleTooling,runtimeClasspath,testCompileClasspath,testRuntimeClasspath
com.datadoghq.okio:okio:1.17.6=compileClasspath,instrumentPluginClasspath,muzzleTooling,runtimeClasspath,testCompileClasspath,testRuntimeClasspath
com.datadoghq:dd-javac-plugin-client:0.2.2=compileClasspath,instrumentPluginClasspath,muzzleBootstrap,muzzleTooling,runtimeClasspath,testCompileClasspath,testRuntimeClasspath
com.datadoghq:java-dogstatsd-client:4.4.0=instrumentPluginClasspath,muzzleTooling,runtimeClasspath,testRuntimeClasspath
com.datadoghq:sketches-java:0.8.3=instrumentPluginClasspath,muzzleTooling,runtimeClasspath,testRuntimeClasspath
com.fasterxml.jackson.core:jackson-annotations:2.10.0=compileClasspath
com.fasterxml.jackson.core:jackson-annotations:2.12.7=muleServices
com.fasterxml.jackson.core:jackson-annotations:2.15.0=testCompileClasspath,testRuntimeClasspath
com.fasterxml.jackson.core:jackson-core:2.10.0=compileClasspath
com.fasterxml.jackson.core:jackson-core:2.15.0=muleServices,testCompileClasspath,testRuntimeClasspath
com.fasterxml.jackson.core:jackson-databind:2.10.0=compileClasspath
com.fasterxml.jackson.core:jackson-databind:2.12.7=muleServices
com.fasterxml.jackson.core:jackson-databind:2.15.0=testCompileClasspath,testRuntimeClasspath
com.fasterxml.jackson.dataformat:jackson-dataformat-yaml:2.15.0=testCompileClasspath,testRuntimeClasspath
com.fasterxml.jackson.module:jackson-module-jsonSchema:2.10.0=compileClasspath,testCompileClasspath,testRuntimeClasspath
com.fasterxml.woodstox:woodstox-core:6.4.0=muleServices
com.fasterxml:aalto-xml:1.3.2=muleServices
com.github.ben-manes.caffeine:caffeine:2.8.0=compileClasspath,testCompileClasspath,testRuntimeClasspath
com.github.ben-manes.caffeine:caffeine:2.9.0=muleServices
com.github.erosb:everit-json-schema:1.14.2=muleServices
com.github.fge:btf:1.2=compileClasspath,testCompileClasspath,testRuntimeClasspath
com.github.fge:msg-simple:1.1=compileClasspath,testCompileClasspath,testRuntimeClasspath
com.github.fge:uri-template:0.9=compileClasspath,testCompileClasspath,testRuntimeClasspath
com.github.java-json-tools:jackson-coreutils:1.9=compileClasspath,testCompileClasspath,testRuntimeClasspath
com.github.java-json-tools:json-schema-core:1.2.10=compileClasspath,testCompileClasspath,testRuntimeClasspath
com.github.java-json-tools:json-schema-validator:2.2.10=compileClasspath,testCompileClasspath,testRuntimeClasspath
com.github.javaparser:javaparser-core:3.25.1=testCompileClasspath,testRuntimeClasspath
com.github.jnr:jffi:1.3.13=instrumentPluginClasspath,muzzleTooling,runtimeClasspath,testRuntimeClasspath
com.github.jnr:jnr-a64asm:1.0.0=instrumentPluginClasspath,muzzleTooling,runtimeClasspath,testRuntimeClasspath
com.github.jnr:jnr-constants:0.10.4=instrumentPluginClasspath,muzzleTooling,runtimeClasspath,testRuntimeClasspath
com.github.jnr:jnr-enxio:0.32.17=instrumentPluginClasspath,muzzleTooling,runtimeClasspath,testRuntimeClasspath
com.github.jnr:jnr-ffi:2.2.16=instrumentPluginClasspath,muzzleTooling,runtimeClasspath,testRuntimeClasspath
com.github.jnr:jnr-posix:3.1.19=instrumentPluginClasspath,muzzleTooling,runtimeClasspath,testRuntimeClasspath
com.github.jnr:jnr-unixsocket:0.38.22=instrumentPluginClasspath,muzzleTooling,runtimeClasspath,testRuntimeClasspath
com.github.jnr:jnr-x86asm:1.0.2=instrumentPluginClasspath,muzzleTooling,runtimeClasspath,testRuntimeClasspath
com.github.spotbugs:spotbugs-annotations:4.7.3=compileClasspath,spotbugs,testCompileClasspath,testRuntimeClasspath
com.github.spotbugs:spotbugs:4.7.3=spotbugs
com.github.stefanbirkner:system-rules:1.19.0=testCompileClasspath,testRuntimeClasspath
com.google.auto.service:auto-service-annotations:1.0-rc7=annotationProcessor,compileClasspath,testAnnotationProcessor,testCompileClasspath
com.google.auto.service:auto-service:1.0-rc7=annotationProcessor,testAnnotationProcessor
com.google.auto:auto-common:0.10=annotationProcessor,testAnnotationProcessor
com.google.code.findbugs:jsr305:3.0.2=annotationProcessor,compileClasspath,spotbugs,testAnnotationProcessor,testCompileClasspath,testRuntimeClasspath
com.google.code.gson:gson:2.8.9=compileClasspath
com.google.code.gson:gson:2.9.0=testCompileClasspath,testRuntimeClasspath
com.google.code.gson:gson:2.9.1=spotbugs
com.google.errorprone:error_prone_annotations:2.18.0=compileClasspath,testCompileClasspath,testRuntimeClasspath
com.google.errorprone:error_prone_annotations:2.2.0=annotationProcessor,testAnnotationProcessor
com.google.errorprone:error_prone_annotations:2.5.1=muleServices
com.google.guava:failureaccess:1.0.1=annotationProcessor,compileClasspath,testAnnotationProcessor,testCompileClasspath,testRuntimeClasspath
com.google.guava:guava:27.0.1-jre=annotationProcessor,testAnnotationProcessor
com.google.guava:guava:32.1.1-jre=compileClasspath,testCompileClasspath,testRuntimeClasspath
com.google.guava:listenablefuture:9999.0-empty-to-avoid-conflict-with-guava=annotationProcessor,compileClasspath,testAnnotationProcessor,testCompileClasspath,testRuntimeClasspath
com.google.j2objc:j2objc-annotations:1.1=annotationProcessor,testAnnotationProcessor
com.google.j2objc:j2objc-annotations:2.8=compileClasspath,testCompileClasspath,testRuntimeClasspath
com.google.re2j:re2j:1.6=muleServices
com.google.re2j:re2j:1.7=instrumentPluginClasspath,muzzleTooling,runtimeClasspath,testRuntimeClasspath
com.googlecode.juniversalchardet:juniversalchardet:1.0.3=compileClasspath,testCompileClasspath,testRuntimeClasspath
com.googlecode.libphonenumber:libphonenumber:8.0.0=compileClasspath,testCompileClasspath,testRuntimeClasspath
com.ibm.icu:icu4j:67.1=muleServices
com.lmax:disruptor:3.4.3=testCompileClasspath,testRuntimeClasspath
com.mchange:c3p0:0.9.5.5=muleServices
com.mchange:mchange-commons-java:0.2.19=muleServices
com.squareup.moshi:moshi:1.11.0=compileClasspath,instrumentPluginClasspath,muzzleTooling,runtimeClasspath,testCompileClasspath,testRuntimeClasspath
com.squareup.okhttp3:logging-interceptor:3.12.12=testCompileClasspath,testRuntimeClasspath
com.squareup.okhttp3:okhttp:3.12.12=testCompileClasspath
com.squareup.okhttp3:okhttp:4.11.0=testRuntimeClasspath
com.squareup.okio:okio-jvm:3.2.0=testRuntimeClasspath
com.squareup.okio:okio:1.17.5=compileClasspath,instrumentPluginClasspath,muzzleTooling,runtimeClasspath,testCompileClasspath
com.squareup.okio:okio:3.2.0=testRuntimeClasspath
com.sun.activation:jakarta.activation:1.2.1=muleServices
com.sun.activation:jakarta.activation:1.2.2=compileClasspath,testCompileClasspath,testRuntimeClasspath
com.sun.activation:javax.activation:1.2.0=muleServices
com.sun.mail:jakarta.mail:1.6.3=compileClasspath,testCompileClasspath,testRuntimeClasspath
com.sun.mail:jakarta.mail:1.6.7=muleServices
com.sun.mail:mailapi:1.6.4=muleServices
com.sun.xml.bind:jaxb-impl:2.3.8=compileClasspath,testCompileClasspath,testRuntimeClasspath
com.thoughtworks.qdox:qdox:1.12.1=testRuntimeClasspath
com.typesafe:config:1.3.1=testCompileClasspath,testRuntimeClasspath
com.vdurmont:semver4j:3.1.0=compileClasspath,testCompileClasspath,testRuntimeClasspath
com.zaxxer:HikariCP-java7:2.4.13=muleServices
commons-beanutils:commons-beanutils:1.9.4=compileClasspath,testCompileClasspath,testRuntimeClasspath
commons-cli:commons-cli:1.2=testCompileClasspath,testRuntimeClasspath
commons-codec:commons-codec:1.11=testCompileClasspath
commons-codec:commons-codec:1.15=spotbugs
commons-codec:commons-codec:1.16.0=testRuntimeClasspath
commons-collections:commons-collections:3.2.2=muleServices
commons-digester:commons-digester:2.1=muleServices
commons-fileupload:commons-fileupload:1.5=testCompileClasspath,testRuntimeClasspath
commons-io:commons-io:2.11.0=muleServices
commons-io:commons-io:2.13.0=compileClasspath,testCompileClasspath,testRuntimeClasspath
commons-lang:commons-lang:2.6=compileClasspath,testCompileClasspath,testRuntimeClasspath
commons-logging:commons-logging:1.2=muleServices
commons-validator:commons-validator:1.7=muleServices
de.thetaphi:forbiddenapis:3.1=compileClasspath
info.picocli:picocli:4.6.3=testRuntimeClasspath
io.helidon.grpc:io.grpc:2.6.1=testCompileClasspath,testRuntimeClasspath
io.opentelemetry:opentelemetry-api-events:1.27.0-alpha=testRuntimeClasspath
io.opentelemetry:opentelemetry-api:1.27.0=testCompileClasspath,testRuntimeClasspath
io.opentelemetry:opentelemetry-context:1.27.0=testCompileClasspath,testRuntimeClasspath
io.opentelemetry:opentelemetry-exporter-common:1.27.0=testCompileClasspath,testRuntimeClasspath
io.opentelemetry:opentelemetry-exporter-logging:1.27.0=testCompileClasspath,testRuntimeClasspath
io.opentelemetry:opentelemetry-exporter-otlp-common:1.27.0=testCompileClasspath,testRuntimeClasspath
io.opentelemetry:opentelemetry-exporter-otlp:1.27.0=testCompileClasspath,testRuntimeClasspath
io.opentelemetry:opentelemetry-extension-incubator:1.27.0-alpha=testRuntimeClasspath
io.opentelemetry:opentelemetry-sdk-common:1.27.0=testCompileClasspath,testRuntimeClasspath
io.opentelemetry:opentelemetry-sdk-extension-autoconfigure-spi:1.27.0=testRuntimeClasspath
io.opentelemetry:opentelemetry-sdk-logs:1.27.0=testCompileClasspath,testRuntimeClasspath
io.opentelemetry:opentelemetry-sdk-metrics:1.27.0=testCompileClasspath,testRuntimeClasspath
io.opentelemetry:opentelemetry-sdk-testing:1.27.0=testCompileClasspath,testRuntimeClasspath
io.opentelemetry:opentelemetry-sdk-trace:1.27.0=testCompileClasspath,testRuntimeClasspath
io.opentelemetry:opentelemetry-sdk:1.27.0=testCompileClasspath,testRuntimeClasspath
io.opentelemetry:opentelemetry-semconv:1.27.0-alpha=testRuntimeClasspath
io.perfmark:perfmark-api:0.25.0=testCompileClasspath,testRuntimeClasspath
io.projectreactor.addons:reactor-extra:3.4.8=compileClasspath,testCompileClasspath,testRuntimeClasspath
io.projectreactor:reactor-core:3.4.22=compileClasspath,testCompileClasspath,testRuntimeClasspath
io.sqreen:libsqreen:11.1.0=testRuntimeClasspath
it.unimi.dsi:fastutil:8.5.11=testCompileClasspath,testRuntimeClasspath
jakarta.activation:jakarta.activation-api:1.2.2=testCompileClasspath,testRuntimeClasspath
jakarta.annotation:jakarta.annotation-api:1.3.5=compileClasspath,testCompileClasspath,testRuntimeClasspath
jakarta.jms:jakarta.jms-api:2.0.3=compileClasspath,testCompileClasspath,testRuntimeClasspath
jakarta.jws:jakarta.jws-api:1.1.1=testCompileClasspath
jakarta.jws:jakarta.jws-api:2.1.0=testRuntimeClasspath
jakarta.resource:jakarta.resource-api:1.7.4=testCompileClasspath,testRuntimeClasspath
jakarta.transaction:jakarta.transaction-api:1.3.3=compileClasspath,testCompileClasspath,testRuntimeClasspath
jakarta.xml.bind:jakarta.xml.bind-api:2.3.3=compileClasspath,testCompileClasspath,testRuntimeClasspath
jakarta.xml.soap:jakarta.xml.soap-api:1.4.2=testCompileClasspath,testRuntimeClasspath
jakarta.xml.ws:jakarta.xml.ws-api:2.3.3=testCompileClasspath,testRuntimeClasspath
javax.inject:javax.inject:1=compileClasspath,testCompileClasspath,testRuntimeClasspath
javax.servlet:javax.servlet-api:3.1.0=testCompileClasspath,testRuntimeClasspath
javax.validation:validation-api:1.1.0.Final=compileClasspath,testCompileClasspath,testRuntimeClasspath
jaxen:jaxen:1.2.0=spotbugs
jline:jline:2.14.6=testRuntimeClasspath
joda-time:joda-time:2.10.2=muleServices
joda-time:joda-time:2.9.1=compileClasspath,testCompileClasspath,testRuntimeClasspath
junit:junit-dep:4.11=testCompileClasspath,testRuntimeClasspath
junit:junit:4.13.2=testCompileClasspath,testRuntimeClasspath
net.bytebuddy:byte-buddy-agent:1.14.18=compileClasspath,instrumentPluginClasspath,muzzleTooling,runtimeClasspath,testCompileClasspath,testRuntimeClasspath
net.bytebuddy:byte-buddy:1.14.18=compileClasspath,instrumentPluginClasspath,muzzleTooling,runtimeClasspath,testCompileClasspath,testRuntimeClasspath
net.java.dev.jna:jna-platform:5.8.0=instrumentPluginClasspath,muzzleTooling,runtimeClasspath,testRuntimeClasspath
net.java.dev.jna:jna:5.8.0=instrumentPluginClasspath,muzzleTooling,runtimeClasspath,testRuntimeClasspath
net.jcip:jcip-annotations:1.0=compileClasspath,spotbugs,testCompileClasspath,testRuntimeClasspath
net.jodah:failsafe:2.1.1=compileClasspath,testCompileClasspath,testRuntimeClasspath
net.sf.jopt-simple:jopt-simple:5.0.3=compileClasspath,testCompileClasspath,testRuntimeClasspath
net.sf.saxon:Saxon-HE:11.4=spotbugs
org.antlr:antlr-runtime:3.5.2=testCompileClasspath,testRuntimeClasspath
org.apache.ant:ant-antlr:1.10.12=testRuntimeClasspath
org.apache.ant:ant-antlr:1.9.15=codenarc
org.apache.ant:ant-junit:1.10.12=testRuntimeClasspath
org.apache.ant:ant-junit:1.9.15=codenarc
org.apache.ant:ant-launcher:1.10.12=testRuntimeClasspath
org.apache.ant:ant:1.10.12=testCompileClasspath,testRuntimeClasspath
org.apache.avro:avro:1.11.1=muleServices
org.apache.bcel:bcel:6.5.0=spotbugs
org.apache.commons:commons-collections4:4.4=compileClasspath,testCompileClasspath,testRuntimeClasspath
org.apache.commons:commons-compress:1.21=muleServices
org.apache.commons:commons-lang3:3.12.0=compileClasspath,muleServices,spotbugs,testCompileClasspath,testRuntimeClasspath
org.apache.commons:commons-pool2:2.11.1=compileClasspath,testCompileClasspath,testRuntimeClasspath
org.apache.commons:commons-text:1.10.0=spotbugs
org.apache.commons:commons-text:1.3=muleServices
org.apache.geronimo.specs:geronimo-servlet_3.0_spec:1.0=muleServices
org.apache.httpcomponents.client5:httpclient5:5.1.3=spotbugs
org.apache.httpcomponents.core5:httpcore5-h2:5.1.3=spotbugs
org.apache.httpcomponents.core5:httpcore5:5.1.3=spotbugs
org.apache.httpcomponents:httpclient:4.5.14=testCompileClasspath,testRuntimeClasspath
org.apache.httpcomponents:httpcore:4.4.16=testCompileClasspath,testRuntimeClasspath
org.apache.logging.log4j:log4j-1.2-api:2.20.0=testCompileClasspath,testRuntimeClasspath
org.apache.logging.log4j:log4j-api:2.19.0=spotbugs
org.apache.logging.log4j:log4j-api:2.20.0=testCompileClasspath,testRuntimeClasspath
org.apache.logging.log4j:log4j-core:2.19.0=spotbugs
org.apache.logging.log4j:log4j-core:2.20.0=testCompileClasspath,testRuntimeClasspath
org.apache.maven.resolver:maven-resolver-api:1.9.15=testCompileClasspath,testRuntimeClasspath
org.apache.maven.resolver:maven-resolver-connector-basic:1.9.15=testCompileClasspath,testRuntimeClasspath
org.apache.maven.resolver:maven-resolver-impl:1.9.15=testCompileClasspath,testRuntimeClasspath
org.apache.maven.resolver:maven-resolver-named-locks:1.9.15=testCompileClasspath,testRuntimeClasspath
org.apache.maven.resolver:maven-resolver-spi:1.9.15=testCompileClasspath,testRuntimeClasspath
org.apache.maven.resolver:maven-resolver-supplier:1.9.15=testCompileClasspath,testRuntimeClasspath
org.apache.maven.resolver:maven-resolver-transport-file:1.9.15=testCompileClasspath,testRuntimeClasspath
org.apache.maven.resolver:maven-resolver-transport-http:1.9.15=testCompileClasspath,testRuntimeClasspath
org.apache.maven.resolver:maven-resolver-transport-wagon:1.9.15=testCompileClasspath,testRuntimeClasspath
org.apache.maven.resolver:maven-resolver-util:1.9.15=testCompileClasspath,testRuntimeClasspath
org.apache.maven.wagon:wagon-http-shared:3.4.2=testCompileClasspath,testRuntimeClasspath
org.apache.maven.wagon:wagon-http:3.4.2=testCompileClasspath,testRuntimeClasspath
org.apache.maven.wagon:wagon-provider-api:3.4.2=testCompileClasspath,testRuntimeClasspath
org.apache.maven:maven-builder-support:3.9.4=testCompileClasspath,testRuntimeClasspath
org.apache.maven:maven-resolver-provider:3.9.4=testCompileClasspath,testRuntimeClasspath
org.apache.maven:maven-settings-builder:3.9.4=testCompileClasspath,testRuntimeClasspath
org.apache.maven:maven-settings:3.9.4=testCompileClasspath,testRuntimeClasspath
org.apache.ws.xmlschema:xmlschema-core:2.2.1=compileClasspath,testCompileClasspath,testRuntimeClasspath
org.apache.xmlbeans:xmlbeans:3.1.0=compileClasspath,muleServices,testCompileClasspath,testRuntimeClasspath
org.apiguardian:apiguardian-api:1.1.2=testCompileClasspath,testRuntimeClasspath
org.checkerframework:checker-qual:2.5.2=annotationProcessor,testAnnotationProcessor
org.checkerframework:checker-qual:3.10.0=muleServices
org.checkerframework:checker-qual:3.33.0=compileClasspath,testCompileClasspath,testRuntimeClasspath
org.codehaus.groovy:groovy-all:3.0.17=testCompileClasspath,testRuntimeClasspath
org.codehaus.groovy:groovy-ant:2.5.14=codenarc
org.codehaus.groovy:groovy-ant:3.0.17=testCompileClasspath,testRuntimeClasspath
org.codehaus.groovy:groovy-astbuilder:3.0.17=testCompileClasspath,testRuntimeClasspath
org.codehaus.groovy:groovy-cli-picocli:3.0.17=testCompileClasspath,testRuntimeClasspath
org.codehaus.groovy:groovy-console:3.0.17=testCompileClasspath,testRuntimeClasspath
org.codehaus.groovy:groovy-datetime:3.0.17=testCompileClasspath,testRuntimeClasspath
org.codehaus.groovy:groovy-docgenerator:3.0.17=testCompileClasspath,testRuntimeClasspath
org.codehaus.groovy:groovy-groovydoc:2.5.14=codenarc
org.codehaus.groovy:groovy-groovydoc:3.0.17=testCompileClasspath,testRuntimeClasspath
org.codehaus.groovy:groovy-groovysh:3.0.17=testCompileClasspath,testRuntimeClasspath
org.codehaus.groovy:groovy-jmx:3.0.17=testCompileClasspath,testRuntimeClasspath
org.codehaus.groovy:groovy-json:2.5.14=codenarc
org.codehaus.groovy:groovy-json:3.0.17=testCompileClasspath,testRuntimeClasspath
org.codehaus.groovy:groovy-jsr223:3.0.17=testCompileClasspath,testRuntimeClasspath
org.codehaus.groovy:groovy-macro:3.0.17=testCompileClasspath,testRuntimeClasspath
org.codehaus.groovy:groovy-nio:3.0.17=testCompileClasspath,testRuntimeClasspath
org.codehaus.groovy:groovy-servlet:3.0.17=testCompileClasspath,testRuntimeClasspath
org.codehaus.groovy:groovy-sql:3.0.17=testCompileClasspath,testRuntimeClasspath
org.codehaus.groovy:groovy-swing:3.0.17=testCompileClasspath,testRuntimeClasspath
org.codehaus.groovy:groovy-templates:2.5.14=codenarc
org.codehaus.groovy:groovy-templates:3.0.17=testCompileClasspath,testRuntimeClasspath
org.codehaus.groovy:groovy-test-junit5:3.0.17=testCompileClasspath,testRuntimeClasspath
org.codehaus.groovy:groovy-test:3.0.17=testCompileClasspath,testRuntimeClasspath
org.codehaus.groovy:groovy-testng:3.0.17=testCompileClasspath,testRuntimeClasspath
org.codehaus.groovy:groovy-xml:2.5.14=codenarc
org.codehaus.groovy:groovy-xml:3.0.17=testCompileClasspath,testRuntimeClasspath
org.codehaus.groovy:groovy:2.5.14=codenarc
org.codehaus.groovy:groovy:3.0.17=testCompileClasspath,testRuntimeClasspath
org.codehaus.mojo:animal-sniffer-annotations:1.17=annotationProcessor,testAnnotationProcessor
org.codehaus.plexus:plexus-cipher:2.0=testCompileClasspath,testRuntimeClasspath
org.codehaus.plexus:plexus-component-annotations:1.5.5=testCompileClasspath,testRuntimeClasspath
org.codehaus.plexus:plexus-interpolation:1.26=testCompileClasspath,testRuntimeClasspath
org.codehaus.plexus:plexus-sec-dispatcher:2.0=testCompileClasspath,testRuntimeClasspath
org.codehaus.plexus:plexus-utils:3.5.1=testCompileClasspath,testRuntimeClasspath
org.codehaus.woodstox:stax2-api:4.2.1=muleServices
org.codenarc:CodeNarc:2.2.0=codenarc
org.dom4j:dom4j:2.1.3=spotbugs,testCompileClasspath,testRuntimeClasspath
org.eclipse.jetty:jetty-http:9.4.56.v20240826=testCompileClasspath,testRuntimeClasspath
org.eclipse.jetty:jetty-io:9.4.56.v20240826=testCompileClasspath,testRuntimeClasspath
org.eclipse.jetty:jetty-server:9.4.56.v20240826=testCompileClasspath,testRuntimeClasspath
org.eclipse.jetty:jetty-util:9.4.56.v20240826=testCompileClasspath,testRuntimeClasspath
org.eclipse.sisu:org.eclipse.sisu.inject:0.3.5=testCompileClasspath,testRuntimeClasspath
org.eclipse.sisu:org.eclipse.sisu.plexus:0.3.5=testCompileClasspath,testRuntimeClasspath
org.everit.json:org.everit.json.schema:1.5.1=compileClasspath,testCompileClasspath,testRuntimeClasspath
org.glassfish:jakarta.json:1.1.6=compileClasspath,testCompileClasspath,testRuntimeClasspath
org.gmetrics:GMetrics:1.1=codenarc
org.graalvm.js:js-scriptengine:21.0.0.2=muleServices
org.graalvm.js:js:21.0.0.2=muleServices
org.graalvm.regex:regex:21.0.0.2=muleServices
org.graalvm.sdk:graal-sdk:21.0.0.2=muleServices
org.graalvm.truffle:truffle-api:21.0.0.2=muleServices
org.hamcrest:hamcrest-core:1.3=testCompileClasspath,testRuntimeClasspath
org.hamcrest:hamcrest:2.2=testCompileClasspath,testRuntimeClasspath
org.jctools:jctools-core:3.3.0=instrumentPluginClasspath,muzzleTooling,runtimeClasspath,testRuntimeClasspath
org.jetbrains.kotlin:kotlin-stdlib-common:1.6.20=testRuntimeClasspath
org.jetbrains.kotlin:kotlin-stdlib-jdk7:1.6.20=testRuntimeClasspath
org.jetbrains.kotlin:kotlin-stdlib-jdk8:1.6.20=testRuntimeClasspath
org.jetbrains.kotlin:kotlin-stdlib:1.6.20=testRuntimeClasspath
org.jetbrains:annotations:13.0=testRuntimeClasspath
org.jgrapht:jgrapht-core:1.3.1=compileClasspath,testCompileClasspath,testRuntimeClasspath
org.jheaps:jheaps:0.10=compileClasspath,testCompileClasspath,testRuntimeClasspath
org.json:json:20160810=compileClasspath,testCompileClasspath,testRuntimeClasspath
org.json:json:20230227=muleServices
org.jsoup:jsoup:1.15.3=testCompileClasspath,testRuntimeClasspath
org.junit.jupiter:junit-jupiter-api:5.9.2=testCompileClasspath,testRuntimeClasspath
org.junit.jupiter:junit-jupiter-engine:5.9.2=testRuntimeClasspath
org.junit.platform:junit-platform-commons:1.9.0=testCompileClasspath
org.junit.platform:junit-platform-commons:1.9.2=testRuntimeClasspath
org.junit.platform:junit-platform-engine:1.9.0=testCompileClasspath
org.junit.platform:junit-platform-engine:1.9.2=testRuntimeClasspath
org.junit.platform:junit-platform-launcher:1.9.2=testRuntimeClasspath
org.junit.platform:junit-platform-runner:1.9.0=testRuntimeClasspath
org.junit.platform:junit-platform-suite-api:1.9.0=testRuntimeClasspath
org.junit.platform:junit-platform-suite-commons:1.9.0=testRuntimeClasspath
org.junit:junit-bom:5.9.0=testCompileClasspath,testRuntimeClasspath
org.junit:junit-bom:5.9.1=spotbugs
org.mozilla:rhino:1.7.12=compileClasspath,testCompileClasspath,testRuntimeClasspath
org.mule.apache:xerces2-xsd11:2.11.3=muleServices
org.mule.apache:xerces2-xsd11:2.11.3-MULE-001=compileClasspath,testCompileClasspath,testRuntimeClasspath
org.mule.com.github.stephenc.eaio-uuid:uuid:3.4.2-MULE-001=compileClasspath,testCompileClasspath,testRuntimeClasspath
org.mule.common:scala-common_2.12:2.0.99=muleServices
org.mule.commons:mule-oauth-client-api:2.0.0=testCompileClasspath,testRuntimeClasspath
org.mule.glassfish.grizzly:connection-pool:2.3.36-MULE-025=muleServices
org.mule.glassfish.grizzly:grizzly-framework:2.3.36-MULE-008=muleServices
org.mule.glassfish.grizzly:grizzly-http-client:1.14-MULE-021=muleServices
org.mule.glassfish.grizzly:grizzly-http-server:2.3.36-MULE-025=muleServices
org.mule.glassfish.grizzly:grizzly-http-servlet:2.3.36-MULE-025=muleServices
org.mule.glassfish.grizzly:grizzly-http:2.3.36-MULE-008=muleServices
org.mule.glassfish.grizzly:grizzly-websockets:2.3.36-MULE-025=muleServices
org.mule.mvel:mule-mvel2:2.1.9-MULE-020=testCompileClasspath,testRuntimeClasspath
org.mule.runtime:api-annotations:1.4.1=compileClasspath,testCompileClasspath,testRuntimeClasspath
org.mule.runtime:mule-api:1.5.0=compileClasspath,testCompileClasspath,testRuntimeClasspath
org.mule.runtime:mule-artifact-ast-dependency-graph:1.1.0=compileClasspath,testCompileClasspath,testRuntimeClasspath
org.mule.runtime:mule-artifact-ast-serialization:1.1.0=testCompileClasspath,testRuntimeClasspath
org.mule.runtime:mule-artifact-ast-xml-parser:1.1.0=testCompileClasspath,testRuntimeClasspath
org.mule.runtime:mule-artifact-ast:1.1.0=compileClasspath,testCompileClasspath,testRuntimeClasspath
org.mule.runtime:mule-artifact-declaration-persistence:1.5.0=compileClasspath,testCompileClasspath,testRuntimeClasspath
org.mule.runtime:mule-artifact-declaration:1.5.0=compileClasspath,testCompileClasspath,testRuntimeClasspath
org.mule.runtime:mule-core-components:4.5.0=testCompileClasspath,testRuntimeClasspath
org.mule.runtime:mule-core-mvel:4.5.0=testCompileClasspath,testRuntimeClasspath
org.mule.runtime:mule-core:4.5.0=compileClasspath,testCompileClasspath,testRuntimeClasspath
org.mule.runtime:mule-dwb-api:2.5.0=testCompileClasspath,testRuntimeClasspath
org.mule.runtime:mule-extensions-api-dsql:1.5.0=testCompileClasspath,testRuntimeClasspath
org.mule.runtime:mule-extensions-api-persistence:1.5.0=testCompileClasspath,testRuntimeClasspath
org.mule.runtime:mule-extensions-api:1.5.0=compileClasspath,testCompileClasspath,testRuntimeClasspath
org.mule.runtime:mule-extensions-soap-api:1.5.0=testCompileClasspath,testRuntimeClasspath
org.mule.runtime:mule-jar-handling-utils:4.5.0=testCompileClasspath,testRuntimeClasspath
org.mule.runtime:mule-message-metadata-model:1.5.0=compileClasspath,testCompileClasspath,testRuntimeClasspath
org.mule.runtime:mule-metadata-model-api:1.5.0=compileClasspath,testCompileClasspath,testRuntimeClasspath
org.mule.runtime:mule-metadata-model-catalog:1.5.0=compileClasspath,testCompileClasspath,testRuntimeClasspath
org.mule.runtime:mule-metadata-model-java:1.5.0=compileClasspath,testCompileClasspath,testRuntimeClasspath
org.mule.runtime:mule-metadata-model-json:1.5.0=compileClasspath,testCompileClasspath,testRuntimeClasspath
org.mule.runtime:mule-metadata-model-persistence:1.5.0=testCompileClasspath,testRuntimeClasspath
org.mule.runtime:mule-metadata-model-raml:1.5.0=compileClasspath,testCompileClasspath,testRuntimeClasspath
org.mule.runtime:mule-metadata-model-xml:1.5.0=compileClasspath,testCompileClasspath,testRuntimeClasspath
org.mule.runtime:mule-metrics-api:4.5.0=compileClasspath,testCompileClasspath,testRuntimeClasspath
org.mule.runtime:mule-metrics-exporter-api:4.5.0=testCompileClasspath,testRuntimeClasspath
org.mule.runtime:mule-metrics-exporter-configuration-api:4.5.0=testCompileClasspath,testRuntimeClasspath
org.mule.runtime:mule-metrics-exporter-configuration-impl:4.5.0=testCompileClasspath,testRuntimeClasspath
org.mule.runtime:mule-metrics-exporter-impl:4.5.0=testCompileClasspath,testRuntimeClasspath
org.mule.runtime:mule-metrics-impl:4.5.0=testCompileClasspath,testRuntimeClasspath
org.mule.runtime:mule-module-artifact-activation:4.5.0=testCompileClasspath,testRuntimeClasspath
org.mule.runtime:mule-module-artifact:4.5.0=testCompileClasspath,testRuntimeClasspath
org.mule.runtime:mule-module-container:4.5.0=testCompileClasspath,testRuntimeClasspath
org.mule.runtime:mule-module-deployment-model-impl:4.5.0=testCompileClasspath,testRuntimeClasspath
org.mule.runtime:mule-module-deployment-model:4.5.0=testCompileClasspath,testRuntimeClasspath
org.mule.runtime:mule-module-deployment:4.5.0=testCompileClasspath,testRuntimeClasspath
org.mule.runtime:mule-module-dsl-api:1.5.0=compileClasspath,testCompileClasspath,testRuntimeClasspath
org.mule.runtime:mule-module-extensions-soap-support:4.5.0=testCompileClasspath,testRuntimeClasspath
org.mule.runtime:mule-module-extensions-spring-support:4.5.0=testCompileClasspath,testRuntimeClasspath
org.mule.runtime:mule-module-extensions-support:4.5.0=testCompileClasspath,testRuntimeClasspath
org.mule.runtime:mule-module-extensions-xml-support:4.5.0=testCompileClasspath,testRuntimeClasspath
org.mule.runtime:mule-module-feature-management:4.5.0=compileClasspath,testCompileClasspath,testRuntimeClasspath
org.mule.runtime:mule-module-global-config:4.5.0=testCompileClasspath,testRuntimeClasspath
org.mule.runtime:mule-module-http-policy-api:1.5.0=compileClasspath,testCompileClasspath,testRuntimeClasspath
org.mule.runtime:mule-module-javaee:4.5.0=testCompileClasspath,testRuntimeClasspath
org.mule.runtime:mule-module-jpms-utils:4.5.0=testCompileClasspath,testRuntimeClasspath
org.mule.runtime:mule-module-launcher:4.5.0=testCompileClasspath,testRuntimeClasspath
org.mule.runtime:mule-module-license-api:4.5.0=testCompileClasspath,testRuntimeClasspath
org.mule.runtime:mule-module-log4j-boot-configurator:4.5.0=testCompileClasspath,testRuntimeClasspath
org.mule.runtime:mule-module-log4j-configurator:4.5.0=testCompileClasspath,testRuntimeClasspath
org.mule.runtime:mule-module-logging:4.5.0=testCompileClasspath,testRuntimeClasspath
org.mule.runtime:mule-module-memory-management:4.5.0=testCompileClasspath,testRuntimeClasspath
org.mule.runtime:mule-module-metadata-support:4.5.0=testCompileClasspath,testRuntimeClasspath
org.mule.runtime:mule-module-policy-api:1.5.0=compileClasspath,testCompileClasspath,testRuntimeClasspath
org.mule.runtime:mule-module-properties-config:4.5.0=testCompileClasspath,testRuntimeClasspath
org.mule.runtime:mule-module-reboot:4.5.0=testCompileClasspath,testRuntimeClasspath
org.mule.runtime:mule-module-repository:4.5.0=testCompileClasspath,testRuntimeClasspath
org.mule.runtime:mule-module-service:4.5.0=testCompileClasspath,testRuntimeClasspath
org.mule.runtime:mule-module-spring-config:4.5.0=testCompileClasspath,testRuntimeClasspath
org.mule.runtime:mule-module-tls:4.5.0=testCompileClasspath,testRuntimeClasspath
org.mule.runtime:mule-module-tooling-support:4.5.0=testCompileClasspath,testRuntimeClasspath
org.mule.runtime:mule-module-troubleshooting:4.5.0=testCompileClasspath,testRuntimeClasspath
org.mule.runtime:mule-profiling-api:1.1.0=compileClasspath,testCompileClasspath,testRuntimeClasspath
org.mule.runtime:mule-properties-api:1.1.0=testCompileClasspath,testRuntimeClasspath
org.mule.runtime:mule-runtime-extension-model:4.5.0=compileClasspath,testCompileClasspath,testRuntimeClasspath
org.mule.runtime:mule-service-http-api:4.5.0=testCompileClasspath,testRuntimeClasspath
org.mule.runtime:mule-service-oauth-api:4.5.0=testCompileClasspath,testRuntimeClasspath
org.mule.runtime:mule-service-soap-api:4.5.0=testCompileClasspath,testRuntimeClasspath
org.mule.runtime:mule-tracer-api:4.5.0=compileClasspath,testCompileClasspath,testRuntimeClasspath
org.mule.runtime:mule-tracer-common:4.5.0=testCompileClasspath,testRuntimeClasspath
org.mule.runtime:mule-tracer-configuration-api:4.5.0=testCompileClasspath,testRuntimeClasspath
org.mule.runtime:mule-tracer-configuration-impl:4.5.0=testCompileClasspath,testRuntimeClasspath
org.mule.runtime:mule-tracer-customization-api:4.5.0=compileClasspath,testCompileClasspath,testRuntimeClasspath
org.mule.runtime:mule-tracer-customization-impl:4.5.0=testCompileClasspath,testRuntimeClasspath
org.mule.runtime:mule-tracer-exporter-api:4.5.0=compileClasspath,testCompileClasspath,testRuntimeClasspath
org.mule.runtime:mule-tracer-exporter-configuration-api:4.5.0=compileClasspath,testCompileClasspath,testRuntimeClasspath
org.mule.runtime:mule-tracer-exporter-configuration-impl:4.5.0=testCompileClasspath,testRuntimeClasspath
org.mule.runtime:mule-tracer-exporter-impl:4.5.0=testCompileClasspath,testRuntimeClasspath
org.mule.runtime:mule-tracer-internal-impl:4.5.0=testCompileClasspath,testRuntimeClasspath
org.mule.sdk:mule-sdk-api:0.7.0=compileClasspath,testCompileClasspath,testRuntimeClasspath
org.mule.sdk:mule-sdk-compatibility-api:0.7.0=testCompileClasspath,testRuntimeClasspath
org.mule.services:mule-service-http:1.5.21=muleServices
org.mule.services:mule-service-scheduler:1.5.0=muleServices
org.mule.services:mule-service-weave:2.5.0=muleServices
org.mule.syaml:syaml_2.12:2.0.334=muleServices
org.mule.tools.maven:mule-classloader-model:3.8.5=testCompileClasspath,testRuntimeClasspath
org.mule.weave:avro-module:2.5.0=muleServices
org.mule.weave:core-modules:2.5.0=muleServices
org.mule.weave:core:2.5.0=muleServices
org.mule.weave:debugger:2.5.0=muleServices
org.mule.weave:dwb-api:2.5.0=testCompileClasspath,testRuntimeClasspath
org.mule.weave:dwb-module:2.5.0=muleServices
org.mule.weave:java-module:2.5.0=muleServices
org.mule.weave:jsonschema-module:2.5.0=muleServices
org.mule.weave:ndjson-module:2.5.0=muleServices
org.mule.weave:parser:2.5.0=muleServices
org.mule.weave:runtime:2.5.0=muleServices
org.mule.weave:wlang:2.5.0=muleServices
org.mule.weave:xmlschema-module:2.5.0=muleServices
org.mule.weave:yaml-module:2.5.0=muleServices
org.mule:maven-model-shaded:2.0.0=testCompileClasspath,testRuntimeClasspath
org.mule:mule-maven-client-api:2.0.0=testCompileClasspath,testRuntimeClasspath
org.mule:mule-maven-client-impl:2.0.0=testCompileClasspath,testRuntimeClasspath
org.mule:mule-maven-pom-parser-api:2.0.0=testCompileClasspath,testRuntimeClasspath
org.mule:mule-maven-pom-parser-impl:2.0.0=testCompileClasspath,testRuntimeClasspath
org.objenesis:objenesis:3.3=testCompileClasspath,testRuntimeClasspath
org.opentest4j:opentest4j:1.2.0=testCompileClasspath,testRuntimeClasspath
org.ow2.asm:asm-analysis:9.2=instrumentPluginClasspath,muzzleTooling,runtimeClasspath,testRuntimeClasspath
org.ow2.asm:asm-analysis:9.4=spotbugs
org.ow2.asm:asm-commons:9.2=instrumentPluginClasspath,muzzleTooling,runtimeClasspath,testRuntimeClasspath
org.ow2.asm:asm-commons:9.4=spotbugs
org.ow2.asm:asm-tree:9.2=instrumentPluginClasspath,muzzleTooling,runtimeClasspath,testRuntimeClasspath
org.ow2.asm:asm-tree:9.4=spotbugs
org.ow2.asm:asm-util:9.2=instrumentPluginClasspath,muzzleTooling,runtimeClasspath,testRuntimeClasspath
org.ow2.asm:asm-util:9.4=spotbugs
org.ow2.asm:asm:9.2=instrumentPluginClasspath,muzzleTooling,runtimeClasspath,testRuntimeClasspath
org.ow2.asm:asm:9.4=spotbugs
org.parboiled:parboiled_2.12:2.1.8=muleServices
org.quartz-scheduler:quartz:2.3.2=muleServices
org.raml:raml-parser-2:1.0.44-10=compileClasspath,testCompileClasspath,testRuntimeClasspath
org.raml:yagi:1.0.44-10=compileClasspath,testCompileClasspath,testRuntimeClasspath
org.reactivestreams:reactive-streams:1.0.4=compileClasspath,testCompileClasspath,testRuntimeClasspath
org.reflections:reflections:0.9.10=compileClasspath,testCompileClasspath,testRuntimeClasspath
org.scala-lang:scala-library:2.12.15=muleServices
org.slf4j:jcl-over-slf4j:2.0.7=testCompileClasspath,testRuntimeClasspath
org.slf4j:jul-to-slf4j:2.0.7=testCompileClasspath,testRuntimeClasspath
org.slf4j:log4j-over-slf4j:1.7.30=testCompileClasspath,testRuntimeClasspath
org.slf4j:slf4j-api:1.7.30=compileClasspath,instrumentPluginClasspath,muleServices,muzzleBootstrap,muzzleTooling,runtimeClasspath,spotbugs,spotbugsSlf4j,testCompileClasspath,testRuntimeClasspath
org.slf4j:slf4j-simple:2.0.0=spotbugsSlf4j
org.spockframework:spock-core:2.2-groovy-3.0=testCompileClasspath,testRuntimeClasspath
org.spockframework:spock-junit4:2.2-groovy-3.0=testCompileClasspath,testRuntimeClasspath
org.springframework:spring-aop:5.3.27=testCompileClasspath,testRuntimeClasspath
org.springframework:spring-beans:5.3.27=testCompileClasspath,testRuntimeClasspath
org.springframework:spring-context:5.3.27=testCompileClasspath,testRuntimeClasspath
org.springframework:spring-core:5.3.27=testCompileClasspath,testRuntimeClasspath
org.springframework:spring-expression:5.3.27=testCompileClasspath,testRuntimeClasspath
org.springframework:spring-jcl:5.3.27=testCompileClasspath,testRuntimeClasspath
org.testng:testng:7.5=testRuntimeClasspath
org.togglz:togglz-core:3.0.0=compileClasspath,testCompileClasspath,testRuntimeClasspath
org.typelevel:macro-compat_2.12:1.1.1=muleServices
org.vibur:vibur-object-pool:23.0=compileClasspath,testCompileClasspath,testRuntimeClasspath
org.webjars:jquery:3.5.1=testRuntimeClasspath
org.xmlresolver:xmlresolver:4.4.3=spotbugs
org.yaml:snakeyaml:2.0=compileClasspath,testCompileClasspath,testRuntimeClasspath
xml-apis:xml-apis:1.4.01=spotbugs,testCompileClasspath,testRuntimeClasspath
empty=spotbugsPlugins
