# This is a Gradle generated file for dependency locking.
# Manual edits can break the build and are not advised.
# This file is expected to be part of source control.
cafe.cryptography:curve25519-elisabeth:0.1.0=latest7TestRuntimeClasspath,latest8TestRuntimeClasspath,latestDepTestRuntimeClasspath,testRuntimeClasspath
cafe.cryptography:ed25519-elisabeth:0.1.0=latest7TestRuntimeClasspath,latest8TestRuntimeClasspath,latestDepTestRuntimeClasspath,testRuntimeClasspath
ch.qos.logback:logback-classic:1.2.13=latest7TestCompileClasspath,latest7TestRuntimeClasspath,latest8TestCompileClasspath,latest8TestRuntimeClasspath,latestDepTestCompileClasspath,latestDepTestRuntimeClasspath,testCompileClasspath,testRuntimeClasspath
ch.qos.logback:logback-core:1.2.13=latest7TestCompileClasspath,latest7TestRuntimeClasspath,latest8TestCompileClasspath,latest8TestRuntimeClasspath,latestDepTestCompileClasspath,latestDepTestRuntimeClasspath,testCompileClasspath,testRuntimeClasspath
com.blogspot.mydailyjava:weak-lock-free:0.17=buildTimeInstrumentationPlugin,compileClasspath,latest7TestCompileClasspath,latest7TestRuntimeClasspath,latest8TestCompileClasspath,latest8TestRuntimeClasspath,latestDepTestCompileClasspath,latestDepTestRuntimeClasspath,muzzleTooling,runtimeClasspath,testCompileClasspath,testRuntimeClasspath
com.datadoghq.okhttp3:okhttp:3.12.15=latest7TestCompileClasspath,latest7TestRuntimeClasspath,latest8TestCompileClasspath,latest8TestRuntimeClasspath,latestDepTestCompileClasspath,latestDepTestRuntimeClasspath,testCompileClasspath,testRuntimeClasspath
com.datadoghq.okio:okio:1.17.6=latest7TestCompileClasspath,latest7TestRuntimeClasspath,latest8TestCompileClasspath,latest8TestRuntimeClasspath,latestDepTestCompileClasspath,latestDepTestRuntimeClasspath,testCompileClasspath,testRuntimeClasspath
com.datadoghq:dd-instrument-java:0.0.3=buildTimeInstrumentationPlugin,compileClasspath,latest7TestCompileClasspath,latest7TestRuntimeClasspath,latest8TestCompileClasspath,latest8TestRuntimeClasspath,latestDepTestCompileClasspath,latestDepTestRuntimeClasspath,muzzleBootstrap,muzzleTooling,runtimeClasspath,testCompileClasspath,testRuntimeClasspath
com.datadoghq:dd-javac-plugin-client:0.2.2=buildTimeInstrumentationPlugin,compileClasspath,latest7TestCompileClasspath,latest7TestRuntimeClasspath,latest8TestCompileClasspath,latest8TestRuntimeClasspath,latestDepTestCompileClasspath,latestDepTestRuntimeClasspath,muzzleBootstrap,muzzleTooling,runtimeClasspath,testCompileClasspath,testRuntimeClasspath
com.datadoghq:java-dogstatsd-client:4.4.5=latest7TestRuntimeClasspath,latest8TestRuntimeClasspath,latestDepTestRuntimeClasspath,testRuntimeClasspath
com.datadoghq:sketches-java:0.8.3=latest7TestRuntimeClasspath,latest8TestRuntimeClasspath,latestDepTestRuntimeClasspath,testRuntimeClasspath
com.github.javaparser:javaparser-core:3.25.6=codenarc
com.github.jnr:jffi:1.3.14=latest7TestRuntimeClasspath,latest8TestRuntimeClasspath,latestDepTestRuntimeClasspath,testRuntimeClasspath
com.github.jnr:jnr-a64asm:1.0.0=latest7TestRuntimeClasspath,latest8TestRuntimeClasspath,latestDepTestRuntimeClasspath,testRuntimeClasspath
com.github.jnr:jnr-constants:0.10.4=latest7TestRuntimeClasspath,latest8TestRuntimeClasspath,latestDepTestRuntimeClasspath,testRuntimeClasspath
com.github.jnr:jnr-enxio:0.32.19=latest7TestRuntimeClasspath,latest8TestRuntimeClasspath,latestDepTestRuntimeClasspath,testRuntimeClasspath
com.github.jnr:jnr-ffi:2.2.18=latest7TestRuntimeClasspath,latest8TestRuntimeClasspath,latestDepTestRuntimeClasspath,testRuntimeClasspath
com.github.jnr:jnr-posix:3.1.21=latest7TestRuntimeClasspath,latest8TestRuntimeClasspath,latestDepTestRuntimeClasspath,testRuntimeClasspath
com.github.jnr:jnr-unixsocket:0.38.24=latest7TestRuntimeClasspath,latest8TestRuntimeClasspath,latestDepTestRuntimeClasspath,testRuntimeClasspath
com.github.jnr:jnr-x86asm:1.0.2=latest7TestRuntimeClasspath,latest8TestRuntimeClasspath,latestDepTestRuntimeClasspath,testRuntimeClasspath
com.github.spotbugs:spotbugs-annotations:4.9.8=compileClasspath,latest7TestCompileClasspath,latest7TestRuntimeClasspath,latest8TestCompileClasspath,latest8TestRuntimeClasspath,latestDepTestCompileClasspath,latestDepTestRuntimeClasspath,spotbugs,testCompileClasspath,testRuntimeClasspath
com.github.spotbugs:spotbugs:4.9.8=spotbugs
com.github.stephenc.jcip:jcip-annotations:1.0-1=spotbugs
com.google.auto.service:auto-service-annotations:1.1.1=annotationProcessor,compileClasspath,latest7TestAnnotationProcessor,latest7TestCompileClasspath,latest8TestAnnotationProcessor,latest8TestCompileClasspath,latestDepTestAnnotationProcessor,latestDepTestCompileClasspath,testAnnotationProcessor,testCompileClasspath
com.google.auto.service:auto-service:1.1.1=annotationProcessor,latest7TestAnnotationProcessor,latest8TestAnnotationProcessor,latestDepTestAnnotationProcessor,testAnnotationProcessor
com.google.auto:auto-common:1.2.1=annotationProcessor,latest7TestAnnotationProcessor,latest8TestAnnotationProcessor,latestDepTestAnnotationProcessor,testAnnotationProcessor
com.google.code.findbugs:jsr305:3.0.2=annotationProcessor,compileClasspath,latest7TestAnnotationProcessor,latest7TestCompileClasspath,latest7TestRuntimeClasspath,latest8TestAnnotationProcessor,latest8TestCompileClasspath,latest8TestRuntimeClasspath,latestDepTestAnnotationProcessor,latestDepTestCompileClasspath,latestDepTestRuntimeClasspath,spotbugs,testAnnotationProcessor,testCompileClasspath,testRuntimeClasspath
com.google.code.gson:gson:2.13.2=spotbugs
com.google.errorprone:error_prone_annotations:2.18.0=annotationProcessor,latest7TestAnnotationProcessor,latest8TestAnnotationProcessor,latestDepTestAnnotationProcessor,testAnnotationProcessor
com.google.errorprone:error_prone_annotations:2.41.0=spotbugs
com.google.guava:failureaccess:1.0.1=annotationProcessor,latest7TestAnnotationProcessor,latest8TestAnnotationProcessor,latestDepTestAnnotationProcessor,testAnnotationProcessor
com.google.guava:guava:20.0=latest7TestCompileClasspath,latest7TestRuntimeClasspath,latest8TestCompileClasspath,latest8TestRuntimeClasspath,latestDepTestCompileClasspath,latestDepTestRuntimeClasspath,testCompileClasspath,testRuntimeClasspath
com.google.guava:guava:32.0.1-jre=annotationProcessor,latest7TestAnnotationProcessor,latest8TestAnnotationProcessor,latestDepTestAnnotationProcessor,testAnnotationProcessor
com.google.guava:listenablefuture:9999.0-empty-to-avoid-conflict-with-guava=annotationProcessor,latest7TestAnnotationProcessor,latest8TestAnnotationProcessor,latestDepTestAnnotationProcessor,testAnnotationProcessor
com.google.j2objc:j2objc-annotations:2.8=annotationProcessor,latest7TestAnnotationProcessor,latest8TestAnnotationProcessor,latestDepTestAnnotationProcessor,testAnnotationProcessor
com.google.protobuf:protobuf-java:2.5.0=testCompileClasspath,testRuntimeClasspath
com.google.re2j:re2j:1.7=latest7TestRuntimeClasspath,latest8TestRuntimeClasspath,latestDepTestRuntimeClasspath,testRuntimeClasspath
com.squareup.moshi:moshi:1.11.0=latest7TestCompileClasspath,latest7TestRuntimeClasspath,latest8TestCompileClasspath,latest8TestRuntimeClasspath,latestDepTestCompileClasspath,latestDepTestRuntimeClasspath,testCompileClasspath,testRuntimeClasspath
com.squareup.okhttp3:logging-interceptor:3.12.12=latest7TestCompileClasspath,latest7TestRuntimeClasspath,latest8TestCompileClasspath,latest8TestRuntimeClasspath,latestDepTestCompileClasspath,latestDepTestRuntimeClasspath,testCompileClasspath,testRuntimeClasspath
com.squareup.okhttp3:okhttp:3.12.12=latest7TestCompileClasspath,latest7TestRuntimeClasspath,latest8TestCompileClasspath,latest8TestRuntimeClasspath,latestDepTestCompileClasspath,latestDepTestRuntimeClasspath,testCompileClasspath,testRuntimeClasspath
com.squareup.okio:okio:1.17.5=latest7TestCompileClasspath,latest7TestRuntimeClasspath,latest8TestCompileClasspath,latest8TestRuntimeClasspath,latestDepTestCompileClasspath,latestDepTestRuntimeClasspath,testCompileClasspath,testRuntimeClasspath
com.thoughtworks.qdox:qdox:1.12.1=codenarc
com.thoughtworks.xstream:xstream:1.4.20=latest7TestCompileClasspath,latest7TestRuntimeClasspath
com.thoughtworks.xstream:xstream:1.4.3=testCompileClasspath,testRuntimeClasspath
commons-codec:commons-codec:1.15=latest7TestCompileClasspath,latest7TestRuntimeClasspath,latest8TestCompileClasspath,latest8TestRuntimeClasspath
commons-codec:commons-codec:1.18.0=latestDepTestCompileClasspath,latestDepTestRuntimeClasspath
commons-fileupload:commons-fileupload:1.5=latest7TestCompileClasspath,latest7TestRuntimeClasspath,latest8TestCompileClasspath,latest8TestRuntimeClasspath,latestDepTestCompileClasspath,latestDepTestRuntimeClasspath,testCompileClasspath,testRuntimeClasspath
commons-io:commons-io:2.11.0=latest7TestCompileClasspath,latest7TestRuntimeClasspath,latest8TestCompileClasspath,latest8TestRuntimeClasspath,latestDepTestCompileClasspath,latestDepTestRuntimeClasspath,testCompileClasspath,testRuntimeClasspath
commons-io:commons-io:2.20.0=spotbugs
de.thetaphi:forbiddenapis:3.10=compileClasspath,latest7TestCompileClasspath,latest7TestRuntimeClasspath,latest8TestCompileClasspath,latest8TestRuntimeClasspath,latestDepTestCompileClasspath,latestDepTestRuntimeClasspath,testCompileClasspath,testRuntimeClasspath
io.github.x-stream:mxparser:1.2.2=latest7TestCompileClasspath,latest7TestRuntimeClasspath
io.leangen.geantyref:geantyref:1.3.16=latest7TestRuntimeClasspath,latest8TestRuntimeClasspath,latestDepTestRuntimeClasspath,testRuntimeClasspath
io.sqreen:libsqreen:17.3.0=latest7TestRuntimeClasspath,latest8TestRuntimeClasspath,latestDepTestRuntimeClasspath,testRuntimeClasspath
javax.servlet:javax.servlet-api:3.1.0=latest7TestCompileClasspath,latest7TestRuntimeClasspath,latest8TestCompileClasspath,latest8TestRuntimeClasspath,latestDepTestCompileClasspath,latestDepTestRuntimeClasspath,testCompileClasspath,testRuntimeClasspath
jaxen:jaxen:2.0.0=spotbugs
junit:junit:4.13.2=latest7TestRuntimeClasspath,latest8TestRuntimeClasspath,latestDepTestRuntimeClasspath,testRuntimeClasspath
net.bytebuddy:byte-buddy-agent:1.18.8=buildTimeInstrumentationPlugin,compileClasspath,latest7TestCompileClasspath,latest7TestRuntimeClasspath,latest8TestCompileClasspath,latest8TestRuntimeClasspath,latestDepTestCompileClasspath,latestDepTestRuntimeClasspath,muzzleTooling,runtimeClasspath,testCompileClasspath,testRuntimeClasspath
net.bytebuddy:byte-buddy:1.18.8=buildTimeInstrumentationPlugin,compileClasspath,latest7TestCompileClasspath,latest7TestRuntimeClasspath,latest8TestCompileClasspath,latest8TestRuntimeClasspath,latestDepTestCompileClasspath,latestDepTestRuntimeClasspath,muzzleTooling,runtimeClasspath,testCompileClasspath,testRuntimeClasspath
net.java.dev.jna:jna-platform:5.8.0=latest7TestRuntimeClasspath,latest8TestRuntimeClasspath,latestDepTestRuntimeClasspath,testRuntimeClasspath
net.java.dev.jna:jna:5.8.0=latest7TestRuntimeClasspath,latest8TestRuntimeClasspath,latestDepTestRuntimeClasspath,testRuntimeClasspath
net.sf.saxon:Saxon-HE:12.9=spotbugs
org.antlr:antlr-runtime:3.5=testCompileClasspath,testRuntimeClasspath
org.antlr:antlr-runtime:3.5.2=latest7TestCompileClasspath,latest7TestRuntimeClasspath,latest8TestCompileClasspath,latest8TestRuntimeClasspath,latestDepTestCompileClasspath,latestDepTestRuntimeClasspath
org.antlr:antlr4-runtime:4.10.1=latestDepTestCompileClasspath,latestDepTestRuntimeClasspath
org.apache.ant:ant-antlr:1.10.14=codenarc
org.apache.ant:ant-junit:1.10.14=codenarc
org.apache.bcel:bcel:6.11.0=spotbugs
org.apache.commons:commons-lang3:3.19.0=spotbugs
org.apache.commons:commons-text:1.14.0=spotbugs
org.apache.logging.log4j:log4j-api:2.25.2=spotbugs
org.apache.logging.log4j:log4j-core:2.25.2=spotbugs
org.apiguardian:apiguardian-api:1.1.2=latest7TestCompileClasspath,latest8TestCompileClasspath,latestDepTestCompileClasspath,testCompileClasspath
org.checkerframework:checker-qual:3.33.0=annotationProcessor,latest7TestAnnotationProcessor,latest8TestAnnotationProcessor,latestDepTestAnnotationProcessor,testAnnotationProcessor
org.codehaus.groovy:groovy-ant:3.0.23=codenarc
org.codehaus.groovy:groovy-docgenerator:3.0.23=codenarc
org.codehaus.groovy:groovy-groovydoc:3.0.23=codenarc
org.codehaus.groovy:groovy-json:3.0.23=codenarc
org.codehaus.groovy:groovy-json:3.0.25=latest7TestCompileClasspath,latest7TestRuntimeClasspath,latest8TestCompileClasspath,latest8TestRuntimeClasspath,latestDepTestCompileClasspath,latestDepTestRuntimeClasspath,testCompileClasspath,testRuntimeClasspath
org.codehaus.groovy:groovy-templates:3.0.23=codenarc
org.codehaus.groovy:groovy-xml:3.0.23=codenarc
org.codehaus.groovy:groovy:3.0.23=codenarc
org.codehaus.groovy:groovy:3.0.25=latest7TestCompileClasspath,latest7TestRuntimeClasspath,latest8TestCompileClasspath,latest8TestRuntimeClasspath,latestDepTestCompileClasspath,latestDepTestRuntimeClasspath,testCompileClasspath,testRuntimeClasspath
org.codenarc:CodeNarc:3.7.0=codenarc
org.dom4j:dom4j:2.2.0=spotbugs
org.drools:drools-base:10.1.0=latestDepTestCompileClasspath,latestDepTestRuntimeClasspath
org.drools:drools-base:8.44.0.Final=latest8TestCompileClasspath,latest8TestRuntimeClasspath
org.drools:drools-compiler:10.1.0=latestDepTestCompileClasspath,latestDepTestRuntimeClasspath
org.drools:drools-compiler:6.0.0.Final=testCompileClasspath,testRuntimeClasspath
org.drools:drools-compiler:7.74.1.Final=latest7TestCompileClasspath,latest7TestRuntimeClasspath
org.drools:drools-compiler:8.44.0.Final=latest8TestCompileClasspath,latest8TestRuntimeClasspath
org.drools:drools-core-dynamic:7.74.1.Final=latest7TestRuntimeClasspath
org.drools:drools-core-reflective:7.74.1.Final=latest7TestCompileClasspath,latest7TestRuntimeClasspath
org.drools:drools-core:10.1.0=latestDepTestCompileClasspath,latestDepTestRuntimeClasspath
org.drools:drools-core:6.0.0.Final=testCompileClasspath,testRuntimeClasspath
org.drools:drools-core:7.74.1.Final=latest7TestCompileClasspath,latest7TestRuntimeClasspath
org.drools:drools-core:8.44.0.Final=latest8TestCompileClasspath,latest8TestRuntimeClasspath
org.drools:drools-drl-ast:10.1.0=latestDepTestCompileClasspath,latestDepTestRuntimeClasspath
org.drools:drools-drl-ast:8.44.0.Final=latest8TestCompileClasspath,latest8TestRuntimeClasspath
org.drools:drools-drl-extensions:10.1.0=latestDepTestCompileClasspath,latestDepTestRuntimeClasspath
org.drools:drools-drl-extensions:8.44.0.Final=latest8TestCompileClasspath,latest8TestRuntimeClasspath
org.drools:drools-drl-parser:10.1.0=latestDepTestCompileClasspath,latestDepTestRuntimeClasspath
org.drools:drools-drl-parser:8.44.0.Final=latest8TestCompileClasspath,latest8TestRuntimeClasspath
org.drools:drools-ecj:10.1.0=latestDepTestCompileClasspath,latestDepTestRuntimeClasspath
org.drools:drools-ecj:7.74.1.Final=latest7TestCompileClasspath,latest7TestRuntimeClasspath
org.drools:drools-ecj:8.44.0.Final=latest8TestCompileClasspath,latest8TestRuntimeClasspath
org.drools:drools-io:10.1.0=latestDepTestCompileClasspath,latestDepTestRuntimeClasspath
org.drools:drools-io:8.44.0.Final=latest8TestCompileClasspath,latest8TestRuntimeClasspath
org.drools:drools-kiesession:10.1.0=latestDepTestCompileClasspath,latestDepTestRuntimeClasspath
org.drools:drools-kiesession:8.44.0.Final=latest8TestCompileClasspath,latest8TestRuntimeClasspath
org.drools:drools-mvel:10.1.0=latestDepTestCompileClasspath,latestDepTestRuntimeClasspath
org.drools:drools-mvel:7.74.1.Final=latest7TestCompileClasspath,latest7TestRuntimeClasspath
org.drools:drools-mvel:8.44.0.Final=latest8TestCompileClasspath,latest8TestRuntimeClasspath
org.drools:drools-util:10.1.0=latestDepTestCompileClasspath,latestDepTestRuntimeClasspath
org.drools:drools-util:8.44.0.Final=latest8TestCompileClasspath,latest8TestRuntimeClasspath
org.drools:drools-wiring-api:10.1.0=latestDepTestCompileClasspath,latestDepTestRuntimeClasspath
org.drools:drools-wiring-api:8.44.0.Final=latest8TestCompileClasspath,latest8TestRuntimeClasspath
org.drools:drools-wiring-dynamic:10.1.0=latestDepTestCompileClasspath,latestDepTestRuntimeClasspath
org.drools:drools-wiring-dynamic:8.44.0.Final=latest8TestCompileClasspath,latest8TestRuntimeClasspath
org.drools:drools-wiring-static:10.1.0=latestDepTestCompileClasspath,latestDepTestRuntimeClasspath
org.drools:drools-wiring-static:8.44.0.Final=latest8TestCompileClasspath,latest8TestRuntimeClasspath
org.eclipse.jdt.core.compiler:ecj:3.7.2=testCompileClasspath,testRuntimeClasspath
org.eclipse.jdt:ecj:3.33.0=latest8TestCompileClasspath,latest8TestRuntimeClasspath,latestDepTestCompileClasspath,latestDepTestRuntimeClasspath
org.gmetrics:GMetrics:2.1.0=codenarc
org.hamcrest:hamcrest-core:1.3=latest7TestRuntimeClasspath,latest8TestRuntimeClasspath,latestDepTestRuntimeClasspath,testRuntimeClasspath
org.hamcrest:hamcrest:3.0=latest7TestCompileClasspath,latest7TestRuntimeClasspath,latest8TestCompileClasspath,latest8TestRuntimeClasspath,latestDepTestCompileClasspath,latestDepTestRuntimeClasspath,testCompileClasspath,testRuntimeClasspath
org.jctools:jctools-core-jdk11:4.0.6=latest7TestRuntimeClasspath,latest8TestRuntimeClasspath,latestDepTestRuntimeClasspath,testRuntimeClasspath
org.jctools:jctools-core:4.0.6=latest7TestRuntimeClasspath,latest8TestRuntimeClasspath,latestDepTestRuntimeClasspath,testRuntimeClasspath
org.junit.jupiter:junit-jupiter-api:5.14.1=latest7TestCompileClasspath,latest7TestRuntimeClasspath,latest8TestCompileClasspath,latest8TestRuntimeClasspath,latestDepTestCompileClasspath,latestDepTestRuntimeClasspath,testCompileClasspath,testRuntimeClasspath
org.junit.jupiter:junit-jupiter-engine:5.14.1=latest7TestRuntimeClasspath,latest8TestRuntimeClasspath,latestDepTestRuntimeClasspath,testRuntimeClasspath
org.junit.jupiter:junit-jupiter-params:5.14.1=latest7TestCompileClasspath,latest7TestRuntimeClasspath,latest8TestCompileClasspath,latest8TestRuntimeClasspath,latestDepTestCompileClasspath,latestDepTestRuntimeClasspath,testCompileClasspath,testRuntimeClasspath
org.junit.jupiter:junit-jupiter:5.14.1=latest7TestCompileClasspath,latest7TestRuntimeClasspath,latest8TestCompileClasspath,latest8TestRuntimeClasspath,latestDepTestCompileClasspath,latestDepTestRuntimeClasspath,testCompileClasspath,testRuntimeClasspath
org.junit.platform:junit-platform-commons:1.14.1=latest7TestCompileClasspath,latest7TestRuntimeClasspath,latest8TestCompileClasspath,latest8TestRuntimeClasspath,latestDepTestCompileClasspath,latestDepTestRuntimeClasspath,testCompileClasspath,testRuntimeClasspath
org.junit.platform:junit-platform-engine:1.14.1=latest7TestCompileClasspath,latest7TestRuntimeClasspath,latest8TestCompileClasspath,latest8TestRuntimeClasspath,latestDepTestCompileClasspath,latestDepTestRuntimeClasspath,testCompileClasspath,testRuntimeClasspath
org.junit.platform:junit-platform-launcher:1.14.1=latest7TestRuntimeClasspath,latest8TestRuntimeClasspath,latestDepTestRuntimeClasspath,testRuntimeClasspath
org.junit.platform:junit-platform-runner:1.14.1=latest7TestRuntimeClasspath,latest8TestRuntimeClasspath,latestDepTestRuntimeClasspath,testRuntimeClasspath
org.junit.platform:junit-platform-suite-api:1.14.1=latest7TestRuntimeClasspath,latest8TestRuntimeClasspath,latestDepTestRuntimeClasspath,testRuntimeClasspath
org.junit.platform:junit-platform-suite-commons:1.14.1=latest7TestRuntimeClasspath,latest8TestRuntimeClasspath,latestDepTestRuntimeClasspath,testRuntimeClasspath
org.junit:junit-bom:5.14.0=spotbugs
org.junit:junit-bom:5.14.1=latest7TestCompileClasspath,latest7TestRuntimeClasspath,latest8TestCompileClasspath,latest8TestRuntimeClasspath,latestDepTestCompileClasspath,latestDepTestRuntimeClasspath,testCompileClasspath,testRuntimeClasspath
org.kie.soup:kie-soup-commons:7.74.1.Final=latest7TestCompileClasspath,latest7TestRuntimeClasspath
org.kie.soup:kie-soup-maven-support:7.74.1.Final=latest7TestCompileClasspath,latest7TestRuntimeClasspath
org.kie.soup:kie-soup-project-datamodel-api:7.74.1.Final=latest7TestCompileClasspath,latest7TestRuntimeClasspath
org.kie.soup:kie-soup-project-datamodel-commons:7.74.1.Final=latest7TestCompileClasspath,latest7TestRuntimeClasspath
org.kie.soup:kie-soup-xstream:7.74.1.Final=latest7TestCompileClasspath,latest7TestRuntimeClasspath
org.kie:kie-api:10.1.0=latestDepTestCompileClasspath,latestDepTestRuntimeClasspath
org.kie:kie-api:6.0.0.Final=testCompileClasspath,testRuntimeClasspath
org.kie:kie-api:7.74.1.Final=latest7TestCompileClasspath,latest7TestRuntimeClasspath
org.kie:kie-api:8.44.0.Final=latest8TestCompileClasspath,latest8TestRuntimeClasspath
org.kie:kie-internal:10.1.0=latestDepTestCompileClasspath,latestDepTestRuntimeClasspath
org.kie:kie-internal:6.0.0.Final=testCompileClasspath,testRuntimeClasspath
org.kie:kie-internal:7.74.1.Final=latest7TestCompileClasspath,latest7TestRuntimeClasspath
org.kie:kie-internal:8.44.0.Final=latest8TestCompileClasspath,latest8TestRuntimeClasspath
org.kie:kie-memory-compiler:10.1.0=latestDepTestCompileClasspath,latestDepTestRuntimeClasspath
org.kie:kie-memory-compiler:7.74.1.Final=latest7TestCompileClasspath,latest7TestRuntimeClasspath
org.kie:kie-memory-compiler:8.44.0.Final=latest8TestCompileClasspath,latest8TestRuntimeClasspath
org.kie:kie-util-maven-support:10.1.0=latestDepTestCompileClasspath,latestDepTestRuntimeClasspath
org.kie:kie-util-maven-support:8.44.0.Final=latest8TestCompileClasspath,latest8TestRuntimeClasspath
org.kie:kie-util-xml:10.1.0=latestDepTestCompileClasspath,latestDepTestRuntimeClasspath
org.kie:kie-util-xml:8.44.0.Final=latest8TestCompileClasspath,latest8TestRuntimeClasspath
org.mockito:mockito-core:4.4.0=latest7TestRuntimeClasspath,latest8TestRuntimeClasspath,latestDepTestRuntimeClasspath,testRuntimeClasspath
org.mvel:mvel2:2.1.7.Final=testCompileClasspath,testRuntimeClasspath
org.mvel:mvel2:2.4.15.Final=latest7TestCompileClasspath,latest7TestRuntimeClasspath
org.mvel:mvel2:2.5.0.Final=latest8TestCompileClasspath,latest8TestRuntimeClasspath
org.mvel:mvel2:2.5.2.Final=latestDepTestCompileClasspath,latestDepTestRuntimeClasspath
org.objenesis:objenesis:3.3=latest7TestCompileClasspath,latest7TestRuntimeClasspath,latest8TestCompileClasspath,latest8TestRuntimeClasspath,latestDepTestCompileClasspath,latestDepTestRuntimeClasspath,testCompileClasspath,testRuntimeClasspath
org.opentest4j:opentest4j:1.3.0=latest7TestCompileClasspath,latest7TestRuntimeClasspath,latest8TestCompileClasspath,latest8TestRuntimeClasspath,latestDepTestCompileClasspath,latestDepTestRuntimeClasspath,testCompileClasspath,testRuntimeClasspath
org.ow2.asm:asm-analysis:9.7.1=latest7TestRuntimeClasspath,latest8TestRuntimeClasspath,latestDepTestRuntimeClasspath,testRuntimeClasspath
org.ow2.asm:asm-analysis:9.9=spotbugs
org.ow2.asm:asm-commons:9.9=spotbugs
org.ow2.asm:asm-commons:9.9.1=latest7TestRuntimeClasspath,latest8TestRuntimeClasspath,latestDepTestRuntimeClasspath,testRuntimeClasspath
org.ow2.asm:asm-tree:9.9=spotbugs
org.ow2.asm:asm-tree:9.9.1=latest7TestRuntimeClasspath,latest8TestRuntimeClasspath,latestDepTestRuntimeClasspath,testRuntimeClasspath
org.ow2.asm:asm-util:9.7.1=latest7TestRuntimeClasspath,latest8TestRuntimeClasspath,latestDepTestRuntimeClasspath,testRuntimeClasspath
org.ow2.asm:asm-util:9.9=spotbugs
org.ow2.asm:asm:9.9=spotbugs
org.ow2.asm:asm:9.9.1=buildTimeInstrumentationPlugin,compileClasspath,latest7TestCompileClasspath,latest7TestRuntimeClasspath,latest8TestCompileClasspath,latest8TestRuntimeClasspath,latestDepTestCompileClasspath,latestDepTestRuntimeClasspath,muzzleTooling,runtimeClasspath,testCompileClasspath,testRuntimeClasspath
org.slf4j:jcl-over-slf4j:1.7.30=latest7TestCompileClasspath,latest7TestRuntimeClasspath,latest8TestCompileClasspath,latest8TestRuntimeClasspath,latestDepTestCompileClasspath,latestDepTestRuntimeClasspath,testCompileClasspath,testRuntimeClasspath
org.slf4j:jul-to-slf4j:1.7.30=latest7TestCompileClasspath,latest7TestRuntimeClasspath,latest8TestCompileClasspath,latest8TestRuntimeClasspath,latestDepTestCompileClasspath,latestDepTestRuntimeClasspath,testCompileClasspath,testRuntimeClasspath
org.slf4j:log4j-over-slf4j:1.7.30=latest7TestCompileClasspath,latest7TestRuntimeClasspath,latest8TestCompileClasspath,latest8TestRuntimeClasspath,latestDepTestCompileClasspath,latestDepTestRuntimeClasspath,testCompileClasspath,testRuntimeClasspath
org.slf4j:slf4j-api:1.7.30=buildTimeInstrumentationPlugin,compileClasspath,latestDepTestCompileClasspath,latestDepTestRuntimeClasspath,muzzleBootstrap,muzzleTooling,runtimeClasspath
org.slf4j:slf4j-api:1.7.32=latest7TestCompileClasspath,latest7TestRuntimeClasspath,latest8TestCompileClasspath,latest8TestRuntimeClasspath,testCompileClasspath,testRuntimeClasspath
org.slf4j:slf4j-api:2.0.17=spotbugs,spotbugsSlf4j
org.slf4j:slf4j-simple:2.0.17=spotbugsSlf4j
org.snakeyaml:snakeyaml-engine:2.9=buildTimeInstrumentationPlugin,latest7TestRuntimeClasspath,latest8TestRuntimeClasspath,latestDepTestRuntimeClasspath,muzzleTooling,runtimeClasspath,testRuntimeClasspath
org.spockframework:spock-bom:2.4-groovy-3.0=latest7TestCompileClasspath,latest7TestRuntimeClasspath,latest8TestCompileClasspath,latest8TestRuntimeClasspath,latestDepTestCompileClasspath,latestDepTestRuntimeClasspath,testCompileClasspath,testRuntimeClasspath
org.spockframework:spock-core:2.4-groovy-3.0=latest7TestCompileClasspath,latest7TestRuntimeClasspath,latest8TestCompileClasspath,latest8TestRuntimeClasspath,latestDepTestCompileClasspath,latestDepTestRuntimeClasspath,testCompileClasspath,testRuntimeClasspath
org.tabletest:tabletest-junit:1.2.1=latest7TestCompileClasspath,latest7TestRuntimeClasspath,latest8TestCompileClasspath,latest8TestRuntimeClasspath,latestDepTestCompileClasspath,latestDepTestRuntimeClasspath,testCompileClasspath,testRuntimeClasspath
org.tabletest:tabletest-parser:1.2.0=latest7TestCompileClasspath,latest7TestRuntimeClasspath,latest8TestCompileClasspath,latest8TestRuntimeClasspath,latestDepTestCompileClasspath,latestDepTestRuntimeClasspath,testCompileClasspath,testRuntimeClasspath
org.xmlresolver:xmlresolver:5.3.3=spotbugs
xmlpull:xmlpull:1.1.3.1=latest7TestCompileClasspath,latest7TestRuntimeClasspath,testCompileClasspath,testRuntimeClasspath
xpp3:xpp3_min:1.1.4c=testCompileClasspath,testRuntimeClasspath
empty=spotbugsPlugins
