# This is a Gradle generated file for dependency locking.
# Manual edits can break the build and are not advised.
# This file is expected to be part of source control.
# To regenerate this file, run: ./gradlew :dd-java-agent:instrumentation:lettuce:lettuce-5.0:dependencies --write-locks
cafe.cryptography:curve25519-elisabeth:0.1.0=latestDepForkedTestRuntimeClasspath,latestDepTestRuntimeClasspath,lettuce51TestRuntimeClasspath,lettuce60TestRuntimeClasspath,lettuce61TestRuntimeClasspath,lettuce62TestRuntimeClasspath,testRuntimeClasspath
cafe.cryptography:ed25519-elisabeth:0.1.0=latestDepForkedTestRuntimeClasspath,latestDepTestRuntimeClasspath,lettuce51TestRuntimeClasspath,lettuce60TestRuntimeClasspath,lettuce61TestRuntimeClasspath,lettuce62TestRuntimeClasspath,testRuntimeClasspath
ch.qos.logback:logback-classic:1.2.13=latestDepForkedTestCompileClasspath,latestDepForkedTestRuntimeClasspath,latestDepTestCompileClasspath,latestDepTestRuntimeClasspath,lettuce51TestCompileClasspath,lettuce51TestRuntimeClasspath,lettuce60TestCompileClasspath,lettuce60TestRuntimeClasspath,lettuce61TestCompileClasspath,lettuce61TestRuntimeClasspath,lettuce62TestCompileClasspath,lettuce62TestRuntimeClasspath,testCompileClasspath,testRuntimeClasspath
ch.qos.logback:logback-core:1.2.13=latestDepForkedTestCompileClasspath,latestDepForkedTestRuntimeClasspath,latestDepTestCompileClasspath,latestDepTestRuntimeClasspath,lettuce51TestCompileClasspath,lettuce51TestRuntimeClasspath,lettuce60TestCompileClasspath,lettuce60TestRuntimeClasspath,lettuce61TestCompileClasspath,lettuce61TestRuntimeClasspath,lettuce62TestCompileClasspath,lettuce62TestRuntimeClasspath,testCompileClasspath,testRuntimeClasspath
com.blogspot.mydailyjava:weak-lock-free:0.17=buildTimeInstrumentationPlugin,compileClasspath,latestDepForkedTestCompileClasspath,latestDepForkedTestRuntimeClasspath,latestDepTestCompileClasspath,latestDepTestRuntimeClasspath,lettuce51TestCompileClasspath,lettuce51TestRuntimeClasspath,lettuce60TestCompileClasspath,lettuce60TestRuntimeClasspath,lettuce61TestCompileClasspath,lettuce61TestRuntimeClasspath,lettuce62TestCompileClasspath,lettuce62TestRuntimeClasspath,muzzleTooling,runtimeClasspath,testCompileClasspath,testRuntimeClasspath
com.datadoghq.okhttp3:okhttp:3.12.15=latestDepForkedTestCompileClasspath,latestDepForkedTestRuntimeClasspath,latestDepTestCompileClasspath,latestDepTestRuntimeClasspath,lettuce51TestCompileClasspath,lettuce51TestRuntimeClasspath,lettuce60TestCompileClasspath,lettuce60TestRuntimeClasspath,lettuce61TestCompileClasspath,lettuce61TestRuntimeClasspath,lettuce62TestCompileClasspath,lettuce62TestRuntimeClasspath,testCompileClasspath,testRuntimeClasspath
com.datadoghq.okio:okio:1.17.6=latestDepForkedTestCompileClasspath,latestDepForkedTestRuntimeClasspath,latestDepTestCompileClasspath,latestDepTestRuntimeClasspath,lettuce51TestCompileClasspath,lettuce51TestRuntimeClasspath,lettuce60TestCompileClasspath,lettuce60TestRuntimeClasspath,lettuce61TestCompileClasspath,lettuce61TestRuntimeClasspath,lettuce62TestCompileClasspath,lettuce62TestRuntimeClasspath,testCompileClasspath,testRuntimeClasspath
com.datadoghq:dd-instrument-java:0.0.4=buildTimeInstrumentationPlugin,compileClasspath,latestDepForkedTestCompileClasspath,latestDepForkedTestRuntimeClasspath,latestDepTestCompileClasspath,latestDepTestRuntimeClasspath,lettuce51TestCompileClasspath,lettuce51TestRuntimeClasspath,lettuce60TestCompileClasspath,lettuce60TestRuntimeClasspath,lettuce61TestCompileClasspath,lettuce61TestRuntimeClasspath,lettuce62TestCompileClasspath,lettuce62TestRuntimeClasspath,muzzleBootstrap,muzzleTooling,runtimeClasspath,testCompileClasspath,testRuntimeClasspath
com.datadoghq:dd-javac-plugin-client:0.2.2=buildTimeInstrumentationPlugin,compileClasspath,latestDepForkedTestCompileClasspath,latestDepForkedTestRuntimeClasspath,latestDepTestCompileClasspath,latestDepTestRuntimeClasspath,lettuce51TestCompileClasspath,lettuce51TestRuntimeClasspath,lettuce60TestCompileClasspath,lettuce60TestRuntimeClasspath,lettuce61TestCompileClasspath,lettuce61TestRuntimeClasspath,lettuce62TestCompileClasspath,lettuce62TestRuntimeClasspath,muzzleBootstrap,muzzleTooling,runtimeClasspath,testCompileClasspath,testRuntimeClasspath
com.datadoghq:java-dogstatsd-client:4.4.5=latestDepForkedTestRuntimeClasspath,latestDepTestRuntimeClasspath,lettuce51TestRuntimeClasspath,lettuce60TestRuntimeClasspath,lettuce61TestRuntimeClasspath,lettuce62TestRuntimeClasspath,testRuntimeClasspath
com.datadoghq:sketches-java:0.8.3=latestDepForkedTestRuntimeClasspath,latestDepTestRuntimeClasspath,lettuce51TestRuntimeClasspath,lettuce60TestRuntimeClasspath,lettuce61TestRuntimeClasspath,lettuce62TestRuntimeClasspath,testRuntimeClasspath
com.fasterxml.jackson.core:jackson-annotations:2.10.3=latestDepForkedTestCompileClasspath,latestDepTestCompileClasspath,lettuce51TestCompileClasspath,lettuce60TestCompileClasspath,lettuce61TestCompileClasspath,lettuce62TestCompileClasspath,testCompileClasspath
com.fasterxml.jackson.core:jackson-annotations:2.13.2=latestDepForkedTestRuntimeClasspath,latestDepTestRuntimeClasspath,lettuce51TestRuntimeClasspath,lettuce60TestRuntimeClasspath,lettuce61TestRuntimeClasspath,lettuce62TestRuntimeClasspath,testRuntimeClasspath
com.fasterxml.jackson.core:jackson-core:2.13.2=latestDepForkedTestRuntimeClasspath,latestDepTestRuntimeClasspath,lettuce51TestRuntimeClasspath,lettuce60TestRuntimeClasspath,lettuce61TestRuntimeClasspath,lettuce62TestRuntimeClasspath,testRuntimeClasspath
com.fasterxml.jackson.core:jackson-databind:2.13.2.1=latestDepForkedTestRuntimeClasspath,latestDepTestRuntimeClasspath,lettuce51TestRuntimeClasspath,lettuce60TestRuntimeClasspath,lettuce61TestRuntimeClasspath,lettuce62TestRuntimeClasspath,testRuntimeClasspath
com.fasterxml.jackson:jackson-bom:2.13.2.1=latestDepForkedTestRuntimeClasspath,latestDepTestRuntimeClasspath,lettuce51TestRuntimeClasspath,lettuce60TestRuntimeClasspath,lettuce61TestRuntimeClasspath,lettuce62TestRuntimeClasspath,testRuntimeClasspath
com.github.docker-java:docker-java-api:3.4.2=latestDepForkedTestCompileClasspath,latestDepForkedTestRuntimeClasspath,latestDepTestCompileClasspath,latestDepTestRuntimeClasspath,lettuce51TestCompileClasspath,lettuce51TestRuntimeClasspath,lettuce60TestCompileClasspath,lettuce60TestRuntimeClasspath,lettuce61TestCompileClasspath,lettuce61TestRuntimeClasspath,lettuce62TestCompileClasspath,lettuce62TestRuntimeClasspath,testCompileClasspath,testRuntimeClasspath
com.github.docker-java:docker-java-transport-zerodep:3.4.2=latestDepForkedTestCompileClasspath,latestDepForkedTestRuntimeClasspath,latestDepTestCompileClasspath,latestDepTestRuntimeClasspath,lettuce51TestCompileClasspath,lettuce51TestRuntimeClasspath,lettuce60TestCompileClasspath,lettuce60TestRuntimeClasspath,lettuce61TestCompileClasspath,lettuce61TestRuntimeClasspath,lettuce62TestCompileClasspath,lettuce62TestRuntimeClasspath,testCompileClasspath,testRuntimeClasspath
com.github.docker-java:docker-java-transport:3.4.2=latestDepForkedTestCompileClasspath,latestDepForkedTestRuntimeClasspath,latestDepTestCompileClasspath,latestDepTestRuntimeClasspath,lettuce51TestCompileClasspath,lettuce51TestRuntimeClasspath,lettuce60TestCompileClasspath,lettuce60TestRuntimeClasspath,lettuce61TestCompileClasspath,lettuce61TestRuntimeClasspath,lettuce62TestCompileClasspath,lettuce62TestRuntimeClasspath,testCompileClasspath,testRuntimeClasspath
com.github.javaparser:javaparser-core:3.25.6=codenarc
com.github.jnr:jffi:1.3.15=latestDepForkedTestRuntimeClasspath,latestDepTestRuntimeClasspath,lettuce51TestRuntimeClasspath,lettuce60TestRuntimeClasspath,lettuce61TestRuntimeClasspath,lettuce62TestRuntimeClasspath,testRuntimeClasspath
com.github.jnr:jnr-a64asm:1.0.0=latestDepForkedTestRuntimeClasspath,latestDepTestRuntimeClasspath,lettuce51TestRuntimeClasspath,lettuce60TestRuntimeClasspath,lettuce61TestRuntimeClasspath,lettuce62TestRuntimeClasspath,testRuntimeClasspath
com.github.jnr:jnr-constants:0.10.4=latestDepForkedTestRuntimeClasspath,latestDepTestRuntimeClasspath,lettuce51TestRuntimeClasspath,lettuce60TestRuntimeClasspath,lettuce61TestRuntimeClasspath,lettuce62TestRuntimeClasspath,testRuntimeClasspath
com.github.jnr:jnr-enxio:0.32.20=latestDepForkedTestRuntimeClasspath,latestDepTestRuntimeClasspath,lettuce51TestRuntimeClasspath,lettuce60TestRuntimeClasspath,lettuce61TestRuntimeClasspath,lettuce62TestRuntimeClasspath,testRuntimeClasspath
com.github.jnr:jnr-ffi:2.2.19=latestDepForkedTestRuntimeClasspath,latestDepTestRuntimeClasspath,lettuce51TestRuntimeClasspath,lettuce60TestRuntimeClasspath,lettuce61TestRuntimeClasspath,lettuce62TestRuntimeClasspath,testRuntimeClasspath
com.github.jnr:jnr-posix:3.1.22=latestDepForkedTestRuntimeClasspath,latestDepTestRuntimeClasspath,lettuce51TestRuntimeClasspath,lettuce60TestRuntimeClasspath,lettuce61TestRuntimeClasspath,lettuce62TestRuntimeClasspath,testRuntimeClasspath
com.github.jnr:jnr-unixsocket:0.38.25=latestDepForkedTestRuntimeClasspath,latestDepTestRuntimeClasspath,lettuce51TestRuntimeClasspath,lettuce60TestRuntimeClasspath,lettuce61TestRuntimeClasspath,lettuce62TestRuntimeClasspath,testRuntimeClasspath
com.github.jnr:jnr-x86asm:1.0.2=latestDepForkedTestRuntimeClasspath,latestDepTestRuntimeClasspath,lettuce51TestRuntimeClasspath,lettuce60TestRuntimeClasspath,lettuce61TestRuntimeClasspath,lettuce62TestRuntimeClasspath,testRuntimeClasspath
com.github.spotbugs:spotbugs-annotations:4.9.8=compileClasspath,spotbugs
com.github.spotbugs:spotbugs:4.9.8=spotbugs
com.github.stephenc.jcip:jcip-annotations:1.0-1=spotbugs
com.google.auto.service:auto-service-annotations:1.1.1=annotationProcessor,compileClasspath,latestDepForkedTestAnnotationProcessor,latestDepForkedTestCompileClasspath,latestDepTestAnnotationProcessor,latestDepTestCompileClasspath,lettuce51TestAnnotationProcessor,lettuce51TestCompileClasspath,lettuce60TestAnnotationProcessor,lettuce60TestCompileClasspath,lettuce61TestAnnotationProcessor,lettuce61TestCompileClasspath,lettuce62TestAnnotationProcessor,lettuce62TestCompileClasspath,testAnnotationProcessor,testCompileClasspath
com.google.auto.service:auto-service:1.1.1=annotationProcessor,latestDepForkedTestAnnotationProcessor,latestDepTestAnnotationProcessor,lettuce51TestAnnotationProcessor,lettuce60TestAnnotationProcessor,lettuce61TestAnnotationProcessor,lettuce62TestAnnotationProcessor,testAnnotationProcessor
com.google.auto:auto-common:1.2.1=annotationProcessor,latestDepForkedTestAnnotationProcessor,latestDepTestAnnotationProcessor,lettuce51TestAnnotationProcessor,lettuce60TestAnnotationProcessor,lettuce61TestAnnotationProcessor,lettuce62TestAnnotationProcessor,testAnnotationProcessor
com.google.code.findbugs:jsr305:3.0.2=annotationProcessor,compileClasspath,latestDepForkedTestAnnotationProcessor,latestDepForkedTestCompileClasspath,latestDepForkedTestRuntimeClasspath,latestDepTestAnnotationProcessor,latestDepTestCompileClasspath,latestDepTestRuntimeClasspath,lettuce51TestAnnotationProcessor,lettuce51TestCompileClasspath,lettuce51TestRuntimeClasspath,lettuce60TestAnnotationProcessor,lettuce60TestCompileClasspath,lettuce60TestRuntimeClasspath,lettuce61TestAnnotationProcessor,lettuce61TestCompileClasspath,lettuce61TestRuntimeClasspath,lettuce62TestAnnotationProcessor,lettuce62TestCompileClasspath,lettuce62TestRuntimeClasspath,spotbugs,testAnnotationProcessor,testCompileClasspath,testRuntimeClasspath
com.google.code.gson:gson:2.13.2=spotbugs
com.google.errorprone:error_prone_annotations:2.18.0=annotationProcessor,latestDepForkedTestAnnotationProcessor,latestDepTestAnnotationProcessor,lettuce51TestAnnotationProcessor,lettuce60TestAnnotationProcessor,lettuce61TestAnnotationProcessor,lettuce62TestAnnotationProcessor,testAnnotationProcessor
com.google.errorprone:error_prone_annotations:2.41.0=spotbugs
com.google.errorprone:error_prone_annotations:2.47.0=latestDepForkedTestCompileClasspath,latestDepForkedTestRuntimeClasspath,latestDepTestCompileClasspath,latestDepTestRuntimeClasspath,lettuce51TestCompileClasspath,lettuce51TestRuntimeClasspath,lettuce60TestCompileClasspath,lettuce60TestRuntimeClasspath,lettuce61TestCompileClasspath,lettuce61TestRuntimeClasspath,lettuce62TestCompileClasspath,lettuce62TestRuntimeClasspath,testCompileClasspath,testRuntimeClasspath
com.google.guava:failureaccess:1.0.1=annotationProcessor,latestDepForkedTestAnnotationProcessor,latestDepTestAnnotationProcessor,lettuce51TestAnnotationProcessor,lettuce60TestAnnotationProcessor,lettuce61TestAnnotationProcessor,lettuce62TestAnnotationProcessor,testAnnotationProcessor
com.google.guava:failureaccess:1.0.3=latestDepForkedTestCompileClasspath,latestDepForkedTestRuntimeClasspath,latestDepTestCompileClasspath,latestDepTestRuntimeClasspath,lettuce51TestCompileClasspath,lettuce51TestRuntimeClasspath,lettuce60TestCompileClasspath,lettuce60TestRuntimeClasspath,lettuce61TestCompileClasspath,lettuce61TestRuntimeClasspath,lettuce62TestCompileClasspath,lettuce62TestRuntimeClasspath,testCompileClasspath,testRuntimeClasspath
com.google.guava:guava:32.0.1-jre=annotationProcessor,latestDepForkedTestAnnotationProcessor,latestDepTestAnnotationProcessor,lettuce51TestAnnotationProcessor,lettuce60TestAnnotationProcessor,lettuce61TestAnnotationProcessor,lettuce62TestAnnotationProcessor,testAnnotationProcessor
com.google.guava:guava:33.6.0-jre=latestDepForkedTestCompileClasspath,latestDepForkedTestRuntimeClasspath,latestDepTestCompileClasspath,latestDepTestRuntimeClasspath,lettuce51TestCompileClasspath,lettuce51TestRuntimeClasspath,lettuce60TestCompileClasspath,lettuce60TestRuntimeClasspath,lettuce61TestCompileClasspath,lettuce61TestRuntimeClasspath,lettuce62TestCompileClasspath,lettuce62TestRuntimeClasspath,testCompileClasspath,testRuntimeClasspath
com.google.guava:listenablefuture:9999.0-empty-to-avoid-conflict-with-guava=annotationProcessor,latestDepForkedTestAnnotationProcessor,latestDepForkedTestCompileClasspath,latestDepForkedTestRuntimeClasspath,latestDepTestAnnotationProcessor,latestDepTestCompileClasspath,latestDepTestRuntimeClasspath,lettuce51TestAnnotationProcessor,lettuce51TestCompileClasspath,lettuce51TestRuntimeClasspath,lettuce60TestAnnotationProcessor,lettuce60TestCompileClasspath,lettuce60TestRuntimeClasspath,lettuce61TestAnnotationProcessor,lettuce61TestCompileClasspath,lettuce61TestRuntimeClasspath,lettuce62TestAnnotationProcessor,lettuce62TestCompileClasspath,lettuce62TestRuntimeClasspath,testAnnotationProcessor,testCompileClasspath,testRuntimeClasspath
com.google.j2objc:j2objc-annotations:2.8=annotationProcessor,latestDepForkedTestAnnotationProcessor,latestDepTestAnnotationProcessor,lettuce51TestAnnotationProcessor,lettuce60TestAnnotationProcessor,lettuce61TestAnnotationProcessor,lettuce62TestAnnotationProcessor,testAnnotationProcessor
com.google.j2objc:j2objc-annotations:3.1=latestDepForkedTestCompileClasspath,latestDepForkedTestRuntimeClasspath,latestDepTestCompileClasspath,latestDepTestRuntimeClasspath,lettuce51TestCompileClasspath,lettuce51TestRuntimeClasspath,lettuce60TestCompileClasspath,lettuce60TestRuntimeClasspath,lettuce61TestCompileClasspath,lettuce61TestRuntimeClasspath,lettuce62TestCompileClasspath,lettuce62TestRuntimeClasspath,testCompileClasspath,testRuntimeClasspath
com.google.re2j:re2j:1.8=latestDepForkedTestRuntimeClasspath,latestDepTestRuntimeClasspath,lettuce51TestRuntimeClasspath,lettuce60TestRuntimeClasspath,lettuce61TestRuntimeClasspath,lettuce62TestRuntimeClasspath,testRuntimeClasspath
com.redis.testcontainers:testcontainers-redis:1.6.2=latestDepForkedTestCompileClasspath,latestDepForkedTestRuntimeClasspath,latestDepTestCompileClasspath,latestDepTestRuntimeClasspath,lettuce51TestCompileClasspath,lettuce51TestRuntimeClasspath,lettuce60TestCompileClasspath,lettuce60TestRuntimeClasspath,lettuce61TestCompileClasspath,lettuce61TestRuntimeClasspath,lettuce62TestCompileClasspath,lettuce62TestRuntimeClasspath,testCompileClasspath,testRuntimeClasspath
com.redis:redis-enterprise-admin:0.3.0=latestDepForkedTestCompileClasspath,latestDepForkedTestRuntimeClasspath,latestDepTestCompileClasspath,latestDepTestRuntimeClasspath,lettuce51TestCompileClasspath,lettuce51TestRuntimeClasspath,lettuce60TestCompileClasspath,lettuce60TestRuntimeClasspath,lettuce61TestCompileClasspath,lettuce61TestRuntimeClasspath,lettuce62TestCompileClasspath,lettuce62TestRuntimeClasspath,testCompileClasspath,testRuntimeClasspath
com.squareup.moshi:moshi:1.11.0=latestDepForkedTestCompileClasspath,latestDepForkedTestRuntimeClasspath,latestDepTestCompileClasspath,latestDepTestRuntimeClasspath,lettuce51TestCompileClasspath,lettuce51TestRuntimeClasspath,lettuce60TestCompileClasspath,lettuce60TestRuntimeClasspath,lettuce61TestCompileClasspath,lettuce61TestRuntimeClasspath,lettuce62TestCompileClasspath,lettuce62TestRuntimeClasspath,testCompileClasspath,testRuntimeClasspath
com.squareup.okhttp3:logging-interceptor:3.12.12=latestDepForkedTestCompileClasspath,latestDepForkedTestRuntimeClasspath,latestDepTestCompileClasspath,latestDepTestRuntimeClasspath,lettuce51TestCompileClasspath,lettuce51TestRuntimeClasspath,lettuce60TestCompileClasspath,lettuce60TestRuntimeClasspath,lettuce61TestCompileClasspath,lettuce61TestRuntimeClasspath,lettuce62TestCompileClasspath,lettuce62TestRuntimeClasspath,testCompileClasspath,testRuntimeClasspath
com.squareup.okhttp3:okhttp:3.12.12=latestDepForkedTestCompileClasspath,latestDepForkedTestRuntimeClasspath,latestDepTestCompileClasspath,latestDepTestRuntimeClasspath,lettuce51TestCompileClasspath,lettuce51TestRuntimeClasspath,lettuce60TestCompileClasspath,lettuce60TestRuntimeClasspath,lettuce61TestCompileClasspath,lettuce61TestRuntimeClasspath,lettuce62TestCompileClasspath,lettuce62TestRuntimeClasspath,testCompileClasspath,testRuntimeClasspath
com.squareup.okio:okio:1.17.5=latestDepForkedTestCompileClasspath,latestDepForkedTestRuntimeClasspath,latestDepTestCompileClasspath,latestDepTestRuntimeClasspath,lettuce51TestCompileClasspath,lettuce51TestRuntimeClasspath,lettuce60TestCompileClasspath,lettuce60TestRuntimeClasspath,lettuce61TestCompileClasspath,lettuce61TestRuntimeClasspath,lettuce62TestCompileClasspath,lettuce62TestRuntimeClasspath,testCompileClasspath,testRuntimeClasspath
com.thoughtworks.qdox:qdox:1.12.1=codenarc
commons-codec:commons-codec:1.15=latestDepForkedTestRuntimeClasspath,latestDepTestRuntimeClasspath,lettuce51TestRuntimeClasspath,lettuce60TestRuntimeClasspath,lettuce61TestRuntimeClasspath,lettuce62TestRuntimeClasspath,testRuntimeClasspath
commons-fileupload:commons-fileupload:1.5=latestDepForkedTestCompileClasspath,latestDepForkedTestRuntimeClasspath,latestDepTestCompileClasspath,latestDepTestRuntimeClasspath,lettuce51TestCompileClasspath,lettuce51TestRuntimeClasspath,lettuce60TestCompileClasspath,lettuce60TestRuntimeClasspath,lettuce61TestCompileClasspath,lettuce61TestRuntimeClasspath,lettuce62TestCompileClasspath,lettuce62TestRuntimeClasspath,testCompileClasspath,testRuntimeClasspath
commons-io:commons-io:2.11.0=latestDepForkedTestCompileClasspath,latestDepForkedTestRuntimeClasspath,latestDepTestCompileClasspath,latestDepTestRuntimeClasspath,lettuce51TestCompileClasspath,lettuce51TestRuntimeClasspath,lettuce60TestCompileClasspath,lettuce60TestRuntimeClasspath,lettuce61TestCompileClasspath,lettuce61TestRuntimeClasspath,lettuce62TestCompileClasspath,lettuce62TestRuntimeClasspath,testCompileClasspath,testRuntimeClasspath
commons-io:commons-io:2.20.0=spotbugs
de.thetaphi:forbiddenapis:3.10=compileClasspath,latestDepForkedTestCompileClasspath,latestDepForkedTestRuntimeClasspath,latestDepTestCompileClasspath,latestDepTestRuntimeClasspath,lettuce51TestCompileClasspath,lettuce51TestRuntimeClasspath,lettuce60TestCompileClasspath,lettuce60TestRuntimeClasspath,lettuce61TestCompileClasspath,lettuce61TestRuntimeClasspath,lettuce62TestCompileClasspath,lettuce62TestRuntimeClasspath,testCompileClasspath,testRuntimeClasspath
io.leangen.geantyref:geantyref:1.3.16=latestDepForkedTestRuntimeClasspath,latestDepTestRuntimeClasspath,lettuce51TestRuntimeClasspath,lettuce60TestRuntimeClasspath,lettuce61TestRuntimeClasspath,lettuce62TestRuntimeClasspath,testRuntimeClasspath
io.lettuce:lettuce-core:5.0.0.RELEASE=compileClasspath,testCompileClasspath,testRuntimeClasspath
io.lettuce:lettuce-core:5.1.0.RELEASE=lettuce51TestCompileClasspath,lettuce51TestRuntimeClasspath
io.lettuce:lettuce-core:6.0.0.RELEASE=lettuce60TestCompileClasspath,lettuce60TestRuntimeClasspath
io.lettuce:lettuce-core:6.1.0.RELEASE=lettuce61TestCompileClasspath,lettuce61TestRuntimeClasspath
io.lettuce:lettuce-core:6.2.0.RELEASE=lettuce62TestCompileClasspath,lettuce62TestRuntimeClasspath
io.lettuce:lettuce-core:7.6.0.RELEASE=latestDepForkedTestCompileClasspath,latestDepForkedTestRuntimeClasspath,latestDepTestCompileClasspath,latestDepTestRuntimeClasspath
io.netty:netty-buffer:4.1.15.Final=compileClasspath,testCompileClasspath,testRuntimeClasspath
io.netty:netty-buffer:4.1.29.Final=lettuce51TestCompileClasspath,lettuce51TestRuntimeClasspath
io.netty:netty-buffer:4.1.52.Final=lettuce60TestCompileClasspath,lettuce60TestRuntimeClasspath
io.netty:netty-buffer:4.1.60.Final=lettuce61TestCompileClasspath,lettuce61TestRuntimeClasspath
io.netty:netty-buffer:4.1.79.Final=lettuce62TestCompileClasspath,lettuce62TestRuntimeClasspath
io.netty:netty-buffer:4.2.13.Final=latestDepForkedTestCompileClasspath,latestDepForkedTestRuntimeClasspath,latestDepTestCompileClasspath,latestDepTestRuntimeClasspath
io.netty:netty-codec-base:4.2.13.Final=latestDepForkedTestCompileClasspath,latestDepForkedTestRuntimeClasspath,latestDepTestCompileClasspath,latestDepTestRuntimeClasspath
io.netty:netty-codec-dns:4.2.13.Final=latestDepForkedTestCompileClasspath,latestDepForkedTestRuntimeClasspath,latestDepTestCompileClasspath,latestDepTestRuntimeClasspath
io.netty:netty-codec:4.1.15.Final=compileClasspath,testCompileClasspath,testRuntimeClasspath
io.netty:netty-codec:4.1.29.Final=lettuce51TestCompileClasspath,lettuce51TestRuntimeClasspath
io.netty:netty-codec:4.1.52.Final=lettuce60TestCompileClasspath,lettuce60TestRuntimeClasspath
io.netty:netty-codec:4.1.60.Final=lettuce61TestCompileClasspath,lettuce61TestRuntimeClasspath
io.netty:netty-codec:4.1.79.Final=lettuce62TestCompileClasspath,lettuce62TestRuntimeClasspath
io.netty:netty-common:4.1.15.Final=compileClasspath,testCompileClasspath,testRuntimeClasspath
io.netty:netty-common:4.1.29.Final=lettuce51TestCompileClasspath,lettuce51TestRuntimeClasspath
io.netty:netty-common:4.1.52.Final=lettuce60TestCompileClasspath,lettuce60TestRuntimeClasspath
io.netty:netty-common:4.1.60.Final=lettuce61TestCompileClasspath,lettuce61TestRuntimeClasspath
io.netty:netty-common:4.1.79.Final=lettuce62TestCompileClasspath,lettuce62TestRuntimeClasspath
io.netty:netty-common:4.2.13.Final=latestDepForkedTestCompileClasspath,latestDepForkedTestRuntimeClasspath,latestDepTestCompileClasspath,latestDepTestRuntimeClasspath
io.netty:netty-handler:4.1.15.Final=compileClasspath,testCompileClasspath,testRuntimeClasspath
io.netty:netty-handler:4.1.29.Final=lettuce51TestCompileClasspath,lettuce51TestRuntimeClasspath
io.netty:netty-handler:4.1.52.Final=lettuce60TestCompileClasspath,lettuce60TestRuntimeClasspath
io.netty:netty-handler:4.1.60.Final=lettuce61TestCompileClasspath,lettuce61TestRuntimeClasspath
io.netty:netty-handler:4.1.79.Final=lettuce62TestCompileClasspath,lettuce62TestRuntimeClasspath
io.netty:netty-handler:4.2.13.Final=latestDepForkedTestCompileClasspath,latestDepForkedTestRuntimeClasspath,latestDepTestCompileClasspath,latestDepTestRuntimeClasspath
io.netty:netty-resolver-dns:4.2.13.Final=latestDepForkedTestCompileClasspath,latestDepForkedTestRuntimeClasspath,latestDepTestCompileClasspath,latestDepTestRuntimeClasspath
io.netty:netty-resolver:4.1.15.Final=compileClasspath,testCompileClasspath,testRuntimeClasspath
io.netty:netty-resolver:4.1.29.Final=lettuce51TestCompileClasspath,lettuce51TestRuntimeClasspath
io.netty:netty-resolver:4.1.52.Final=lettuce60TestCompileClasspath,lettuce60TestRuntimeClasspath
io.netty:netty-resolver:4.1.60.Final=lettuce61TestCompileClasspath,lettuce61TestRuntimeClasspath
io.netty:netty-resolver:4.1.79.Final=lettuce62TestCompileClasspath,lettuce62TestRuntimeClasspath
io.netty:netty-resolver:4.2.13.Final=latestDepForkedTestCompileClasspath,latestDepForkedTestRuntimeClasspath,latestDepTestCompileClasspath,latestDepTestRuntimeClasspath
io.netty:netty-transport-native-unix-common:4.1.79.Final=lettuce62TestCompileClasspath,lettuce62TestRuntimeClasspath
io.netty:netty-transport-native-unix-common:4.2.13.Final=latestDepForkedTestCompileClasspath,latestDepForkedTestRuntimeClasspath,latestDepTestCompileClasspath,latestDepTestRuntimeClasspath
io.netty:netty-transport:4.1.15.Final=compileClasspath,testCompileClasspath,testRuntimeClasspath
io.netty:netty-transport:4.1.29.Final=lettuce51TestCompileClasspath,lettuce51TestRuntimeClasspath
io.netty:netty-transport:4.1.52.Final=lettuce60TestCompileClasspath,lettuce60TestRuntimeClasspath
io.netty:netty-transport:4.1.60.Final=lettuce61TestCompileClasspath,lettuce61TestRuntimeClasspath
io.netty:netty-transport:4.1.79.Final=lettuce62TestCompileClasspath,lettuce62TestRuntimeClasspath
io.netty:netty-transport:4.2.13.Final=latestDepForkedTestCompileClasspath,latestDepForkedTestRuntimeClasspath,latestDepTestCompileClasspath,latestDepTestRuntimeClasspath
io.projectreactor:reactor-core:3.1.0.RELEASE=compileClasspath,testCompileClasspath,testRuntimeClasspath
io.projectreactor:reactor-core:3.2.0.RELEASE=lettuce51TestCompileClasspath,lettuce51TestRuntimeClasspath
io.projectreactor:reactor-core:3.3.10.RELEASE=lettuce60TestCompileClasspath,lettuce60TestRuntimeClasspath
io.projectreactor:reactor-core:3.3.15.RELEASE=lettuce61TestCompileClasspath,lettuce61TestRuntimeClasspath
io.projectreactor:reactor-core:3.4.21=lettuce62TestCompileClasspath,lettuce62TestRuntimeClasspath
io.projectreactor:reactor-core:3.6.6=latestDepForkedTestCompileClasspath,latestDepForkedTestRuntimeClasspath,latestDepTestCompileClasspath,latestDepTestRuntimeClasspath
io.sqreen:libsqreen:17.4.0=latestDepForkedTestRuntimeClasspath,latestDepTestRuntimeClasspath,lettuce51TestRuntimeClasspath,lettuce60TestRuntimeClasspath,lettuce61TestRuntimeClasspath,lettuce62TestRuntimeClasspath,testRuntimeClasspath
javax.servlet:javax.servlet-api:3.1.0=latestDepForkedTestCompileClasspath,latestDepForkedTestRuntimeClasspath,latestDepTestCompileClasspath,latestDepTestRuntimeClasspath,lettuce51TestCompileClasspath,lettuce51TestRuntimeClasspath,lettuce60TestCompileClasspath,lettuce60TestRuntimeClasspath,lettuce61TestCompileClasspath,lettuce61TestRuntimeClasspath,lettuce62TestCompileClasspath,lettuce62TestRuntimeClasspath,testCompileClasspath,testRuntimeClasspath
jaxen:jaxen:2.0.0=spotbugs
junit:junit:4.13.2=latestDepForkedTestCompileClasspath,latestDepForkedTestRuntimeClasspath,latestDepTestCompileClasspath,latestDepTestRuntimeClasspath,lettuce51TestCompileClasspath,lettuce51TestRuntimeClasspath,lettuce60TestCompileClasspath,lettuce60TestRuntimeClasspath,lettuce61TestCompileClasspath,lettuce61TestRuntimeClasspath,lettuce62TestCompileClasspath,lettuce62TestRuntimeClasspath,testCompileClasspath,testRuntimeClasspath
net.bytebuddy:byte-buddy-agent:1.18.10=buildTimeInstrumentationPlugin,compileClasspath,latestDepForkedTestCompileClasspath,latestDepForkedTestRuntimeClasspath,latestDepTestCompileClasspath,latestDepTestRuntimeClasspath,lettuce51TestCompileClasspath,lettuce51TestRuntimeClasspath,lettuce60TestCompileClasspath,lettuce60TestRuntimeClasspath,lettuce61TestCompileClasspath,lettuce61TestRuntimeClasspath,lettuce62TestCompileClasspath,lettuce62TestRuntimeClasspath,muzzleTooling,runtimeClasspath,testCompileClasspath,testRuntimeClasspath
net.bytebuddy:byte-buddy:1.18.10=buildTimeInstrumentationPlugin,compileClasspath,latestDepForkedTestCompileClasspath,latestDepForkedTestRuntimeClasspath,latestDepTestCompileClasspath,latestDepTestRuntimeClasspath,lettuce51TestCompileClasspath,lettuce51TestRuntimeClasspath,lettuce60TestCompileClasspath,lettuce60TestRuntimeClasspath,lettuce61TestCompileClasspath,lettuce61TestRuntimeClasspath,lettuce62TestCompileClasspath,lettuce62TestRuntimeClasspath,muzzleTooling,runtimeClasspath,testCompileClasspath,testRuntimeClasspath
net.java.dev.jna:jna-platform:5.8.0=latestDepForkedTestRuntimeClasspath,latestDepTestRuntimeClasspath,lettuce51TestRuntimeClasspath,lettuce60TestRuntimeClasspath,lettuce61TestRuntimeClasspath,lettuce62TestRuntimeClasspath,testRuntimeClasspath
net.java.dev.jna:jna:5.13.0=latestDepForkedTestCompileClasspath,latestDepForkedTestRuntimeClasspath,latestDepTestCompileClasspath,latestDepTestRuntimeClasspath,lettuce51TestCompileClasspath,lettuce51TestRuntimeClasspath,lettuce60TestCompileClasspath,lettuce60TestRuntimeClasspath,lettuce61TestCompileClasspath,lettuce61TestRuntimeClasspath,lettuce62TestCompileClasspath,lettuce62TestRuntimeClasspath,testCompileClasspath,testRuntimeClasspath
net.sf.saxon:Saxon-HE:12.9=spotbugs
org.apache.ant:ant-antlr:1.10.14=codenarc
org.apache.ant:ant-junit:1.10.14=codenarc
org.apache.bcel:bcel:6.11.0=spotbugs
org.apache.commons:commons-compress:1.24.0=latestDepForkedTestCompileClasspath,latestDepForkedTestRuntimeClasspath,latestDepTestCompileClasspath,latestDepTestRuntimeClasspath,lettuce51TestCompileClasspath,lettuce51TestRuntimeClasspath,lettuce60TestCompileClasspath,lettuce60TestRuntimeClasspath,lettuce61TestCompileClasspath,lettuce61TestRuntimeClasspath,lettuce62TestCompileClasspath,lettuce62TestRuntimeClasspath,testCompileClasspath,testRuntimeClasspath
org.apache.commons:commons-lang3:3.19.0=spotbugs
org.apache.commons:commons-text:1.14.0=spotbugs
org.apache.httpcomponents.client5:httpclient5:5.1.3=latestDepForkedTestRuntimeClasspath,latestDepTestRuntimeClasspath,lettuce51TestRuntimeClasspath,lettuce60TestRuntimeClasspath,lettuce61TestRuntimeClasspath,lettuce62TestRuntimeClasspath,testRuntimeClasspath
org.apache.httpcomponents.core5:httpcore5-h2:5.1.3=latestDepForkedTestRuntimeClasspath,latestDepTestRuntimeClasspath,lettuce51TestRuntimeClasspath,lettuce60TestRuntimeClasspath,lettuce61TestRuntimeClasspath,lettuce62TestRuntimeClasspath,testRuntimeClasspath
org.apache.httpcomponents.core5:httpcore5:5.1.3=latestDepForkedTestRuntimeClasspath,latestDepTestRuntimeClasspath,lettuce51TestRuntimeClasspath,lettuce60TestRuntimeClasspath,lettuce61TestRuntimeClasspath,lettuce62TestRuntimeClasspath,testRuntimeClasspath
org.apache.logging.log4j:log4j-api:2.25.2=spotbugs
org.apache.logging.log4j:log4j-core:2.25.2=spotbugs
org.apiguardian:apiguardian-api:1.1.2=latestDepForkedTestCompileClasspath,latestDepTestCompileClasspath,lettuce51TestCompileClasspath,lettuce60TestCompileClasspath,lettuce61TestCompileClasspath,lettuce62TestCompileClasspath,testCompileClasspath
org.awaitility:awaitility:4.2.0=latestDepForkedTestRuntimeClasspath,latestDepTestRuntimeClasspath,lettuce51TestRuntimeClasspath,lettuce60TestRuntimeClasspath,lettuce61TestRuntimeClasspath,lettuce62TestRuntimeClasspath,testRuntimeClasspath
org.checkerframework:checker-qual:3.33.0=annotationProcessor,latestDepForkedTestAnnotationProcessor,latestDepTestAnnotationProcessor,lettuce51TestAnnotationProcessor,lettuce60TestAnnotationProcessor,lettuce61TestAnnotationProcessor,lettuce62TestAnnotationProcessor,testAnnotationProcessor
org.codehaus.groovy:groovy-ant:3.0.23=codenarc
org.codehaus.groovy:groovy-docgenerator:3.0.23=codenarc
org.codehaus.groovy:groovy-groovydoc:3.0.23=codenarc
org.codehaus.groovy:groovy-json:3.0.23=codenarc
org.codehaus.groovy:groovy-json:3.0.25=latestDepForkedTestCompileClasspath,latestDepForkedTestRuntimeClasspath,latestDepTestCompileClasspath,latestDepTestRuntimeClasspath,lettuce51TestCompileClasspath,lettuce51TestRuntimeClasspath,lettuce60TestCompileClasspath,lettuce60TestRuntimeClasspath,lettuce61TestCompileClasspath,lettuce61TestRuntimeClasspath,lettuce62TestCompileClasspath,lettuce62TestRuntimeClasspath,testCompileClasspath,testRuntimeClasspath
org.codehaus.groovy:groovy-templates:3.0.23=codenarc
org.codehaus.groovy:groovy-xml:3.0.23=codenarc
org.codehaus.groovy:groovy:3.0.23=codenarc
org.codehaus.groovy:groovy:3.0.25=latestDepForkedTestCompileClasspath,latestDepForkedTestRuntimeClasspath,latestDepTestCompileClasspath,latestDepTestRuntimeClasspath,lettuce51TestCompileClasspath,lettuce51TestRuntimeClasspath,lettuce60TestCompileClasspath,lettuce60TestRuntimeClasspath,lettuce61TestCompileClasspath,lettuce61TestRuntimeClasspath,lettuce62TestCompileClasspath,lettuce62TestRuntimeClasspath,testCompileClasspath,testRuntimeClasspath
org.codenarc:CodeNarc:3.7.0=codenarc
org.dom4j:dom4j:2.2.0=spotbugs
org.gmetrics:GMetrics:2.1.0=codenarc
org.hamcrest:hamcrest-core:1.3=latestDepForkedTestCompileClasspath,latestDepForkedTestRuntimeClasspath,latestDepTestCompileClasspath,latestDepTestRuntimeClasspath,lettuce51TestCompileClasspath,lettuce51TestRuntimeClasspath,lettuce60TestCompileClasspath,lettuce60TestRuntimeClasspath,lettuce61TestCompileClasspath,lettuce61TestRuntimeClasspath,lettuce62TestCompileClasspath,lettuce62TestRuntimeClasspath,testCompileClasspath,testRuntimeClasspath
org.hamcrest:hamcrest:3.0=latestDepForkedTestCompileClasspath,latestDepForkedTestRuntimeClasspath,latestDepTestCompileClasspath,latestDepTestRuntimeClasspath,lettuce51TestCompileClasspath,lettuce51TestRuntimeClasspath,lettuce60TestCompileClasspath,lettuce60TestRuntimeClasspath,lettuce61TestCompileClasspath,lettuce61TestRuntimeClasspath,lettuce62TestCompileClasspath,lettuce62TestRuntimeClasspath,testCompileClasspath,testRuntimeClasspath
org.jctools:jctools-core-jdk11:4.0.6=latestDepForkedTestRuntimeClasspath,latestDepTestRuntimeClasspath,lettuce51TestRuntimeClasspath,lettuce60TestRuntimeClasspath,lettuce61TestRuntimeClasspath,lettuce62TestRuntimeClasspath,testRuntimeClasspath
org.jctools:jctools-core:4.0.6=latestDepForkedTestRuntimeClasspath,latestDepTestRuntimeClasspath,lettuce51TestRuntimeClasspath,lettuce60TestRuntimeClasspath,lettuce61TestRuntimeClasspath,lettuce62TestRuntimeClasspath,testRuntimeClasspath
org.jetbrains:annotations:17.0.0=latestDepForkedTestCompileClasspath,latestDepForkedTestRuntimeClasspath,latestDepTestCompileClasspath,latestDepTestRuntimeClasspath,lettuce51TestCompileClasspath,lettuce51TestRuntimeClasspath,lettuce60TestCompileClasspath,lettuce60TestRuntimeClasspath,lettuce61TestCompileClasspath,lettuce61TestRuntimeClasspath,lettuce62TestCompileClasspath,lettuce62TestRuntimeClasspath,testCompileClasspath,testRuntimeClasspath
org.jspecify:jspecify:1.0.0=latestDepForkedTestCompileClasspath,latestDepForkedTestRuntimeClasspath,latestDepTestCompileClasspath,latestDepTestRuntimeClasspath,lettuce51TestCompileClasspath,lettuce51TestRuntimeClasspath,lettuce60TestCompileClasspath,lettuce60TestRuntimeClasspath,lettuce61TestCompileClasspath,lettuce61TestRuntimeClasspath,lettuce62TestCompileClasspath,lettuce62TestRuntimeClasspath,testCompileClasspath,testRuntimeClasspath
org.junit.jupiter:junit-jupiter-api:5.14.1=latestDepForkedTestCompileClasspath,latestDepForkedTestRuntimeClasspath,latestDepTestCompileClasspath,latestDepTestRuntimeClasspath,lettuce51TestCompileClasspath,lettuce51TestRuntimeClasspath,lettuce60TestCompileClasspath,lettuce60TestRuntimeClasspath,lettuce61TestCompileClasspath,lettuce61TestRuntimeClasspath,lettuce62TestCompileClasspath,lettuce62TestRuntimeClasspath,testCompileClasspath,testRuntimeClasspath
org.junit.jupiter:junit-jupiter-engine:5.14.1=latestDepForkedTestRuntimeClasspath,latestDepTestRuntimeClasspath,lettuce51TestRuntimeClasspath,lettuce60TestRuntimeClasspath,lettuce61TestRuntimeClasspath,lettuce62TestRuntimeClasspath,testRuntimeClasspath
org.junit.jupiter:junit-jupiter-params:5.14.1=latestDepForkedTestCompileClasspath,latestDepForkedTestRuntimeClasspath,latestDepTestCompileClasspath,latestDepTestRuntimeClasspath,lettuce51TestCompileClasspath,lettuce51TestRuntimeClasspath,lettuce60TestCompileClasspath,lettuce60TestRuntimeClasspath,lettuce61TestCompileClasspath,lettuce61TestRuntimeClasspath,lettuce62TestCompileClasspath,lettuce62TestRuntimeClasspath,testCompileClasspath,testRuntimeClasspath
org.junit.jupiter:junit-jupiter:5.14.1=latestDepForkedTestCompileClasspath,latestDepForkedTestRuntimeClasspath,latestDepTestCompileClasspath,latestDepTestRuntimeClasspath,lettuce51TestCompileClasspath,lettuce51TestRuntimeClasspath,lettuce60TestCompileClasspath,lettuce60TestRuntimeClasspath,lettuce61TestCompileClasspath,lettuce61TestRuntimeClasspath,lettuce62TestCompileClasspath,lettuce62TestRuntimeClasspath,testCompileClasspath,testRuntimeClasspath
org.junit.platform:junit-platform-commons:1.14.1=latestDepForkedTestCompileClasspath,latestDepForkedTestRuntimeClasspath,latestDepTestCompileClasspath,latestDepTestRuntimeClasspath,lettuce51TestCompileClasspath,lettuce51TestRuntimeClasspath,lettuce60TestCompileClasspath,lettuce60TestRuntimeClasspath,lettuce61TestCompileClasspath,lettuce61TestRuntimeClasspath,lettuce62TestCompileClasspath,lettuce62TestRuntimeClasspath,testCompileClasspath,testRuntimeClasspath
org.junit.platform:junit-platform-engine:1.14.1=latestDepForkedTestCompileClasspath,latestDepForkedTestRuntimeClasspath,latestDepTestCompileClasspath,latestDepTestRuntimeClasspath,lettuce51TestCompileClasspath,lettuce51TestRuntimeClasspath,lettuce60TestCompileClasspath,lettuce60TestRuntimeClasspath,lettuce61TestCompileClasspath,lettuce61TestRuntimeClasspath,lettuce62TestCompileClasspath,lettuce62TestRuntimeClasspath,testCompileClasspath,testRuntimeClasspath
org.junit.platform:junit-platform-launcher:1.14.1=latestDepForkedTestRuntimeClasspath,latestDepTestRuntimeClasspath,lettuce51TestRuntimeClasspath,lettuce60TestRuntimeClasspath,lettuce61TestRuntimeClasspath,lettuce62TestRuntimeClasspath,testRuntimeClasspath
org.junit.platform:junit-platform-runner:1.14.1=latestDepForkedTestRuntimeClasspath,latestDepTestRuntimeClasspath,lettuce51TestRuntimeClasspath,lettuce60TestRuntimeClasspath,lettuce61TestRuntimeClasspath,lettuce62TestRuntimeClasspath,testRuntimeClasspath
org.junit.platform:junit-platform-suite-api:1.14.1=latestDepForkedTestRuntimeClasspath,latestDepTestRuntimeClasspath,lettuce51TestRuntimeClasspath,lettuce60TestRuntimeClasspath,lettuce61TestRuntimeClasspath,lettuce62TestRuntimeClasspath,testRuntimeClasspath
org.junit.platform:junit-platform-suite-commons:1.14.1=latestDepForkedTestRuntimeClasspath,latestDepTestRuntimeClasspath,lettuce51TestRuntimeClasspath,lettuce60TestRuntimeClasspath,lettuce61TestRuntimeClasspath,lettuce62TestRuntimeClasspath,testRuntimeClasspath
org.junit:junit-bom:5.14.0=spotbugs
org.junit:junit-bom:5.14.1=latestDepForkedTestCompileClasspath,latestDepForkedTestRuntimeClasspath,latestDepTestCompileClasspath,latestDepTestRuntimeClasspath,lettuce51TestCompileClasspath,lettuce51TestRuntimeClasspath,lettuce60TestCompileClasspath,lettuce60TestRuntimeClasspath,lettuce61TestCompileClasspath,lettuce61TestRuntimeClasspath,lettuce62TestCompileClasspath,lettuce62TestRuntimeClasspath,testCompileClasspath,testRuntimeClasspath
org.mockito:mockito-core:4.4.0=latestDepForkedTestRuntimeClasspath,latestDepTestRuntimeClasspath,lettuce51TestRuntimeClasspath,lettuce60TestRuntimeClasspath,lettuce61TestRuntimeClasspath,lettuce62TestRuntimeClasspath,testRuntimeClasspath
org.objenesis:objenesis:3.3=latestDepForkedTestCompileClasspath,latestDepForkedTestRuntimeClasspath,latestDepTestCompileClasspath,latestDepTestRuntimeClasspath,lettuce51TestCompileClasspath,lettuce51TestRuntimeClasspath,lettuce60TestCompileClasspath,lettuce60TestRuntimeClasspath,lettuce61TestCompileClasspath,lettuce61TestRuntimeClasspath,lettuce62TestCompileClasspath,lettuce62TestRuntimeClasspath,testCompileClasspath,testRuntimeClasspath
org.opentest4j:opentest4j:1.3.0=latestDepForkedTestCompileClasspath,latestDepForkedTestRuntimeClasspath,latestDepTestCompileClasspath,latestDepTestRuntimeClasspath,lettuce51TestCompileClasspath,lettuce51TestRuntimeClasspath,lettuce60TestCompileClasspath,lettuce60TestRuntimeClasspath,lettuce61TestCompileClasspath,lettuce61TestRuntimeClasspath,lettuce62TestCompileClasspath,lettuce62TestRuntimeClasspath,testCompileClasspath,testRuntimeClasspath
org.ow2.asm:asm-analysis:9.7.1=latestDepForkedTestRuntimeClasspath,latestDepTestRuntimeClasspath,lettuce51TestRuntimeClasspath,lettuce60TestRuntimeClasspath,lettuce61TestRuntimeClasspath,lettuce62TestRuntimeClasspath,testRuntimeClasspath
org.ow2.asm:asm-analysis:9.9=spotbugs
org.ow2.asm:asm-commons:9.10.1=latestDepForkedTestRuntimeClasspath,latestDepTestRuntimeClasspath,lettuce51TestRuntimeClasspath,lettuce60TestRuntimeClasspath,lettuce61TestRuntimeClasspath,lettuce62TestRuntimeClasspath,testRuntimeClasspath
org.ow2.asm:asm-commons:9.9=spotbugs
org.ow2.asm:asm-tree:9.10.1=latestDepForkedTestRuntimeClasspath,latestDepTestRuntimeClasspath,lettuce51TestRuntimeClasspath,lettuce60TestRuntimeClasspath,lettuce61TestRuntimeClasspath,lettuce62TestRuntimeClasspath,testRuntimeClasspath
org.ow2.asm:asm-tree:9.9=spotbugs
org.ow2.asm:asm-util:9.7.1=latestDepForkedTestRuntimeClasspath,latestDepTestRuntimeClasspath,lettuce51TestRuntimeClasspath,lettuce60TestRuntimeClasspath,lettuce61TestRuntimeClasspath,lettuce62TestRuntimeClasspath,testRuntimeClasspath
org.ow2.asm:asm-util:9.9=spotbugs
org.ow2.asm:asm:9.10.1=buildTimeInstrumentationPlugin,compileClasspath,latestDepForkedTestCompileClasspath,latestDepForkedTestRuntimeClasspath,latestDepTestCompileClasspath,latestDepTestRuntimeClasspath,lettuce51TestCompileClasspath,lettuce51TestRuntimeClasspath,lettuce60TestCompileClasspath,lettuce60TestRuntimeClasspath,lettuce61TestCompileClasspath,lettuce61TestRuntimeClasspath,lettuce62TestCompileClasspath,lettuce62TestRuntimeClasspath,muzzleTooling,runtimeClasspath,testCompileClasspath,testRuntimeClasspath
org.ow2.asm:asm:9.9=spotbugs
org.reactivestreams:reactive-streams:1.0.1=compileClasspath,testCompileClasspath,testRuntimeClasspath
org.reactivestreams:reactive-streams:1.0.2=lettuce51TestCompileClasspath,lettuce51TestRuntimeClasspath
org.reactivestreams:reactive-streams:1.0.3=lettuce60TestCompileClasspath,lettuce60TestRuntimeClasspath,lettuce61TestCompileClasspath,lettuce61TestRuntimeClasspath
org.reactivestreams:reactive-streams:1.0.4=latestDepForkedTestCompileClasspath,latestDepForkedTestRuntimeClasspath,latestDepTestCompileClasspath,latestDepTestRuntimeClasspath,lettuce62TestCompileClasspath,lettuce62TestRuntimeClasspath
org.rnorth.duct-tape:duct-tape:1.0.8=latestDepForkedTestCompileClasspath,latestDepForkedTestRuntimeClasspath,latestDepTestCompileClasspath,latestDepTestRuntimeClasspath,lettuce51TestCompileClasspath,lettuce51TestRuntimeClasspath,lettuce60TestCompileClasspath,lettuce60TestRuntimeClasspath,lettuce61TestCompileClasspath,lettuce61TestRuntimeClasspath,lettuce62TestCompileClasspath,lettuce62TestRuntimeClasspath,testCompileClasspath,testRuntimeClasspath
org.slf4j:jcl-over-slf4j:1.7.30=latestDepForkedTestCompileClasspath,latestDepForkedTestRuntimeClasspath,latestDepTestCompileClasspath,latestDepTestRuntimeClasspath,lettuce51TestCompileClasspath,lettuce51TestRuntimeClasspath,lettuce60TestCompileClasspath,lettuce60TestRuntimeClasspath,lettuce61TestCompileClasspath,lettuce61TestRuntimeClasspath,lettuce62TestCompileClasspath,lettuce62TestRuntimeClasspath,testCompileClasspath,testRuntimeClasspath
org.slf4j:jul-to-slf4j:1.7.30=latestDepForkedTestCompileClasspath,latestDepForkedTestRuntimeClasspath,latestDepTestCompileClasspath,latestDepTestRuntimeClasspath,lettuce51TestCompileClasspath,lettuce51TestRuntimeClasspath,lettuce60TestCompileClasspath,lettuce60TestRuntimeClasspath,lettuce61TestCompileClasspath,lettuce61TestRuntimeClasspath,lettuce62TestCompileClasspath,lettuce62TestRuntimeClasspath,testCompileClasspath,testRuntimeClasspath
org.slf4j:log4j-over-slf4j:1.7.30=latestDepForkedTestCompileClasspath,latestDepForkedTestRuntimeClasspath,latestDepTestCompileClasspath,latestDepTestRuntimeClasspath,lettuce51TestCompileClasspath,lettuce51TestRuntimeClasspath,lettuce60TestCompileClasspath,lettuce60TestRuntimeClasspath,lettuce61TestCompileClasspath,lettuce61TestRuntimeClasspath,lettuce62TestCompileClasspath,lettuce62TestRuntimeClasspath,testCompileClasspath,testRuntimeClasspath
org.slf4j:slf4j-api:1.7.30=buildTimeInstrumentationPlugin,compileClasspath,muzzleBootstrap,muzzleTooling,runtimeClasspath
org.slf4j:slf4j-api:1.7.36=latestDepForkedTestCompileClasspath,latestDepForkedTestRuntimeClasspath,latestDepTestCompileClasspath,latestDepTestRuntimeClasspath,lettuce51TestCompileClasspath,lettuce51TestRuntimeClasspath,lettuce60TestCompileClasspath,lettuce60TestRuntimeClasspath,lettuce61TestCompileClasspath,lettuce61TestRuntimeClasspath,lettuce62TestCompileClasspath,lettuce62TestRuntimeClasspath,testCompileClasspath,testRuntimeClasspath
org.slf4j:slf4j-api:2.0.17=spotbugs,spotbugsSlf4j
org.slf4j:slf4j-simple:2.0.17=spotbugsSlf4j
org.snakeyaml:snakeyaml-engine:2.9=buildTimeInstrumentationPlugin,latestDepForkedTestRuntimeClasspath,latestDepTestRuntimeClasspath,lettuce51TestRuntimeClasspath,lettuce60TestRuntimeClasspath,lettuce61TestRuntimeClasspath,lettuce62TestRuntimeClasspath,muzzleTooling,runtimeClasspath,testRuntimeClasspath
org.spockframework:spock-bom:2.4-groovy-3.0=latestDepForkedTestCompileClasspath,latestDepForkedTestRuntimeClasspath,latestDepTestCompileClasspath,latestDepTestRuntimeClasspath,lettuce51TestCompileClasspath,lettuce51TestRuntimeClasspath,lettuce60TestCompileClasspath,lettuce60TestRuntimeClasspath,lettuce61TestCompileClasspath,lettuce61TestRuntimeClasspath,lettuce62TestCompileClasspath,lettuce62TestRuntimeClasspath,testCompileClasspath,testRuntimeClasspath
org.spockframework:spock-core:2.4-groovy-3.0=latestDepForkedTestCompileClasspath,latestDepForkedTestRuntimeClasspath,latestDepTestCompileClasspath,latestDepTestRuntimeClasspath,lettuce51TestCompileClasspath,lettuce51TestRuntimeClasspath,lettuce60TestCompileClasspath,lettuce60TestRuntimeClasspath,lettuce61TestCompileClasspath,lettuce61TestRuntimeClasspath,lettuce62TestCompileClasspath,lettuce62TestRuntimeClasspath,testCompileClasspath,testRuntimeClasspath
org.tabletest:tabletest-junit:1.2.1=latestDepForkedTestCompileClasspath,latestDepForkedTestRuntimeClasspath,latestDepTestCompileClasspath,latestDepTestRuntimeClasspath,lettuce51TestCompileClasspath,lettuce51TestRuntimeClasspath,lettuce60TestCompileClasspath,lettuce60TestRuntimeClasspath,lettuce61TestCompileClasspath,lettuce61TestRuntimeClasspath,lettuce62TestCompileClasspath,lettuce62TestRuntimeClasspath,testCompileClasspath,testRuntimeClasspath
org.tabletest:tabletest-parser:1.2.0=latestDepForkedTestCompileClasspath,latestDepForkedTestRuntimeClasspath,latestDepTestCompileClasspath,latestDepTestRuntimeClasspath,lettuce51TestCompileClasspath,lettuce51TestRuntimeClasspath,lettuce60TestCompileClasspath,lettuce60TestRuntimeClasspath,lettuce61TestCompileClasspath,lettuce61TestRuntimeClasspath,lettuce62TestCompileClasspath,lettuce62TestRuntimeClasspath,testCompileClasspath,testRuntimeClasspath
org.testcontainers:testcontainers:1.21.4=latestDepForkedTestCompileClasspath,latestDepForkedTestRuntimeClasspath,latestDepTestCompileClasspath,latestDepTestRuntimeClasspath,lettuce51TestCompileClasspath,lettuce51TestRuntimeClasspath,lettuce60TestCompileClasspath,lettuce60TestRuntimeClasspath,lettuce61TestCompileClasspath,lettuce61TestRuntimeClasspath,lettuce62TestCompileClasspath,lettuce62TestRuntimeClasspath,testCompileClasspath,testRuntimeClasspath
org.xmlresolver:xmlresolver:5.3.3=spotbugs
redis.clients.authentication:redis-authx-core:0.1.1-beta2=latestDepForkedTestCompileClasspath,latestDepForkedTestRuntimeClasspath,latestDepTestCompileClasspath,latestDepTestRuntimeClasspath
empty=spotbugsPlugins
