# This is a Gradle generated file for dependency locking.
# Manual edits can break the build and are not advised.
# This file is expected to be part of source control.
cafe.cryptography:curve25519-elisabeth:0.1.0=instrumentPluginClasspath,latestDepTestRuntimeClasspath,muzzleTooling,runtimeClasspath,testRuntimeClasspath
cafe.cryptography:ed25519-elisabeth:0.1.0=instrumentPluginClasspath,latestDepTestRuntimeClasspath,muzzleTooling,runtimeClasspath,testRuntimeClasspath
ch.qos.logback:logback-classic:1.2.3=latestDepTestCompileClasspath,latestDepTestRuntimeClasspath,testCompileClasspath,testRuntimeClasspath
ch.qos.logback:logback-core:1.2.3=latestDepTestCompileClasspath,latestDepTestRuntimeClasspath,testCompileClasspath,testRuntimeClasspath
com.beust:jcommander:1.78=latestDepTestRuntimeClasspath,testRuntimeClasspath
com.blogspot.mydailyjava:weak-lock-free:0.17=compileClasspath,instrumentPluginClasspath,latestDepTestCompileClasspath,latestDepTestRuntimeClasspath,muzzleTooling,runtimeClasspath,testCompileClasspath,testRuntimeClasspath
com.datadoghq.okhttp3:okhttp:3.12.15=compileClasspath,instrumentPluginClasspath,latestDepTestCompileClasspath,latestDepTestRuntimeClasspath,muzzleTooling,runtimeClasspath,testCompileClasspath,testRuntimeClasspath
com.datadoghq.okio:okio:1.17.6=compileClasspath,instrumentPluginClasspath,latestDepTestCompileClasspath,latestDepTestRuntimeClasspath,muzzleTooling,runtimeClasspath,testCompileClasspath,testRuntimeClasspath
com.datadoghq:dd-javac-plugin-client:0.2.2=compileClasspath,instrumentPluginClasspath,latestDepTestCompileClasspath,latestDepTestRuntimeClasspath,muzzleBootstrap,muzzleTooling,runtimeClasspath,testCompileClasspath,testRuntimeClasspath
com.datadoghq:java-dogstatsd-client:4.4.3=instrumentPluginClasspath,latestDepTestRuntimeClasspath,muzzleTooling,runtimeClasspath,testRuntimeClasspath
com.datadoghq:sketches-java:0.8.3=instrumentPluginClasspath,latestDepTestRuntimeClasspath,muzzleTooling,runtimeClasspath,testRuntimeClasspath
com.github.javaparser:javaparser-core:3.25.1=latestDepTestCompileClasspath,latestDepTestRuntimeClasspath,testCompileClasspath,testRuntimeClasspath
com.github.jnr:jffi:1.3.13=instrumentPluginClasspath,latestDepTestRuntimeClasspath,muzzleTooling,runtimeClasspath,testRuntimeClasspath
com.github.jnr:jnr-a64asm:1.0.0=instrumentPluginClasspath,latestDepTestRuntimeClasspath,muzzleTooling,runtimeClasspath,testRuntimeClasspath
com.github.jnr:jnr-constants:0.10.4=instrumentPluginClasspath,latestDepTestRuntimeClasspath,muzzleTooling,runtimeClasspath,testRuntimeClasspath
com.github.jnr:jnr-enxio:0.32.17=instrumentPluginClasspath,latestDepTestRuntimeClasspath,muzzleTooling,runtimeClasspath,testRuntimeClasspath
com.github.jnr:jnr-ffi:2.2.16=instrumentPluginClasspath,latestDepTestRuntimeClasspath,muzzleTooling,runtimeClasspath,testRuntimeClasspath
com.github.jnr:jnr-posix:3.1.19=instrumentPluginClasspath,latestDepTestRuntimeClasspath,muzzleTooling,runtimeClasspath,testRuntimeClasspath
com.github.jnr:jnr-unixsocket:0.38.22=instrumentPluginClasspath,latestDepTestRuntimeClasspath,muzzleTooling,runtimeClasspath,testRuntimeClasspath
com.github.jnr:jnr-x86asm:1.0.2=instrumentPluginClasspath,latestDepTestRuntimeClasspath,muzzleTooling,runtimeClasspath,testRuntimeClasspath
com.github.spotbugs:spotbugs-annotations:4.2.0=compileClasspath,latestDepTestCompileClasspath,latestDepTestRuntimeClasspath,testCompileClasspath,testRuntimeClasspath
com.github.spotbugs:spotbugs-annotations:4.7.3=spotbugs
com.github.spotbugs:spotbugs:4.7.3=spotbugs
com.github.stefanbirkner:system-rules:1.19.0=latestDepTestCompileClasspath,latestDepTestRuntimeClasspath,testCompileClasspath,testRuntimeClasspath
com.google.auto.service:auto-service-annotations:1.0-rc7=annotationProcessor,compileClasspath,latestDepTestAnnotationProcessor,latestDepTestCompileClasspath,testAnnotationProcessor,testCompileClasspath
com.google.auto.service:auto-service:1.0-rc7=annotationProcessor,latestDepTestAnnotationProcessor,testAnnotationProcessor
com.google.auto:auto-common:0.10=annotationProcessor,latestDepTestAnnotationProcessor,testAnnotationProcessor
com.google.code.findbugs:jsr305:3.0.2=annotationProcessor,compileClasspath,latestDepTestAnnotationProcessor,latestDepTestCompileClasspath,latestDepTestRuntimeClasspath,spotbugs,testAnnotationProcessor,testCompileClasspath,testRuntimeClasspath
com.google.code.gson:gson:2.9.1=spotbugs
com.google.errorprone:error_prone_annotations:2.2.0=annotationProcessor,latestDepTestAnnotationProcessor,testAnnotationProcessor
com.google.guava:failureaccess:1.0.1=annotationProcessor,latestDepTestAnnotationProcessor,testAnnotationProcessor
com.google.guava:guava:20.0=latestDepTestCompileClasspath,latestDepTestRuntimeClasspath,testCompileClasspath,testRuntimeClasspath
com.google.guava:guava:27.0.1-jre=annotationProcessor,latestDepTestAnnotationProcessor,testAnnotationProcessor
com.google.guava:listenablefuture:9999.0-empty-to-avoid-conflict-with-guava=annotationProcessor,latestDepTestAnnotationProcessor,testAnnotationProcessor
com.google.j2objc:j2objc-annotations:1.1=annotationProcessor,latestDepTestAnnotationProcessor,testAnnotationProcessor
com.google.re2j:re2j:1.7=instrumentPluginClasspath,latestDepTestRuntimeClasspath,muzzleTooling,runtimeClasspath,testRuntimeClasspath
com.squareup.moshi:moshi:1.11.0=compileClasspath,instrumentPluginClasspath,latestDepTestCompileClasspath,latestDepTestRuntimeClasspath,muzzleTooling,runtimeClasspath,testCompileClasspath,testRuntimeClasspath
com.squareup.okhttp3:logging-interceptor:3.12.12=latestDepTestCompileClasspath,latestDepTestRuntimeClasspath,testCompileClasspath,testRuntimeClasspath
com.squareup.okhttp3:okhttp:3.12.12=latestDepTestCompileClasspath,latestDepTestRuntimeClasspath,testCompileClasspath,testRuntimeClasspath
com.squareup.okio:okio:1.17.5=compileClasspath,instrumentPluginClasspath,latestDepTestCompileClasspath,latestDepTestRuntimeClasspath,muzzleTooling,runtimeClasspath,testCompileClasspath,testRuntimeClasspath
com.sun.jersey:jersey-client:1.1.4=compileClasspath,testCompileClasspath,testRuntimeClasspath
com.sun.jersey:jersey-client:1.19.4=latestDepTestCompileClasspath,latestDepTestRuntimeClasspath
com.sun.jersey:jersey-core:1.1.4=compileClasspath,testCompileClasspath,testRuntimeClasspath
com.sun.jersey:jersey-core:1.19.4=latestDepTestCompileClasspath,latestDepTestRuntimeClasspath
com.thoughtworks.qdox:qdox:1.12.1=latestDepTestRuntimeClasspath,testRuntimeClasspath
commons-codec:commons-codec:1.15=spotbugs
commons-fileupload:commons-fileupload:1.5=latestDepTestCompileClasspath,latestDepTestRuntimeClasspath,testCompileClasspath,testRuntimeClasspath
commons-io:commons-io:2.11.0=latestDepTestCompileClasspath,latestDepTestRuntimeClasspath,testCompileClasspath,testRuntimeClasspath
de.thetaphi:forbiddenapis:3.8=compileClasspath
info.picocli:picocli:4.6.3=latestDepTestRuntimeClasspath,testRuntimeClasspath
io.sqreen:libsqreen:15.0.0=latestDepTestRuntimeClasspath,testRuntimeClasspath
javax.servlet:javax.servlet-api:3.1.0=latestDepTestCompileClasspath,latestDepTestRuntimeClasspath,testCompileClasspath,testRuntimeClasspath
javax.ws.rs:jsr311-api:1.1.1=compileClasspath,latestDepTestCompileClasspath,latestDepTestRuntimeClasspath,testCompileClasspath,testRuntimeClasspath
jaxen:jaxen:1.2.0=spotbugs
jline:jline:2.14.6=latestDepTestRuntimeClasspath,testRuntimeClasspath
junit:junit-dep:4.11=latestDepTestCompileClasspath,latestDepTestRuntimeClasspath,testCompileClasspath,testRuntimeClasspath
junit:junit:4.13.2=latestDepTestCompileClasspath,latestDepTestRuntimeClasspath,testCompileClasspath,testRuntimeClasspath
net.bytebuddy:byte-buddy-agent:1.17.5=compileClasspath,instrumentPluginClasspath,latestDepTestCompileClasspath,latestDepTestRuntimeClasspath,muzzleTooling,runtimeClasspath,testCompileClasspath,testRuntimeClasspath
net.bytebuddy:byte-buddy:1.17.5=compileClasspath,instrumentPluginClasspath,latestDepTestCompileClasspath,latestDepTestRuntimeClasspath,muzzleTooling,runtimeClasspath,testCompileClasspath,testRuntimeClasspath
net.java.dev.jna:jna-platform:5.8.0=instrumentPluginClasspath,latestDepTestRuntimeClasspath,muzzleTooling,runtimeClasspath,testRuntimeClasspath
net.java.dev.jna:jna:5.8.0=instrumentPluginClasspath,latestDepTestRuntimeClasspath,muzzleTooling,runtimeClasspath,testRuntimeClasspath
net.jcip:jcip-annotations:1.0=compileClasspath,latestDepTestCompileClasspath,latestDepTestRuntimeClasspath,spotbugs,testCompileClasspath,testRuntimeClasspath
net.sf.saxon:Saxon-HE:11.4=spotbugs
org.apache.ant:ant-antlr:1.10.12=latestDepTestRuntimeClasspath,testRuntimeClasspath
org.apache.ant:ant-antlr:1.9.15=codenarc
org.apache.ant:ant-junit:1.10.12=latestDepTestRuntimeClasspath,testRuntimeClasspath
org.apache.ant:ant-junit:1.9.15=codenarc
org.apache.ant:ant-launcher:1.10.12=latestDepTestRuntimeClasspath,testRuntimeClasspath
org.apache.ant:ant:1.10.12=latestDepTestCompileClasspath,latestDepTestRuntimeClasspath,testCompileClasspath,testRuntimeClasspath
org.apache.bcel:bcel:6.5.0=spotbugs
org.apache.commons:commons-lang3:3.12.0=spotbugs
org.apache.commons:commons-text:1.10.0=spotbugs
org.apache.httpcomponents.client5:httpclient5:5.1.3=spotbugs
org.apache.httpcomponents.core5:httpcore5-h2:5.1.3=spotbugs
org.apache.httpcomponents.core5:httpcore5:5.1.3=spotbugs
org.apache.logging.log4j:log4j-api:2.19.0=spotbugs
org.apache.logging.log4j:log4j-core:2.19.0=spotbugs
org.apiguardian:apiguardian-api:1.1.2=latestDepTestCompileClasspath,testCompileClasspath
org.checkerframework:checker-qual:2.5.2=annotationProcessor,latestDepTestAnnotationProcessor,testAnnotationProcessor
org.codehaus.groovy:groovy-all:3.0.17=latestDepTestCompileClasspath,latestDepTestRuntimeClasspath,testCompileClasspath,testRuntimeClasspath
org.codehaus.groovy:groovy-ant:2.5.14=codenarc
org.codehaus.groovy:groovy-ant:3.0.17=latestDepTestCompileClasspath,latestDepTestRuntimeClasspath,testCompileClasspath,testRuntimeClasspath
org.codehaus.groovy:groovy-astbuilder:3.0.17=latestDepTestCompileClasspath,latestDepTestRuntimeClasspath,testCompileClasspath,testRuntimeClasspath
org.codehaus.groovy:groovy-cli-picocli:3.0.17=latestDepTestCompileClasspath,latestDepTestRuntimeClasspath,testCompileClasspath,testRuntimeClasspath
org.codehaus.groovy:groovy-console:3.0.17=latestDepTestCompileClasspath,latestDepTestRuntimeClasspath,testCompileClasspath,testRuntimeClasspath
org.codehaus.groovy:groovy-datetime:3.0.17=latestDepTestCompileClasspath,latestDepTestRuntimeClasspath,testCompileClasspath,testRuntimeClasspath
org.codehaus.groovy:groovy-docgenerator:3.0.17=latestDepTestCompileClasspath,latestDepTestRuntimeClasspath,testCompileClasspath,testRuntimeClasspath
org.codehaus.groovy:groovy-groovydoc:2.5.14=codenarc
org.codehaus.groovy:groovy-groovydoc:3.0.17=latestDepTestCompileClasspath,latestDepTestRuntimeClasspath,testCompileClasspath,testRuntimeClasspath
org.codehaus.groovy:groovy-groovysh:3.0.17=latestDepTestCompileClasspath,latestDepTestRuntimeClasspath,testCompileClasspath,testRuntimeClasspath
org.codehaus.groovy:groovy-jmx:3.0.17=latestDepTestCompileClasspath,latestDepTestRuntimeClasspath,testCompileClasspath,testRuntimeClasspath
org.codehaus.groovy:groovy-json:2.5.14=codenarc
org.codehaus.groovy:groovy-json:3.0.17=latestDepTestCompileClasspath,latestDepTestRuntimeClasspath,testCompileClasspath,testRuntimeClasspath
org.codehaus.groovy:groovy-jsr223:3.0.17=latestDepTestCompileClasspath,latestDepTestRuntimeClasspath,testCompileClasspath,testRuntimeClasspath
org.codehaus.groovy:groovy-macro:3.0.17=latestDepTestCompileClasspath,latestDepTestRuntimeClasspath,testCompileClasspath,testRuntimeClasspath
org.codehaus.groovy:groovy-nio:3.0.17=latestDepTestCompileClasspath,latestDepTestRuntimeClasspath,testCompileClasspath,testRuntimeClasspath
org.codehaus.groovy:groovy-servlet:3.0.17=latestDepTestCompileClasspath,latestDepTestRuntimeClasspath,testCompileClasspath,testRuntimeClasspath
org.codehaus.groovy:groovy-sql:3.0.17=latestDepTestCompileClasspath,latestDepTestRuntimeClasspath,testCompileClasspath,testRuntimeClasspath
org.codehaus.groovy:groovy-swing:3.0.17=latestDepTestCompileClasspath,latestDepTestRuntimeClasspath,testCompileClasspath,testRuntimeClasspath
org.codehaus.groovy:groovy-templates:2.5.14=codenarc
org.codehaus.groovy:groovy-templates:3.0.17=latestDepTestCompileClasspath,latestDepTestRuntimeClasspath,testCompileClasspath,testRuntimeClasspath
org.codehaus.groovy:groovy-test-junit5:3.0.17=latestDepTestCompileClasspath,latestDepTestRuntimeClasspath,testCompileClasspath,testRuntimeClasspath
org.codehaus.groovy:groovy-test:3.0.17=latestDepTestCompileClasspath,latestDepTestRuntimeClasspath,testCompileClasspath,testRuntimeClasspath
org.codehaus.groovy:groovy-testng:3.0.17=latestDepTestCompileClasspath,latestDepTestRuntimeClasspath,testCompileClasspath,testRuntimeClasspath
org.codehaus.groovy:groovy-xml:2.5.14=codenarc
org.codehaus.groovy:groovy-xml:3.0.17=latestDepTestCompileClasspath,latestDepTestRuntimeClasspath,testCompileClasspath,testRuntimeClasspath
org.codehaus.groovy:groovy:2.5.14=codenarc
org.codehaus.groovy:groovy:3.0.17=latestDepTestCompileClasspath,latestDepTestRuntimeClasspath,testCompileClasspath,testRuntimeClasspath
org.codehaus.mojo:animal-sniffer-annotations:1.17=annotationProcessor,latestDepTestAnnotationProcessor,testAnnotationProcessor
org.codenarc:CodeNarc:2.2.0=codenarc
org.dom4j:dom4j:2.1.3=spotbugs
org.eclipse.jetty:jetty-http:9.4.56.v20240826=latestDepTestCompileClasspath,latestDepTestRuntimeClasspath,testCompileClasspath,testRuntimeClasspath
org.eclipse.jetty:jetty-io:9.4.56.v20240826=latestDepTestCompileClasspath,latestDepTestRuntimeClasspath,testCompileClasspath,testRuntimeClasspath
org.eclipse.jetty:jetty-server:9.4.56.v20240826=latestDepTestCompileClasspath,latestDepTestRuntimeClasspath,testCompileClasspath,testRuntimeClasspath
org.eclipse.jetty:jetty-util:9.4.56.v20240826=latestDepTestCompileClasspath,latestDepTestRuntimeClasspath,testCompileClasspath,testRuntimeClasspath
org.gmetrics:GMetrics:1.1=codenarc
org.hamcrest:hamcrest-core:1.3=latestDepTestCompileClasspath,latestDepTestRuntimeClasspath,testCompileClasspath,testRuntimeClasspath
org.hamcrest:hamcrest:2.2=latestDepTestCompileClasspath,latestDepTestRuntimeClasspath,testCompileClasspath,testRuntimeClasspath
org.jctools:jctools-core:3.3.0=instrumentPluginClasspath,latestDepTestRuntimeClasspath,muzzleTooling,runtimeClasspath,testRuntimeClasspath
org.junit.jupiter:junit-jupiter-api:5.9.2=latestDepTestCompileClasspath,latestDepTestRuntimeClasspath,testCompileClasspath,testRuntimeClasspath
org.junit.jupiter:junit-jupiter-engine:5.9.2=latestDepTestRuntimeClasspath,testRuntimeClasspath
org.junit.platform:junit-platform-commons:1.9.2=latestDepTestCompileClasspath,latestDepTestRuntimeClasspath,testCompileClasspath,testRuntimeClasspath
org.junit.platform:junit-platform-engine:1.9.2=latestDepTestCompileClasspath,latestDepTestRuntimeClasspath,testCompileClasspath,testRuntimeClasspath
org.junit.platform:junit-platform-launcher:1.9.2=latestDepTestRuntimeClasspath,testRuntimeClasspath
org.junit.platform:junit-platform-runner:1.9.2=latestDepTestRuntimeClasspath,testRuntimeClasspath
org.junit.platform:junit-platform-suite-api:1.9.2=latestDepTestRuntimeClasspath,testRuntimeClasspath
org.junit.platform:junit-platform-suite-commons:1.9.2=latestDepTestRuntimeClasspath,testRuntimeClasspath
org.junit:junit-bom:5.9.1=spotbugs
org.junit:junit-bom:5.9.2=latestDepTestCompileClasspath,latestDepTestRuntimeClasspath,testCompileClasspath,testRuntimeClasspath
org.objenesis:objenesis:3.3=latestDepTestCompileClasspath,latestDepTestRuntimeClasspath,testCompileClasspath,testRuntimeClasspath
org.opentest4j:opentest4j:1.2.0=latestDepTestCompileClasspath,latestDepTestRuntimeClasspath,testCompileClasspath,testRuntimeClasspath
org.ow2.asm:asm-analysis:9.2=instrumentPluginClasspath,latestDepTestRuntimeClasspath,muzzleTooling,runtimeClasspath,testRuntimeClasspath
org.ow2.asm:asm-analysis:9.4=spotbugs
org.ow2.asm:asm-commons:9.2=instrumentPluginClasspath,muzzleTooling,runtimeClasspath
org.ow2.asm:asm-commons:9.4=spotbugs
org.ow2.asm:asm-commons:9.8=latestDepTestRuntimeClasspath,testRuntimeClasspath
org.ow2.asm:asm-tree:9.2=instrumentPluginClasspath,muzzleTooling,runtimeClasspath
org.ow2.asm:asm-tree:9.4=spotbugs
org.ow2.asm:asm-tree:9.8=latestDepTestRuntimeClasspath,testRuntimeClasspath
org.ow2.asm:asm-util:9.2=instrumentPluginClasspath,latestDepTestRuntimeClasspath,muzzleTooling,runtimeClasspath,testRuntimeClasspath
org.ow2.asm:asm-util:9.4=spotbugs
org.ow2.asm:asm:9.2=instrumentPluginClasspath,muzzleTooling,runtimeClasspath
org.ow2.asm:asm:9.4=spotbugs
org.ow2.asm:asm:9.8=latestDepTestRuntimeClasspath,testRuntimeClasspath
org.slf4j:jcl-over-slf4j:1.7.30=latestDepTestCompileClasspath,latestDepTestRuntimeClasspath,testCompileClasspath,testRuntimeClasspath
org.slf4j:jul-to-slf4j:1.7.30=latestDepTestCompileClasspath,latestDepTestRuntimeClasspath,testCompileClasspath,testRuntimeClasspath
org.slf4j:log4j-over-slf4j:1.7.30=latestDepTestCompileClasspath,latestDepTestRuntimeClasspath,testCompileClasspath,testRuntimeClasspath
org.slf4j:slf4j-api:1.7.30=compileClasspath,instrumentPluginClasspath,latestDepTestCompileClasspath,muzzleBootstrap,muzzleTooling,runtimeClasspath,testCompileClasspath
org.slf4j:slf4j-api:1.7.32=latestDepTestRuntimeClasspath,testRuntimeClasspath
org.slf4j:slf4j-api:2.0.0=spotbugs,spotbugsSlf4j
org.slf4j:slf4j-simple:2.0.0=spotbugsSlf4j
org.snakeyaml:snakeyaml-engine:2.9=instrumentPluginClasspath,latestDepTestRuntimeClasspath,muzzleTooling,runtimeClasspath,testRuntimeClasspath
org.spockframework:spock-core:2.3-groovy-3.0=latestDepTestCompileClasspath,latestDepTestRuntimeClasspath,testCompileClasspath,testRuntimeClasspath
org.spockframework:spock-junit4:2.3-groovy-3.0=latestDepTestCompileClasspath,latestDepTestRuntimeClasspath,testCompileClasspath,testRuntimeClasspath
org.testng:testng:7.5=latestDepTestRuntimeClasspath,testRuntimeClasspath
org.webjars:jquery:3.5.1=latestDepTestRuntimeClasspath,testRuntimeClasspath
org.xmlresolver:xmlresolver:4.4.3=spotbugs
xml-apis:xml-apis:1.4.01=spotbugs
empty=spotbugsPlugins
